// !$*UTF8*$!
{
	archiveVersion = 1;
	classes = {
	};
	objectVersion = 39;
	objects = {
		034768DDFF38A45A11DB9C8B = {
			children = (
				4B32DBE0095804D20078710F,
				4B32DCD3095805290078710F,
				4B32DCD90958052A0078710F,
				4B32DCDF0958052A0078710F,
				4B32DCE50958052A0078710F,
			);
			isa = PBXGroup;
			name = Products;
			refType = 4;
			sourceTree = "<group>";
		};
//030
//031
//032
//033
//034
//080
//081
//082
//083
//084
		0867D690FE84028FC02AAC07 = {
			buildSettings = {
			};
			buildStyles = (
				4F0BB7EC011F40E904CA0E50,
				4F0BB7ED011F40E904CA0E50,
			);
			hasScannedForEncodings = 1;
			isa = PBXProject;
			mainGroup = 0867D691FE84028FC02AAC07;
			productRefGroup = 034768DDFF38A45A11DB9C8B;
			projectDirPath = "";
			targets = (
				4B32DCE80958059E0078710F,
				4B32DB6A095804D20078710F,
				4B32DCCF095805290078710F,
				4B32DCD50958052A0078710F,
				4B32DCDB0958052A0078710F,
				4B32DCE10958052A0078710F,
			);
		};
		0867D691FE84028FC02AAC07 = {
			children = (
				D35E68F60608AA8D004DE1A0,
				08FB77ACFE841707C02AAC07,
				089C1665FE841158C02AAC07,
				0867D69AFE84028FC02AAC07,
				034768DDFF38A45A11DB9C8B,
			);
			isa = PBXGroup;
			name = libMusicXML;
			refType = 4;
			sourceTree = "<group>";
		};
		0867D69AFE84028FC02AAC07 = {
			children = (
				D3DC07B40608B9740019C3F5,
			);
			isa = PBXGroup;
			name = "External Frameworks and Libraries";
			refType = 4;
			sourceTree = "<group>";
		};
		089C1665FE841158C02AAC07 = {
			children = (
				089C1666FE841158C02AAC07,
			);
			isa = PBXGroup;
			name = Resources;
			refType = 4;
			sourceTree = "<group>";
		};
		089C1666FE841158C02AAC07 = {
			children = (
				089C1667FE841158C02AAC07,
			);
			isa = PBXVariantGroup;
			name = InfoPlist.strings;
			refType = 4;
			sourceTree = "<group>";
		};
		089C1667FE841158C02AAC07 = {
			fileEncoding = 10;
			isa = PBXFileReference;
			lastKnownFileType = text.plist.strings;
			name = English;
			path = English.lproj/InfoPlist.strings;
			refType = 4;
			sourceTree = "<group>";
		};
		08FB77ACFE841707C02AAC07 = {
			children = (
				D332BFF809D2B36E00AC1357,
				D332BFF909D2B36E00AC1357,
				D332BF9309D2AC4C00AC1357,
				4B15CBAC0665F013009ED0A8,
				D3DC07E40608BB4B0019C3F5,
				D3DC07CC0608BAB50019C3F5,
				D3DC07070608B4F70019C3F5,
				4B68843D0563909E00053105,
				4B6883030563908C00053105,
			);
			isa = PBXGroup;
			name = src;
			refType = 4;
			sourceTree = "<group>";
		};
//080
//081
//082
//083
//084
//4B0
//4B1
//4B2
//4B3
//4B4
		4B15CBAC0665F013009ED0A8 = {
			children = (
				4B15CBB80665F0BF009ED0A8,
			);
			isa = PBXGroup;
			name = ReadWrite;
			refType = 4;
			sourceTree = "<group>";
		};
		4B15CBB80665F0BF009ED0A8 = {
			fileEncoding = 30;
			isa = PBXFileReference;
			lastKnownFileType = sourcecode.cpp.cpp;
			name = ReadWrite.cpp;
			path = ../samples/ReadWrite.cpp;
			refType = 2;
			sourceTree = SOURCE_ROOT;
		};
		4B32DB6A095804D20078710F = {
			buildPhases = (
				4B32DB6B095804D20078710F,
				4B32DBA7095804D20078710F,
				4B32DBA9095804D20078710F,
				4B32DBDD095804D20078710F,
				4B32DBDE095804D20078710F,
			);
			buildRules = (
			);
			buildSettings = {
				DYLIB_COMPATIBILITY_VERSION = 1;
				DYLIB_CURRENT_VERSION = 1;
				FRAMEWORK_SEARCH_PATHS = "";
				FRAMEWORK_VERSION = A;
				HEADER_SEARCH_PATHS = /opt/local/include;
				INFOPLIST_FILE = "Info-libMusicXML.plist";
				INSTALL_PATH = "$(HOME)/Library/Frameworks";
				LIBRARY_SEARCH_PATHS = /opt/local/lib;
				OTHER_CFLAGS = "";
				OTHER_LDFLAGS = "-lexpat";
				PRODUCT_NAME = libMusicXML;
				SECTORDER_FLAGS = "";
				WARNING_CFLAGS = "-Wmost -Wno-four-char-constants -Wno-unknown-pragmas";
				WRAPPER_EXTENSION = framework;
			};
			dependencies = (
			);
			isa = PBXNativeTarget;
			name = LibMusicXML;
			productInstallPath = "$(HOME)/Library/Frameworks";
			productName = libMusicXML;
			productReference = 4B32DBE0095804D20078710F;
			productType = "com.apple.product-type.framework";
		};
		4B32DB6B095804D20078710F = {
			buildActionMask = 2147483647;
			files = (
				4B32DB6C095804D20078710F,
				4B32DB6D095804D20078710F,
				4B32DB6E095804D20078710F,
				4B32DB6F095804D20078710F,
				4B32DB70095804D20078710F,
				4B32DB71095804D20078710F,
				4B32DB72095804D20078710F,
				4B32DB73095804D20078710F,
				4B32DB74095804D20078710F,
				4B32DB75095804D20078710F,
				4B32DB76095804D20078710F,
				4B32DB77095804D20078710F,
				4B32DB78095804D20078710F,
				4B32DB79095804D20078710F,
				4B32DB7A095804D20078710F,
				4B32DB7B095804D20078710F,
				4B32DB7C095804D20078710F,
				4B32DB7D095804D20078710F,
				4B32DB7E095804D20078710F,
				4B32DB7F095804D20078710F,
				4B32DB80095804D20078710F,
				4B32DB81095804D20078710F,
				4B32DB82095804D20078710F,
				4B32DB83095804D20078710F,
				4B32DB84095804D20078710F,
				4B32DB85095804D20078710F,
				4B32DB86095804D20078710F,
				4B32DB87095804D20078710F,
				4B32DB88095804D20078710F,
				4B32DB89095804D20078710F,
				4B32DB8A095804D20078710F,
				4B32DB8B095804D20078710F,
				4B32DB8C095804D20078710F,
				4B32DB8D095804D20078710F,
				4B32DB8E095804D20078710F,
				4B32DB8F095804D20078710F,
				4B32DB90095804D20078710F,
				4B32DB91095804D20078710F,
				4B32DB92095804D20078710F,
				4B32DB93095804D20078710F,
				4B32DB94095804D20078710F,
				4B32DB95095804D20078710F,
				4B32DB96095804D20078710F,
				4B32DB97095804D20078710F,
				4B32DB98095804D20078710F,
				4B32DB99095804D20078710F,
				4B32DB9A095804D20078710F,
				4B32DB9B095804D20078710F,
				4B32DB9C095804D20078710F,
				4B32DB9D095804D20078710F,
				4B32DB9E095804D20078710F,
				4B32DB9F095804D20078710F,
				4B32DBA0095804D20078710F,
				4B32DBA1095804D20078710F,
				4B32DBA2095804D20078710F,
				4B32DBA3095804D20078710F,
				4B32DBA4095804D20078710F,
				4B32DBA5095804D20078710F,
				4B32DBA6095804D20078710F,
				D332BF9609D2AC4C00AC1357,
				D332BF9C09D2AC8A00AC1357,
				D332BFFD09D2B36E00AC1357,
			);
			isa = PBXHeadersBuildPhase;
			runOnlyForDeploymentPostprocessing = 0;
		};
		4B32DB6C095804D20078710F = {
			fileRef = D3B1D043060B3878005BEDC3;
			isa = PBXBuildFile;
			settings = {
				ATTRIBUTES = (
					Public,
				);
			};
		};
		4B32DB6D095804D20078710F = {
			fileRef = D3B1D044060B3878005BEDC3;
			isa = PBXBuildFile;
			settings = {
				ATTRIBUTES = (
					Public,
				);
			};
		};
		4B32DB6E095804D20078710F = {
			fileRef = D3B1D045060B3878005BEDC3;
			isa = PBXBuildFile;
			settings = {
				ATTRIBUTES = (
					Public,
				);
			};
		};
		4B32DB6F095804D20078710F = {
			fileRef = D3B1D046060B3878005BEDC3;
			isa = PBXBuildFile;
			settings = {
				ATTRIBUTES = (
					Public,
				);
			};
		};
		4B32DB70095804D20078710F = {
			fileRef = D3B1D047060B3878005BEDC3;
			isa = PBXBuildFile;
			settings = {
				ATTRIBUTES = (
					Public,
				);
			};
		};
		4B32DB71095804D20078710F = {
			fileRef = D3B1D048060B3878005BEDC3;
			isa = PBXBuildFile;
			settings = {
				ATTRIBUTES = (
					Public,
				);
			};
		};
		4B32DB72095804D20078710F = {
			fileRef = D3B1D049060B3878005BEDC3;
			isa = PBXBuildFile;
			settings = {
				ATTRIBUTES = (
					Public,
				);
			};
		};
		4B32DB73095804D20078710F = {
			fileRef = D3B1D04A060B3878005BEDC3;
			isa = PBXBuildFile;
			settings = {
				ATTRIBUTES = (
					Public,
				);
			};
		};
		4B32DB74095804D20078710F = {
			fileRef = D3B1D04B060B3878005BEDC3;
			isa = PBXBuildFile;
			settings = {
				ATTRIBUTES = (
					Public,
				);
			};
		};
		4B32DB75095804D20078710F = {
			fileRef = D3B1D04C060B3878005BEDC3;
			isa = PBXBuildFile;
			settings = {
				ATTRIBUTES = (
					Public,
				);
			};
		};
		4B32DB76095804D20078710F = {
			fileRef = D3B1D04D060B3878005BEDC3;
			isa = PBXBuildFile;
			settings = {
				ATTRIBUTES = (
					Public,
				);
			};
		};
		4B32DB77095804D20078710F = {
			fileRef = D3B1D04E060B3878005BEDC3;
			isa = PBXBuildFile;
			settings = {
				ATTRIBUTES = (
					Public,
				);
			};
		};
		4B32DB78095804D20078710F = {
			fileRef = D3B1D04F060B3878005BEDC3;
			isa = PBXBuildFile;
			settings = {
				ATTRIBUTES = (
					Public,
				);
			};
		};
		4B32DB79095804D20078710F = {
			fileRef = D3B1D050060B3878005BEDC3;
			isa = PBXBuildFile;
			settings = {
				ATTRIBUTES = (
					Public,
				);
			};
		};
		4B32DB7A095804D20078710F = {
			fileRef = D3B1D051060B3878005BEDC3;
			isa = PBXBuildFile;
			settings = {
				ATTRIBUTES = (
					Public,
				);
			};
		};
		4B32DB7B095804D20078710F = {
			fileRef = D3B1D052060B3878005BEDC3;
			isa = PBXBuildFile;
			settings = {
				ATTRIBUTES = (
					Public,
				);
			};
		};
		4B32DB7C095804D20078710F = {
			fileRef = D3B1D053060B3878005BEDC3;
			isa = PBXBuildFile;
			settings = {
				ATTRIBUTES = (
					Public,
				);
			};
		};
		4B32DB7D095804D20078710F = {
			fileRef = D3B1D054060B3878005BEDC3;
			isa = PBXBuildFile;
			settings = {
				ATTRIBUTES = (
					Public,
				);
			};
		};
		4B32DB7E095804D20078710F = {
			fileRef = D3B1D055060B3878005BEDC3;
			isa = PBXBuildFile;
			settings = {
				ATTRIBUTES = (
					Public,
				);
			};
		};
		4B32DB7F095804D20078710F = {
			fileRef = D3B1D056060B3878005BEDC3;
			isa = PBXBuildFile;
			settings = {
				ATTRIBUTES = (
					Public,
				);
			};
		};
		4B32DB80095804D20078710F = {
			fileRef = D3B1D057060B3878005BEDC3;
			isa = PBXBuildFile;
			settings = {
				ATTRIBUTES = (
					Public,
				);
			};
		};
		4B32DB81095804D20078710F = {
			fileRef = D3B1D058060B3878005BEDC3;
			isa = PBXBuildFile;
			settings = {
				ATTRIBUTES = (
					Public,
				);
			};
		};
		4B32DB82095804D20078710F = {
			fileRef = D3B1D059060B3878005BEDC3;
			isa = PBXBuildFile;
			settings = {
				ATTRIBUTES = (
					Public,
				);
			};
		};
		4B32DB83095804D20078710F = {
			fileRef = D3B1D05A060B3878005BEDC3;
			isa = PBXBuildFile;
			settings = {
				ATTRIBUTES = (
					Public,
				);
			};
		};
		4B32DB84095804D20078710F = {
			fileRef = D3B1D05B060B3878005BEDC3;
			isa = PBXBuildFile;
			settings = {
				ATTRIBUTES = (
					Public,
				);
			};
		};
		4B32DB85095804D20078710F = {
			fileRef = D3B1D05C060B3878005BEDC3;
			isa = PBXBuildFile;
			settings = {
				ATTRIBUTES = (
					Public,
				);
			};
		};
		4B32DB86095804D20078710F = {
			fileRef = D3B1D05D060B3878005BEDC3;
			isa = PBXBuildFile;
			settings = {
				ATTRIBUTES = (
					Public,
				);
			};
		};
		4B32DB87095804D20078710F = {
			fileRef = D3B1D05E060B3878005BEDC3;
			isa = PBXBuildFile;
			settings = {
				ATTRIBUTES = (
					Public,
				);
			};
		};
		4B32DB88095804D20078710F = {
			fileRef = D3B1D05F060B3878005BEDC3;
			isa = PBXBuildFile;
			settings = {
				ATTRIBUTES = (
					Public,
				);
			};
		};
		4B32DB89095804D20078710F = {
			fileRef = D3B1D060060B3878005BEDC3;
			isa = PBXBuildFile;
			settings = {
				ATTRIBUTES = (
					Public,
				);
			};
		};
		4B32DB8A095804D20078710F = {
			fileRef = D3B1D061060B3878005BEDC3;
			isa = PBXBuildFile;
			settings = {
				ATTRIBUTES = (
					Public,
				);
			};
		};
		4B32DB8B095804D20078710F = {
			fileRef = D3B1D062060B3878005BEDC3;
			isa = PBXBuildFile;
			settings = {
				ATTRIBUTES = (
					Public,
				);
			};
		};
		4B32DB8C095804D20078710F = {
			fileRef = D3B1D063060B3878005BEDC3;
			isa = PBXBuildFile;
			settings = {
				ATTRIBUTES = (
					Public,
				);
			};
		};
		4B32DB8D095804D20078710F = {
			fileRef = D3B1D064060B3878005BEDC3;
			isa = PBXBuildFile;
			settings = {
				ATTRIBUTES = (
					Public,
				);
			};
		};
		4B32DB8E095804D20078710F = {
			fileRef = D3B1D065060B3878005BEDC3;
			isa = PBXBuildFile;
			settings = {
				ATTRIBUTES = (
					Public,
				);
			};
		};
		4B32DB8F095804D20078710F = {
			fileRef = D3B1D066060B3878005BEDC3;
			isa = PBXBuildFile;
			settings = {
				ATTRIBUTES = (
					Public,
				);
			};
		};
		4B32DB90095804D20078710F = {
			fileRef = D3B1D067060B3878005BEDC3;
			isa = PBXBuildFile;
			settings = {
				ATTRIBUTES = (
					Public,
				);
			};
		};
		4B32DB91095804D20078710F = {
			fileRef = D3B1D068060B3878005BEDC3;
			isa = PBXBuildFile;
			settings = {
				ATTRIBUTES = (
					Public,
				);
			};
		};
		4B32DB92095804D20078710F = {
			fileRef = D3B1D069060B3878005BEDC3;
			isa = PBXBuildFile;
			settings = {
				ATTRIBUTES = (
					Public,
				);
			};
		};
		4B32DB93095804D20078710F = {
			fileRef = D3B1D06A060B3878005BEDC3;
			isa = PBXBuildFile;
			settings = {
				ATTRIBUTES = (
					Public,
				);
			};
		};
		4B32DB94095804D20078710F = {
			fileRef = D3B1D06B060B3878005BEDC3;
			isa = PBXBuildFile;
			settings = {
				ATTRIBUTES = (
					Public,
				);
			};
		};
		4B32DB95095804D20078710F = {
			fileRef = D3B1D06C060B3878005BEDC3;
			isa = PBXBuildFile;
			settings = {
				ATTRIBUTES = (
					Public,
				);
			};
		};
		4B32DB96095804D20078710F = {
			fileRef = D3B1D06D060B3878005BEDC3;
			isa = PBXBuildFile;
			settings = {
				ATTRIBUTES = (
					Public,
				);
			};
		};
		4B32DB97095804D20078710F = {
			fileRef = D3B1D06E060B3878005BEDC3;
			isa = PBXBuildFile;
			settings = {
				ATTRIBUTES = (
					Public,
				);
			};
		};
		4B32DB98095804D20078710F = {
			fileRef = D3B1D06F060B3878005BEDC3;
			isa = PBXBuildFile;
			settings = {
				ATTRIBUTES = (
					Public,
				);
			};
		};
		4B32DB99095804D20078710F = {
			fileRef = D3B1D070060B3878005BEDC3;
			isa = PBXBuildFile;
			settings = {
				ATTRIBUTES = (
					Public,
				);
			};
		};
		4B32DB9A095804D20078710F = {
			fileRef = D3B1D071060B3878005BEDC3;
			isa = PBXBuildFile;
			settings = {
				ATTRIBUTES = (
					Public,
				);
			};
		};
		4B32DB9B095804D20078710F = {
			fileRef = D3B1D072060B3878005BEDC3;
			isa = PBXBuildFile;
			settings = {
				ATTRIBUTES = (
					Public,
				);
			};
		};
		4B32DB9C095804D20078710F = {
			fileRef = D390F267066C8894003A07DE;
			isa = PBXBuildFile;
			settings = {
				ATTRIBUTES = (
					Public,
				);
			};
		};
		4B32DB9D095804D20078710F = {
			fileRef = D378BB30068C76C200430935;
			isa = PBXBuildFile;
			settings = {
				ATTRIBUTES = (
					Public,
				);
			};
		};
		4B32DB9E095804D20078710F = {
			fileRef = D32284B7068F548E001E0F38;
			isa = PBXBuildFile;
			settings = {
				ATTRIBUTES = (
					Public,
				);
			};
		};
		4B32DB9F095804D20078710F = {
			fileRef = D321A3940693263F00E2CE72;
			isa = PBXBuildFile;
			settings = {
				ATTRIBUTES = (
					Public,
				);
			};
		};
		4B32DBA0095804D20078710F = {
			fileRef = D31B9D30069336070084950A;
			isa = PBXBuildFile;
			settings = {
				ATTRIBUTES = (
					Public,
				);
			};
		};
		4B32DBA1095804D20078710F = {
			fileRef = D31B9D42069347070084950A;
			isa = PBXBuildFile;
			settings = {
				ATTRIBUTES = (
					Public,
				);
			};
		};
		4B32DBA2095804D20078710F = {
			fileRef = D3E9A80A0695A57800C359FF;
			isa = PBXBuildFile;
			settings = {
				ATTRIBUTES = (
					Public,
				);
			};
		};
		4B32DBA3095804D20078710F = {
			fileRef = D3E9A8260695C1C200C359FF;
			isa = PBXBuildFile;
			settings = {
				ATTRIBUTES = (
					Public,
				);
			};
		};
		4B32DBA4095804D20078710F = {
			fileRef = D31608600713343200BFD13D;
			isa = PBXBuildFile;
			settings = {
			};
		};
		4B32DBA5095804D20078710F = {
			fileRef = D31608610713343200BFD13D;
			isa = PBXBuildFile;
			settings = {
			};
		};
		4B32DBA6095804D20078710F = {
			fileRef = D317A3E707146AE2001E21A6;
			isa = PBXBuildFile;
			settings = {
				ATTRIBUTES = (
					Public,
				);
			};
		};
		4B32DBA7095804D20078710F = {
			buildActionMask = 2147483647;
			files = (
				4B32DBA8095804D20078710F,
			);
			isa = PBXResourcesBuildPhase;
			runOnlyForDeploymentPostprocessing = 0;
		};
		4B32DBA8095804D20078710F = {
			fileRef = 089C1666FE841158C02AAC07;
			isa = PBXBuildFile;
			settings = {
			};
		};
		4B32DBA9095804D20078710F = {
			buildActionMask = 2147483647;
			files = (
				4B32DBAA095804D20078710F,
				4B32DBAB095804D20078710F,
				4B32DBAC095804D20078710F,
				4B32DBAD095804D20078710F,
				4B32DBAE095804D20078710F,
				4B32DBAF095804D20078710F,
				4B32DBB0095804D20078710F,
				4B32DBB1095804D20078710F,
				4B32DBB2095804D20078710F,
				4B32DBB3095804D20078710F,
				4B32DBB4095804D20078710F,
				4B32DBB5095804D20078710F,
				4B32DBB6095804D20078710F,
				4B32DBB7095804D20078710F,
				4B32DBB8095804D20078710F,
				4B32DBB9095804D20078710F,
				4B32DBBA095804D20078710F,
				4B32DBBB095804D20078710F,
				4B32DBBC095804D20078710F,
				4B32DBBD095804D20078710F,
				4B32DBBE095804D20078710F,
				4B32DBBF095804D20078710F,
				4B32DBC0095804D20078710F,
				4B32DBC1095804D20078710F,
				4B32DBC2095804D20078710F,
				4B32DBC3095804D20078710F,
				4B32DBC4095804D20078710F,
				4B32DBC5095804D20078710F,
				4B32DBC6095804D20078710F,
				4B32DBC7095804D20078710F,
				4B32DBC8095804D20078710F,
				4B32DBC9095804D20078710F,
				4B32DBCA095804D20078710F,
				4B32DBCB095804D20078710F,
				4B32DBCC095804D20078710F,
				4B32DBCD095804D20078710F,
				4B32DBCE095804D20078710F,
				4B32DBCF095804D20078710F,
				4B32DBD0095804D20078710F,
				4B32DBD1095804D20078710F,
				4B32DBD2095804D20078710F,
				4B32DBD3095804D20078710F,
				4B32DBD4095804D20078710F,
				4B32DBD5095804D20078710F,
				4B32DBD6095804D20078710F,
				4B32DBD7095804D20078710F,
				4B32DBD8095804D20078710F,
				4B32DBD9095804D20078710F,
				4B32DBDA095804D20078710F,
				4B32DBDB095804D20078710F,
				4B32DBDC095804D20078710F,
				D332BF9509D2AC4C00AC1357,
				D332BFFB09D2B36E00AC1357,
				D332BFFC09D2B36E00AC1357,
			);
			isa = PBXSourcesBuildPhase;
			runOnlyForDeploymentPostprocessing = 0;
		};
		4B32DBAA095804D20078710F = {
			fileRef = 4B6883070563908C00053105;
			isa = PBXBuildFile;
			settings = {
			};
		};
		4B32DBAB095804D20078710F = {
			fileRef = 4B6883090563908C00053105;
			isa = PBXBuildFile;
			settings = {
			};
		};
		4B32DBAC095804D20078710F = {
			fileRef = 4B68830F0563908C00053105;
			isa = PBXBuildFile;
			settings = {
			};
		};
		4B32DBAD095804D20078710F = {
			fileRef = 4B6883110563908C00053105;
			isa = PBXBuildFile;
			settings = {
			};
		};
		4B32DBAE095804D20078710F = {
			fileRef = 4B6883130563908C00053105;
			isa = PBXBuildFile;
			settings = {
			};
		};
		4B32DBAF095804D20078710F = {
			fileRef = 4B6883150563908C00053105;
			isa = PBXBuildFile;
			settings = {
			};
		};
		4B32DBB0095804D20078710F = {
			fileRef = 4B6883170563908C00053105;
			isa = PBXBuildFile;
			settings = {
			};
		};
		4B32DBB1095804D20078710F = {
			fileRef = 4B6883190563908C00053105;
			isa = PBXBuildFile;
			settings = {
			};
		};
		4B32DBB2095804D20078710F = {
			fileRef = 4B68831B0563908C00053105;
			isa = PBXBuildFile;
			settings = {
			};
		};
		4B32DBB3095804D20078710F = {
			fileRef = 4B68831D0563908C00053105;
			isa = PBXBuildFile;
			settings = {
			};
		};
		4B32DBB4095804D20078710F = {
			fileRef = 4B68831F0563908C00053105;
			isa = PBXBuildFile;
			settings = {
			};
		};
		4B32DBB5095804D20078710F = {
			fileRef = 4B6883210563908C00053105;
			isa = PBXBuildFile;
			settings = {
			};
		};
		4B32DBB6095804D20078710F = {
			fileRef = 4B6883230563908C00053105;
			isa = PBXBuildFile;
			settings = {
			};
		};
		4B32DBB7095804D20078710F = {
			fileRef = 4B6883290563908C00053105;
			isa = PBXBuildFile;
			settings = {
			};
		};
		4B32DBB8095804D20078710F = {
			fileRef = 4B68832B0563908C00053105;
			isa = PBXBuildFile;
			settings = {
			};
		};
		4B32DBB9095804D20078710F = {
			fileRef = 4B68832D0563908C00053105;
			isa = PBXBuildFile;
			settings = {
			};
		};
		4B32DBBA095804D20078710F = {
			fileRef = 4B68832F0563908C00053105;
			isa = PBXBuildFile;
			settings = {
			};
		};
		4B32DBBB095804D20078710F = {
			fileRef = 4B6883310563908C00053105;
			isa = PBXBuildFile;
			settings = {
			};
		};
		4B32DBBC095804D20078710F = {
			fileRef = 4B6883330563908C00053105;
			isa = PBXBuildFile;
			settings = {
			};
		};
		4B32DBBD095804D20078710F = {
			fileRef = 4B6883350563908C00053105;
			isa = PBXBuildFile;
			settings = {
			};
		};
		4B32DBBE095804D20078710F = {
			fileRef = 4B6883370563908C00053105;
			isa = PBXBuildFile;
			settings = {
			};
		};
		4B32DBBF095804D20078710F = {
			fileRef = 4B6883390563908C00053105;
			isa = PBXBuildFile;
			settings = {
			};
		};
		4B32DBC0095804D20078710F = {
			fileRef = 4B68833B0563908C00053105;
			isa = PBXBuildFile;
			settings = {
			};
		};
		4B32DBC1095804D20078710F = {
			fileRef = 4B68833D0563908C00053105;
			isa = PBXBuildFile;
			settings = {
			};
		};
		4B32DBC2095804D20078710F = {
			fileRef = 4B68833F0563908C00053105;
			isa = PBXBuildFile;
			settings = {
			};
		};
		4B32DBC3095804D20078710F = {
			fileRef = 4B6883410563908C00053105;
			isa = PBXBuildFile;
			settings = {
			};
		};
		4B32DBC4095804D20078710F = {
			fileRef = 4B6883430563908C00053105;
			isa = PBXBuildFile;
			settings = {
			};
		};
		4B32DBC5095804D20078710F = {
			fileRef = 4B6883460563908C00053105;
			isa = PBXBuildFile;
			settings = {
			};
		};
		4B32DBC6095804D20078710F = {
			fileRef = 4B6883480563908C00053105;
			isa = PBXBuildFile;
			settings = {
			};
		};
		4B32DBC7095804D20078710F = {
			fileRef = 4B68834A0563908C00053105;
			isa = PBXBuildFile;
			settings = {
			};
		};
		4B32DBC8095804D20078710F = {
			fileRef = 4B68834C0563908C00053105;
			isa = PBXBuildFile;
			settings = {
			};
		};
		4B32DBC9095804D20078710F = {
			fileRef = 4B68834E0563908C00053105;
			isa = PBXBuildFile;
			settings = {
			};
		};
		4B32DBCA095804D20078710F = {
			fileRef = 4B6883500563908C00053105;
			isa = PBXBuildFile;
			settings = {
			};
		};
		4B32DBCB095804D20078710F = {
			fileRef = 4B68843F0563909E00053105;
			isa = PBXBuildFile;
			settings = {
			};
		};
		4B32DBCC095804D20078710F = {
			fileRef = 4BA6DAF905753C4300053105;
			isa = PBXBuildFile;
			settings = {
			};
		};
		4B32DBCD095804D20078710F = {
			fileRef = 4BA6DAFB05753C4300053105;
			isa = PBXBuildFile;
			settings = {
			};
		};
		4B32DBCE095804D20078710F = {
			fileRef = 4BF9614805753DC600053105;
			isa = PBXBuildFile;
			settings = {
			};
		};
		4B32DBCF095804D20078710F = {
			fileRef = 4BF9614C05753DEC00053105;
			isa = PBXBuildFile;
			settings = {
			};
		};
		4B32DBD0095804D20078710F = {
			fileRef = D35E66EE0608A6F0004DE1A0;
			isa = PBXBuildFile;
			settings = {
			};
		};
		4B32DBD1095804D20078710F = {
			fileRef = 4BD0623D05C668670064F8DE;
			isa = PBXBuildFile;
			settings = {
			};
		};
		4B32DBD2095804D20078710F = {
			fileRef = 4B68844C0563909E00053105;
			isa = PBXBuildFile;
			settings = {
			};
		};
		4B32DBD3095804D20078710F = {
			fileRef = 4BD0624505C668760064F8DE;
			isa = PBXBuildFile;
			settings = {
			};
		};
		4B32DBD4095804D20078710F = {
			fileRef = D390F263066C87D0003A07DE;
			isa = PBXBuildFile;
			settings = {
			};
		};
		4B32DBD5095804D20078710F = {
			fileRef = D378BB32068C76F400430935;
			isa = PBXBuildFile;
			settings = {
			};
		};
		4B32DBD6095804D20078710F = {
			fileRef = D32284B9068F54C2001E0F38;
			isa = PBXBuildFile;
			settings = {
			};
		};
		4B32DBD7095804D20078710F = {
			fileRef = D321A3960693265D00E2CE72;
			isa = PBXBuildFile;
			settings = {
			};
		};
		4B32DBD8095804D20078710F = {
			fileRef = D31B9D32069336280084950A;
			isa = PBXBuildFile;
			settings = {
			};
		};
		4B32DBD9095804D20078710F = {
			fileRef = D31B9D44069347500084950A;
			isa = PBXBuildFile;
			settings = {
			};
		};
		4B32DBDA095804D20078710F = {
			fileRef = D3E9A80C0695A5B000C359FF;
			isa = PBXBuildFile;
			settings = {
			};
		};
		4B32DBDB095804D20078710F = {
			fileRef = D3E9A8280695C1EC00C359FF;
			isa = PBXBuildFile;
			settings = {
			};
		};
		4B32DBDC095804D20078710F = {
			fileRef = D316D16A0713FF4300C7437E;
			isa = PBXBuildFile;
			settings = {
			};
		};
		4B32DBDD095804D20078710F = {
			buildActionMask = 2147483647;
			files = (
			);
			isa = PBXFrameworksBuildPhase;
			runOnlyForDeploymentPostprocessing = 0;
		};
		4B32DBDE095804D20078710F = {
			buildActionMask = 2147483647;
			files = (
			);
			isa = PBXRezBuildPhase;
			runOnlyForDeploymentPostprocessing = 0;
		};
		4B32DBE0095804D20078710F = {
			explicitFileType = wrapper.framework;
			includeInIndex = 0;
			isa = PBXFileReference;
			path = libMusicXML.framework;
			refType = 3;
			sourceTree = BUILT_PRODUCTS_DIR;
		};
		4B32DCCF095805290078710F = {
			buildPhases = (
				4B32DCD0095805290078710F,
				4B32DCD1095805290078710F,
			);
			buildRules = (
			);
			buildSettings = {
				GCC_WARN_FOUR_CHARACTER_CONSTANTS = NO;
				GCC_WARN_UNKNOWN_PRAGMAS = NO;
				INSTALL_PATH = /usr/local/bin;
				OTHER_CFLAGS = "";
				OTHER_LDFLAGS = "-framework libMusicXML";
				OTHER_REZFLAGS = "";
				PRODUCT_NAME = musicXML2guido;
				SECTORDER_FLAGS = "";
				WARNING_CFLAGS = "-Wmost";
				ZERO_LINK = NO;
			};
			dependencies = (
			);
			isa = PBXNativeTarget;
			name = musicXML2guido;
			productName = musicXML2guido;
			productReference = 4B32DCD3095805290078710F;
			productType = "com.apple.product-type.tool";
		};
		4B32DCD0095805290078710F = {
			buildActionMask = 2147483647;
			files = (
			);
			isa = PBXHeadersBuildPhase;
			runOnlyForDeploymentPostprocessing = 0;
		};
		4B32DCD1095805290078710F = {
			buildActionMask = 2147483647;
			files = (
				4B32DCD2095805290078710F,
			);
			isa = PBXSourcesBuildPhase;
			runOnlyForDeploymentPostprocessing = 0;
		};
		4B32DCD2095805290078710F = {
			fileRef = D3DC070D0608B5190019C3F5;
			isa = PBXBuildFile;
			settings = {
			};
		};
		4B32DCD3095805290078710F = {
			explicitFileType = "compiled.mach-o.executable";
			includeInIndex = 0;
			isa = PBXFileReference;
			path = musicXML2guido;
			refType = 3;
			sourceTree = BUILT_PRODUCTS_DIR;
		};
		4B32DCD50958052A0078710F = {
			buildPhases = (
				4B32DCD60958052A0078710F,
				4B32DCD70958052A0078710F,
			);
			buildRules = (
			);
			buildSettings = {
				GCC_WARN_FOUR_CHARACTER_CONSTANTS = NO;
				GCC_WARN_UNKNOWN_PRAGMAS = NO;
				INSTALL_PATH = /usr/local/bin;
				OTHER_CFLAGS = "";
				OTHER_LDFLAGS = "-framework libMusicXML";
				OTHER_REZFLAGS = "";
				PRODUCT_NAME = randomMusic;
				SECTORDER_FLAGS = "";
				WARNING_CFLAGS = "-Wmost";
				ZERO_LINK = NO;
			};
			dependencies = (
			);
			isa = PBXNativeTarget;
			name = randomMusic;
			productName = randomMusic;
			productReference = 4B32DCD90958052A0078710F;
			productType = "com.apple.product-type.tool";
		};
		4B32DCD60958052A0078710F = {
			buildActionMask = 2147483647;
			files = (
			);
			isa = PBXHeadersBuildPhase;
			runOnlyForDeploymentPostprocessing = 0;
		};
		4B32DCD70958052A0078710F = {
			buildActionMask = 2147483647;
			files = (
				4B32DCD80958052A0078710F,
			);
			isa = PBXSourcesBuildPhase;
			runOnlyForDeploymentPostprocessing = 0;
		};
		4B32DCD80958052A0078710F = {
			fileRef = D3DC07D00608BAD80019C3F5;
			isa = PBXBuildFile;
			settings = {
			};
		};
		4B32DCD90958052A0078710F = {
			explicitFileType = "compiled.mach-o.executable";
			includeInIndex = 0;
			isa = PBXFileReference;
			path = randomMusic;
			refType = 3;
			sourceTree = BUILT_PRODUCTS_DIR;
		};
		4B32DCDB0958052A0078710F = {
			buildPhases = (
				4B32DCDC0958052A0078710F,
				4B32DCDD0958052A0078710F,
			);
			buildRules = (
			);
			buildSettings = {
				GCC_WARN_FOUR_CHARACTER_CONSTANTS = NO;
				GCC_WARN_UNKNOWN_PRAGMAS = NO;
				INSTALL_PATH = /usr/local/bin;
				OTHER_CFLAGS = "";
				OTHER_LDFLAGS = "-framework libMusicXML";
				OTHER_REZFLAGS = "";
				PRODUCT_NAME = rawTranspose;
				SECTORDER_FLAGS = "";
				WARNING_CFLAGS = "-Wmost";
			};
			dependencies = (
			);
			isa = PBXNativeTarget;
			name = rawTranspose;
			productName = rawTranspose;
			productReference = 4B32DCDF0958052A0078710F;
			productType = "com.apple.product-type.tool";
		};
		4B32DCDC0958052A0078710F = {
			buildActionMask = 2147483647;
			files = (
			);
			isa = PBXHeadersBuildPhase;
			runOnlyForDeploymentPostprocessing = 0;
		};
		4B32DCDD0958052A0078710F = {
			buildActionMask = 2147483647;
			files = (
				4B32DCDE0958052A0078710F,
			);
			isa = PBXSourcesBuildPhase;
			runOnlyForDeploymentPostprocessing = 0;
		};
		4B32DCDE0958052A0078710F = {
			fileRef = D3DC07E80608BB630019C3F5;
			isa = PBXBuildFile;
			settings = {
			};
		};
		4B32DCDF0958052A0078710F = {
			explicitFileType = "compiled.mach-o.executable";
			includeInIndex = 0;
			isa = PBXFileReference;
			path = rawTranspose;
			refType = 3;
			sourceTree = BUILT_PRODUCTS_DIR;
		};
		4B32DCE10958052A0078710F = {
			buildPhases = (
				4B32DCE20958052A0078710F,
				4B32DCE30958052A0078710F,
			);
			buildRules = (
			);
			buildSettings = {
				GCC_WARN_FOUR_CHARACTER_CONSTANTS = NO;
				GCC_WARN_UNKNOWN_PRAGMAS = NO;
				INSTALL_PATH = /usr/local/bin;
				OTHER_CFLAGS = "";
				OTHER_LDFLAGS = "-framework libMusicXML";
				OTHER_REZFLAGS = "";
				PRODUCT_NAME = ReadWrite;
				SECTORDER_FLAGS = "";
				WARNING_CFLAGS = "-Wmost";
			};
			dependencies = (
			);
			isa = PBXNativeTarget;
			name = ReadWrite;
			productName = ReadWrite;
			productReference = 4B32DCE50958052A0078710F;
			productType = "com.apple.product-type.tool";
		};
		4B32DCE20958052A0078710F = {
			buildActionMask = 2147483647;
			files = (
			);
			isa = PBXHeadersBuildPhase;
			runOnlyForDeploymentPostprocessing = 0;
		};
		4B32DCE30958052A0078710F = {
			buildActionMask = 2147483647;
			files = (
				4B32DCE40958052A0078710F,
			);
			isa = PBXSourcesBuildPhase;
			runOnlyForDeploymentPostprocessing = 0;
		};
		4B32DCE40958052A0078710F = {
			fileRef = 4B15CBB80665F0BF009ED0A8;
			isa = PBXBuildFile;
			settings = {
			};
		};
		4B32DCE50958052A0078710F = {
			explicitFileType = "compiled.mach-o.executable";
			includeInIndex = 0;
			isa = PBXFileReference;
			path = ReadWrite;
			refType = 3;
			sourceTree = BUILT_PRODUCTS_DIR;
		};
		4B32DCE80958059E0078710F = {
			buildPhases = (
			);
			buildSettings = {
				OTHER_CFLAGS = "";
				OTHER_LDFLAGS = "";
				OTHER_REZFLAGS = "";
				PRODUCT_NAME = All;
				SECTORDER_FLAGS = "";
				WARNING_CFLAGS = "-Wmost -Wno-four-char-constants -Wno-unknown-pragmas";
			};
			dependencies = (
				4B32DCEA095805BC0078710F,
				4B32DCEC095805BC0078710F,
				4B32DCEE095805BC0078710F,
				4B32DCF0095805BC0078710F,
				4B32DCF2095805BC0078710F,
			);
			isa = PBXAggregateTarget;
			name = All;
			productName = All;
		};
		4B32DCE9095805BC0078710F = {
			containerPortal = 0867D690FE84028FC02AAC07;
			isa = PBXContainerItemProxy;
			proxyType = 1;
			remoteGlobalIDString = 4B32DB6A095804D20078710F;
			remoteInfo = LibMusicXML;
		};
		4B32DCEA095805BC0078710F = {
			isa = PBXTargetDependency;
			target = 4B32DB6A095804D20078710F;
			targetProxy = 4B32DCE9095805BC0078710F;
		};
		4B32DCEB095805BC0078710F = {
			containerPortal = 0867D690FE84028FC02AAC07;
			isa = PBXContainerItemProxy;
			proxyType = 1;
			remoteGlobalIDString = 4B32DCCF095805290078710F;
			remoteInfo = musicXML2guido;
		};
		4B32DCEC095805BC0078710F = {
			isa = PBXTargetDependency;
			target = 4B32DCCF095805290078710F;
			targetProxy = 4B32DCEB095805BC0078710F;
		};
		4B32DCED095805BC0078710F = {
			containerPortal = 0867D690FE84028FC02AAC07;
			isa = PBXContainerItemProxy;
			proxyType = 1;
			remoteGlobalIDString = 4B32DCD50958052A0078710F;
			remoteInfo = randomMusic;
		};
		4B32DCEE095805BC0078710F = {
			isa = PBXTargetDependency;
			target = 4B32DCD50958052A0078710F;
			targetProxy = 4B32DCED095805BC0078710F;
		};
		4B32DCEF095805BC0078710F = {
			containerPortal = 0867D690FE84028FC02AAC07;
			isa = PBXContainerItemProxy;
			proxyType = 1;
			remoteGlobalIDString = 4B32DCDB0958052A0078710F;
			remoteInfo = rawTranspose;
		};
		4B32DCF0095805BC0078710F = {
			isa = PBXTargetDependency;
			target = 4B32DCDB0958052A0078710F;
			targetProxy = 4B32DCEF095805BC0078710F;
		};
		4B32DCF1095805BC0078710F = {
			containerPortal = 0867D690FE84028FC02AAC07;
			isa = PBXContainerItemProxy;
			proxyType = 1;
			remoteGlobalIDString = 4B32DCE10958052A0078710F;
			remoteInfo = ReadWrite;
		};
		4B32DCF2095805BC0078710F = {
			isa = PBXTargetDependency;
			target = 4B32DCE10958052A0078710F;
			targetProxy = 4B32DCF1095805BC0078710F;
		};
		4B6883030563908C00053105 = {
			children = (
				4B6883070563908C00053105,
				4B6883090563908C00053105,
				4BA6DAF905753C4300053105,
				4BA6DAFB05753C4300053105,
				4BF9614805753DC600053105,
				D321A3960693265D00E2CE72,
				4B68830F0563908C00053105,
				4B6883110563908C00053105,
				4B6883130563908C00053105,
				4B6883150563908C00053105,
				4B6883170563908C00053105,
				4B6883190563908C00053105,
				D31B9D32069336280084950A,
				D316D16A0713FF4300C7437E,
				4B68831B0563908C00053105,
				4B68831D0563908C00053105,
				4B68831F0563908C00053105,
				D31B9D44069347500084950A,
				4B6883210563908C00053105,
				4B6883230563908C00053105,
				4BF9614C05753DEC00053105,
				4B6883290563908C00053105,
				4B68832B0563908C00053105,
				D378BB32068C76F400430935,
				D3E9A8280695C1EC00C359FF,
				4B68832D0563908C00053105,
				4B68832F0563908C00053105,
				4B6883310563908C00053105,
				4B6883330563908C00053105,
				4B6883350563908C00053105,
				4B6883370563908C00053105,
				4B6883390563908C00053105,
				4B68833B0563908C00053105,
				4B68833D0563908C00053105,
				4B68833F0563908C00053105,
				4B6883410563908C00053105,
				4B6883430563908C00053105,
				4B6883460563908C00053105,
				D3E9A80C0695A5B000C359FF,
				D32284B9068F54C2001E0F38,
				4B6883480563908C00053105,
				4B68834A0563908C00053105,
				4B68834C0563908C00053105,
				4B68834E0563908C00053105,
				4B6883500563908C00053105,
			);
			isa = PBXGroup;
			name = core;
			path = ../core;
			refType = 2;
			sourceTree = SOURCE_ROOT;
		};
		4B6883070563908C00053105 = {
			fileEncoding = 30;
			isa = PBXFileReference;
			lastKnownFileType = sourcecode.cpp.cpp;
			path = common.cpp;
			refType = 4;
			sourceTree = "<group>";
		};
		4B6883090563908C00053105 = {
			fileEncoding = 30;
			isa = PBXFileReference;
			lastKnownFileType = sourcecode.cpp.cpp;
			path = conversions.cpp;
			refType = 4;
			sourceTree = "<group>";
		};
		4B68830F0563908C00053105 = {
			fileEncoding = 30;
			isa = PBXFileReference;
			lastKnownFileType = sourcecode.cpp.cpp;
			path = TAttributes.cpp;
			refType = 4;
			sourceTree = "<group>";
		};
		4B6883110563908C00053105 = {
			fileEncoding = 30;
			isa = PBXFileReference;
			lastKnownFileType = sourcecode.cpp.cpp;
			path = TBackupForward.cpp;
			refType = 4;
			sourceTree = "<group>";
		};
		4B6883130563908C00053105 = {
			fileEncoding = 30;
			isa = PBXFileReference;
			lastKnownFileType = sourcecode.cpp.cpp;
			path = TBarline.cpp;
			refType = 4;
			sourceTree = "<group>";
		};
		4B6883150563908C00053105 = {
			fileEncoding = 30;
			isa = PBXFileReference;
			lastKnownFileType = sourcecode.cpp.cpp;
			path = TChord.cpp;
			refType = 4;
			sourceTree = "<group>";
		};
		4B6883170563908C00053105 = {
			fileEncoding = 30;
			isa = PBXFileReference;
			lastKnownFileType = sourcecode.cpp.cpp;
			path = TClef.cpp;
			refType = 4;
			sourceTree = "<group>";
		};
		4B6883190563908C00053105 = {
			fileEncoding = 30;
			isa = PBXFileReference;
			lastKnownFileType = sourcecode.cpp.cpp;
			path = TDirection.cpp;
			refType = 4;
			sourceTree = "<group>";
		};
		4B68831B0563908C00053105 = {
			fileEncoding = 30;
			isa = PBXFileReference;
			lastKnownFileType = sourcecode.cpp.cpp;
			path = TIdentification.cpp;
			refType = 4;
			sourceTree = "<group>";
		};
		4B68831D0563908C00053105 = {
			fileEncoding = 30;
			isa = PBXFileReference;
			lastKnownFileType = sourcecode.cpp.cpp;
			path = TKey.cpp;
			refType = 4;
			sourceTree = "<group>";
		};
		4B68831F0563908C00053105 = {
			fileEncoding = 30;
			isa = PBXFileReference;
			lastKnownFileType = sourcecode.cpp.cpp;
			path = TMeasure.cpp;
			refType = 4;
			sourceTree = "<group>";
		};
		4B6883210563908C00053105 = {
			fileEncoding = 30;
			isa = PBXFileReference;
			lastKnownFileType = sourcecode.cpp.cpp;
			path = TMidiDevice.cpp;
			refType = 4;
			sourceTree = "<group>";
		};
		4B6883230563908C00053105 = {
			fileEncoding = 30;
			isa = PBXFileReference;
			lastKnownFileType = sourcecode.cpp.cpp;
			path = TMidiInstrument.cpp;
			refType = 4;
			sourceTree = "<group>";
		};
		4B6883290563908C00053105 = {
			fileEncoding = 30;
			isa = PBXFileReference;
			lastKnownFileType = sourcecode.cpp.cpp;
			path = TNotation.cpp;
			refType = 4;
			sourceTree = "<group>";
		};
		4B68832B0563908C00053105 = {
			fileEncoding = 30;
			isa = PBXFileReference;
			lastKnownFileType = sourcecode.cpp.cpp;
			path = TNote.cpp;
			refType = 4;
			sourceTree = "<group>";
		};
		4B68832D0563908C00053105 = {
			fileEncoding = 30;
			isa = PBXFileReference;
			lastKnownFileType = sourcecode.cpp.cpp;
			path = TPart.cpp;
			refType = 4;
			sourceTree = "<group>";
		};
		4B68832F0563908C00053105 = {
			fileEncoding = 30;
			isa = PBXFileReference;
			lastKnownFileType = sourcecode.cpp.cpp;
			path = TPartGroup.cpp;
			refType = 4;
			sourceTree = "<group>";
		};
		4B6883310563908C00053105 = {
			fileEncoding = 30;
			isa = PBXFileReference;
			lastKnownFileType = sourcecode.cpp.cpp;
			path = TPartList.cpp;
			refType = 4;
			sourceTree = "<group>";
		};
		4B6883330563908C00053105 = {
			fileEncoding = 30;
			isa = PBXFileReference;
			lastKnownFileType = sourcecode.cpp.cpp;
			path = TPitch.cpp;
			refType = 4;
			sourceTree = "<group>";
		};
		4B6883350563908C00053105 = {
			fileEncoding = 30;
			isa = PBXFileReference;
			lastKnownFileType = sourcecode.cpp.cpp;
			path = TRational.cpp;
			refType = 4;
			sourceTree = "<group>";
		};
		4B6883370563908C00053105 = {
			fileEncoding = 30;
			isa = PBXFileReference;
			lastKnownFileType = sourcecode.cpp.cpp;
			path = TRoutedVisitor.cpp;
			refType = 4;
			sourceTree = "<group>";
		};
		4B6883390563908C00053105 = {
			fileEncoding = 30;
			isa = PBXFileReference;
			lastKnownFileType = sourcecode.cpp.cpp;
			path = TScore.cpp;
			refType = 4;
			sourceTree = "<group>";
		};
		4B68833B0563908C00053105 = {
			fileEncoding = 30;
			isa = PBXFileReference;
			lastKnownFileType = sourcecode.cpp.cpp;
			path = TScoreHeader.cpp;
			refType = 4;
			sourceTree = "<group>";
		};
		4B68833D0563908C00053105 = {
			fileEncoding = 30;
			isa = PBXFileReference;
			lastKnownFileType = sourcecode.cpp.cpp;
			path = TScoreInstrument.cpp;
			refType = 4;
			sourceTree = "<group>";
		};
		4B68833F0563908C00053105 = {
			fileEncoding = 30;
			isa = PBXFileReference;
			lastKnownFileType = sourcecode.cpp.cpp;
			path = TScorePart.cpp;
			refType = 4;
			sourceTree = "<group>";
		};
		4B6883410563908C00053105 = {
			fileEncoding = 30;
			isa = PBXFileReference;
			lastKnownFileType = sourcecode.cpp.cpp;
			path = TScorePartwise.cpp;
			refType = 4;
			sourceTree = "<group>";
		};
		4B6883430563908C00053105 = {
			fileEncoding = 30;
			isa = PBXFileReference;
			lastKnownFileType = sourcecode.cpp.cpp;
			path = TScoreTimewise.cpp;
			refType = 4;
			sourceTree = "<group>";
		};
		4B6883460563908C00053105 = {
			fileEncoding = 30;
			isa = PBXFileReference;
			lastKnownFileType = sourcecode.cpp.cpp;
			path = TSound.cpp;
			refType = 4;
			sourceTree = "<group>";
		};
		4B6883480563908C00053105 = {
			fileEncoding = 30;
			isa = PBXFileReference;
			lastKnownFileType = sourcecode.cpp.cpp;
			path = TTimeModification.cpp;
			refType = 4;
			sourceTree = "<group>";
		};
		4B68834A0563908C00053105 = {
			fileEncoding = 30;
			isa = PBXFileReference;
			lastKnownFileType = sourcecode.cpp.cpp;
			path = TTimeSign.cpp;
			refType = 4;
			sourceTree = "<group>";
		};
		4B68834C0563908C00053105 = {
			fileEncoding = 30;
			isa = PBXFileReference;
			lastKnownFileType = sourcecode.cpp.cpp;
			path = TTranspose.cpp;
			refType = 4;
			sourceTree = "<group>";
		};
		4B68834E0563908C00053105 = {
			fileEncoding = 30;
			isa = PBXFileReference;
			lastKnownFileType = sourcecode.cpp.cpp;
			path = TWork.cpp;
			refType = 4;
			sourceTree = "<group>";
		};
		4B6883500563908C00053105 = {
			fileEncoding = 30;
			isa = PBXFileReference;
			lastKnownFileType = sourcecode.cpp.cpp;
			path = xml.cpp;
			refType = 4;
			sourceTree = "<group>";
		};
		4B68843D0563909E00053105 = {
			children = (
				4B68843F0563909E00053105,
				D390F263066C87D0003A07DE,
				4BD0623D05C668670064F8DE,
				4B68844C0563909E00053105,
				4BD0624505C668760064F8DE,
				D35E66EE0608A6F0004DE1A0,
			);
			isa = PBXGroup;
			name = visitors;
			path = ../visitors;
			refType = 2;
			sourceTree = SOURCE_ROOT;
		};
		4B68843F0563909E00053105 = {
			fileEncoding = 30;
			isa = PBXFileReference;
			lastKnownFileType = sourcecode.cpp.cpp;
			path = guido.cpp;
			refType = 4;
			sourceTree = "<group>";
		};
		4B68844C0563909E00053105 = {
			fileEncoding = 30;
			isa = PBXFileReference;
			lastKnownFileType = sourcecode.cpp.cpp;
			path = TScanVisitor.cpp;
			refType = 4;
			sourceTree = "<group>";
		};
		4BA6DAF905753C4300053105 = {
			fileEncoding = 30;
			isa = PBXFileReference;
			lastKnownFileType = sourcecode.cpp.cpp;
			name = IMusicXMLVisitor.cpp;
			path = ../core/IMusicXMLVisitor.cpp;
			refType = 2;
			sourceTree = SOURCE_ROOT;
		};
		4BA6DAFB05753C4300053105 = {
			fileEncoding = 30;
			isa = PBXFileReference;
			lastKnownFileType = sourcecode.cpp.cpp;
			name = IMusicXMLReader.cpp;
			path = ../core/IMusicXMLReader.cpp;
			refType = 2;
			sourceTree = SOURCE_ROOT;
		};
		4BD0623D05C668670064F8DE = {
			fileEncoding = 30;
			isa = PBXFileReference;
			lastKnownFileType = sourcecode.cpp.cpp;
			name = TRolledVisitor.cpp;
			path = ../visitors/TRolledVisitor.cpp;
			refType = 2;
			sourceTree = SOURCE_ROOT;
		};
		4BD0624505C668760064F8DE = {
			fileEncoding = 30;
			isa = PBXFileReference;
			lastKnownFileType = sourcecode.cpp.cpp;
			name = TUnrolledVisitor.cpp;
			path = ../visitors/TUnrolledVisitor.cpp;
			refType = 2;
			sourceTree = SOURCE_ROOT;
		};
		4BF9614805753DC600053105 = {
			fileEncoding = 30;
			isa = PBXFileReference;
			lastKnownFileType = sourcecode.cpp.cpp;
			name = smartpointer.cpp;
			path = ../core/smartpointer.cpp;
			refType = 2;
			sourceTree = SOURCE_ROOT;
		};
		4BF9614C05753DEC00053105 = {
			fileEncoding = 30;
			isa = PBXFileReference;
			lastKnownFileType = sourcecode.cpp.cpp;
			name = TMusicXMLFile.cpp;
			path = ../core/TMusicXMLFile.cpp;
			refType = 2;
			sourceTree = SOURCE_ROOT;
		};
//4B0
//4B1
//4B2
//4B3
//4B4
//4F0
//4F1
//4F2
//4F3
//4F4
		4F0BB7EC011F40E904CA0E50 = {
			buildSettings = {
				COPY_PHASE_STRIP = NO;
				GCC_DYNAMIC_NO_PIC = NO;
				GCC_ENABLE_FIX_AND_CONTINUE = YES;
				GCC_GENERATE_DEBUGGING_SYMBOLS = YES;
				GCC_OPTIMIZATION_LEVEL = 0;
				OPTIMIZATION_CFLAGS = "-O0";
				ZERO_LINK = YES;
			};
			isa = PBXBuildStyle;
			name = Development;
		};
		4F0BB7ED011F40E904CA0E50 = {
			buildSettings = {
				COPY_PHASE_STRIP = YES;
				GCC_ENABLE_FIX_AND_CONTINUE = NO;
				GCC_GENERATE_DEBUGGING_SYMBOLS = NO;
				GCC_MODEL_TUNING = "";
				ZERO_LINK = NO;
			};
			isa = PBXBuildStyle;
			name = Deployment;
		};
//4F0
//4F1
//4F2
//4F3
//4F4
//D30
//D31
//D32
//D33
//D34
		D31608600713343200BFD13D = {
			fileEncoding = 30;
			isa = PBXFileReference;
			lastKnownFileType = sourcecode.c.h;
			name = IMusicXMLReader.h;
			path = ../core/IMusicXMLReader.h;
			refType = 2;
			sourceTree = SOURCE_ROOT;
		};
		D31608610713343200BFD13D = {
			fileEncoding = 30;
			isa = PBXFileReference;
			lastKnownFileType = sourcecode.c.h;
			name = IMusicXMLVisitor.h;
			path = ../core/IMusicXMLVisitor.h;
			refType = 2;
			sourceTree = SOURCE_ROOT;
		};
		D316D16A0713FF4300C7437E = {
			fileEncoding = 30;
			isa = PBXFileReference;
			lastKnownFileType = sourcecode.cpp.cpp;
			name = THarmony.cpp;
			path = ../core/THarmony.cpp;
			refType = 2;
			sourceTree = SOURCE_ROOT;
		};
		D317A3E707146AE2001E21A6 = {
			fileEncoding = 30;
			isa = PBXFileReference;
			lastKnownFileType = sourcecode.c.h;
			name = THarmony.h;
			path = ../include/THarmony.h;
			refType = 2;
			sourceTree = SOURCE_ROOT;
		};
		D31B9D30069336070084950A = {
			fileEncoding = 30;
			isa = PBXFileReference;
			lastKnownFileType = sourcecode.c.h;
			name = TFiguredBass.h;
			path = ../include/TFiguredBass.h;
			refType = 2;
			sourceTree = SOURCE_ROOT;
		};
		D31B9D32069336280084950A = {
			fileEncoding = 30;
			isa = PBXFileReference;
			lastKnownFileType = sourcecode.cpp.cpp;
			name = TFiguredBass.cpp;
			path = ../core/TFiguredBass.cpp;
			refType = 2;
			sourceTree = SOURCE_ROOT;
		};
		D31B9D42069347070084950A = {
			fileEncoding = 30;
			isa = PBXFileReference;
			lastKnownFileType = sourcecode.c.h;
			name = TMeasureStyle.h;
			path = ../include/TMeasureStyle.h;
			refType = 2;
			sourceTree = SOURCE_ROOT;
		};
		D31B9D44069347500084950A = {
			fileEncoding = 30;
			isa = PBXFileReference;
			lastKnownFileType = sourcecode.cpp.cpp;
			name = TMeasureStyle.cpp;
			path = ../core/TMeasureStyle.cpp;
			refType = 2;
			sourceTree = SOURCE_ROOT;
		};
		D321A3940693263F00E2CE72 = {
			fileEncoding = 30;
			isa = PBXFileReference;
			lastKnownFileType = sourcecode.c.h;
			name = TArpeggiate.h;
			path = ../include/TArpeggiate.h;
			refType = 2;
			sourceTree = SOURCE_ROOT;
		};
		D321A3960693265D00E2CE72 = {
			fileEncoding = 30;
			isa = PBXFileReference;
			lastKnownFileType = sourcecode.cpp.cpp;
			name = TArpeggiate.cpp;
			path = ../core/TArpeggiate.cpp;
			refType = 2;
			sourceTree = SOURCE_ROOT;
		};
		D32284B7068F548E001E0F38 = {
			fileEncoding = 30;
			isa = PBXFileReference;
			lastKnownFileType = sourcecode.c.h;
			name = TTechnical.h;
			path = ../include/TTechnical.h;
			refType = 2;
			sourceTree = SOURCE_ROOT;
		};
		D32284B9068F54C2001E0F38 = {
			fileEncoding = 30;
			isa = PBXFileReference;
			lastKnownFileType = sourcecode.cpp.cpp;
			name = TTechnical.cpp;
			path = ../core/TTechnical.cpp;
			refType = 2;
			sourceTree = SOURCE_ROOT;
		};
		D332BF9309D2AC4C00AC1357 = {
			fileEncoding = 30;
			isa = PBXFileReference;
			lastKnownFileType = sourcecode.cpp.cpp;
			name = Iexpat.cpp;
			path = ../core/Iexpat.cpp;
			refType = 2;
			sourceTree = SOURCE_ROOT;
		};
		D332BF9409D2AC4C00AC1357 = {
			fileEncoding = 30;
			isa = PBXFileReference;
			lastKnownFileType = sourcecode.c.h;
			name = Iexpat.h;
			path = ../core/Iexpat.h;
			refType = 2;
			sourceTree = SOURCE_ROOT;
		};
		D332BF9509D2AC4C00AC1357 = {
			fileRef = D332BF9309D2AC4C00AC1357;
			isa = PBXBuildFile;
			settings = {
			};
		};
		D332BF9609D2AC4C00AC1357 = {
			fileRef = D332BF9409D2AC4C00AC1357;
			isa = PBXBuildFile;
			settings = {
			};
		};
		D332BF9B09D2AC8A00AC1357 = {
			fileEncoding = 30;
			isa = PBXFileReference;
			lastKnownFileType = sourcecode.c.h;
			name = reader.h;
			path = ../core/reader.h;
			refType = 2;
			sourceTree = SOURCE_ROOT;
		};
		D332BF9C09D2AC8A00AC1357 = {
			fileRef = D332BF9B09D2AC8A00AC1357;
			isa = PBXBuildFile;
			settings = {
			};
		};
		D332BFF809D2B36E00AC1357 = {
			fileEncoding = 30;
			isa = PBXFileReference;
			lastKnownFileType = sourcecode.cpp.cpp;
			name = xmllex.cpp;
			path = ../core/xmllex.cpp;
			refType = 2;
			sourceTree = SOURCE_ROOT;
		};
		D332BFF909D2B36E00AC1357 = {
			fileEncoding = 30;
			isa = PBXFileReference;
			lastKnownFileType = sourcecode.cpp.cpp;
			name = xmlparse.cpp;
			path = ../core/xmlparse.cpp;
			refType = 2;
			sourceTree = SOURCE_ROOT;
		};
		D332BFFA09D2B36E00AC1357 = {
			fileEncoding = 30;
			isa = PBXFileReference;
			lastKnownFileType = sourcecode.c.h;
			name = xmlparse.h;
			path = ../core/xmlparse.h;
			refType = 2;
			sourceTree = SOURCE_ROOT;
		};
		D332BFFB09D2B36E00AC1357 = {
			fileRef = D332BFF809D2B36E00AC1357;
			isa = PBXBuildFile;
			settings = {
			};
		};
		D332BFFC09D2B36E00AC1357 = {
			fileRef = D332BFF909D2B36E00AC1357;
			isa = PBXBuildFile;
			settings = {
			};
		};
		D332BFFD09D2B36E00AC1357 = {
			fileRef = D332BFFA09D2B36E00AC1357;
			isa = PBXBuildFile;
			settings = {
			};
		};
		D35E66EE0608A6F0004DE1A0 = {
			fileEncoding = 30;
			isa = PBXFileReference;
			lastKnownFileType = sourcecode.cpp.cpp;
			name = TXML2GuidoVisitor.cpp;
			path = ../visitors/TXML2GuidoVisitor.cpp;
			refType = 2;
			sourceTree = SOURCE_ROOT;
		};
		D35E68F60608AA8D004DE1A0 = {
			children = (
				D332BF9B09D2AC8A00AC1357,
				D332BF9409D2AC4C00AC1357,
				D31608600713343200BFD13D,
				D31608610713343200BFD13D,
				D3B1D043060B3878005BEDC3,
				D3B1D044060B3878005BEDC3,
				D3B1D045060B3878005BEDC3,
				D3B1D046060B3878005BEDC3,
				D3B1D047060B3878005BEDC3,
				D3B1D048060B3878005BEDC3,
				D3B1D049060B3878005BEDC3,
				D3B1D04A060B3878005BEDC3,
				D3B1D04B060B3878005BEDC3,
				D321A3940693263F00E2CE72,
				D3B1D04C060B3878005BEDC3,
				D3B1D04D060B3878005BEDC3,
				D3B1D04E060B3878005BEDC3,
				D3B1D04F060B3878005BEDC3,
				D3B1D050060B3878005BEDC3,
				D3B1D051060B3878005BEDC3,
				D31B9D30069336070084950A,
				D317A3E707146AE2001E21A6,
				D3B1D052060B3878005BEDC3,
				D3B1D053060B3878005BEDC3,
				D3B1D054060B3878005BEDC3,
				D31B9D42069347070084950A,
				D390F267066C8894003A07DE,
				D3B1D055060B3878005BEDC3,
				D3B1D056060B3878005BEDC3,
				D3B1D057060B3878005BEDC3,
				D3B1D058060B3878005BEDC3,
				D3B1D059060B3878005BEDC3,
				D3B1D05A060B3878005BEDC3,
				D378BB30068C76C200430935,
				D3E9A8260695C1C200C359FF,
				D3B1D05B060B3878005BEDC3,
				D3B1D05C060B3878005BEDC3,
				D3B1D05D060B3878005BEDC3,
				D3B1D05E060B3878005BEDC3,
				D3B1D05F060B3878005BEDC3,
				D3B1D060060B3878005BEDC3,
				D3B1D061060B3878005BEDC3,
				D3B1D062060B3878005BEDC3,
				D3B1D063060B3878005BEDC3,
				D3B1D064060B3878005BEDC3,
				D3B1D065060B3878005BEDC3,
				D3B1D066060B3878005BEDC3,
				D3B1D067060B3878005BEDC3,
				D3B1D068060B3878005BEDC3,
				D3B1D069060B3878005BEDC3,
				D3B1D06A060B3878005BEDC3,
				D3E9A80A0695A57800C359FF,
				D32284B7068F548E001E0F38,
				D3B1D06B060B3878005BEDC3,
				D3B1D06C060B3878005BEDC3,
				D3B1D06D060B3878005BEDC3,
				D3B1D06E060B3878005BEDC3,
				D3B1D06F060B3878005BEDC3,
				D3B1D070060B3878005BEDC3,
				D3B1D071060B3878005BEDC3,
				D3B1D072060B3878005BEDC3,
				D332BFFA09D2B36E00AC1357,
			);
			isa = PBXGroup;
			name = headers;
			refType = 4;
			sourceTree = "<group>";
		};
		D378BB30068C76C200430935 = {
			fileEncoding = 30;
			isa = PBXFileReference;
			lastKnownFileType = sourcecode.c.h;
			name = TOrnaments.h;
			path = ../include/TOrnaments.h;
			refType = 2;
			sourceTree = SOURCE_ROOT;
		};
		D378BB32068C76F400430935 = {
			fileEncoding = 30;
			isa = PBXFileReference;
			lastKnownFileType = sourcecode.cpp.cpp;
			path = TOrnaments.cpp;
			refType = 4;
			sourceTree = "<group>";
		};
		D390F263066C87D0003A07DE = {
			fileEncoding = 30;
			isa = PBXFileReference;
			lastKnownFileType = sourcecode.cpp.cpp;
			name = TMidiContextVisitor.cpp;
			path = ../visitors/TMidiContextVisitor.cpp;
			refType = 2;
			sourceTree = SOURCE_ROOT;
		};
		D390F267066C8894003A07DE = {
			fileEncoding = 30;
			isa = PBXFileReference;
			lastKnownFileType = sourcecode.c.h;
			name = TMidiContextVisitor.h;
			path = ../include/TMidiContextVisitor.h;
			refType = 2;
			sourceTree = SOURCE_ROOT;
		};
		D3B1D043060B3878005BEDC3 = {
			fileEncoding = 30;
			isa = PBXFileReference;
			lastKnownFileType = sourcecode.c.h;
			name = bimap.h;
			path = ../include/bimap.h;
			refType = 2;
			sourceTree = SOURCE_ROOT;
		};
		D3B1D044060B3878005BEDC3 = {
			fileEncoding = 30;
			isa = PBXFileReference;
			lastKnownFileType = sourcecode.c.h;
			name = common.h;
			path = ../include/common.h;
			refType = 2;
			sourceTree = SOURCE_ROOT;
		};
		D3B1D045060B3878005BEDC3 = {
			fileEncoding = 30;
			isa = PBXFileReference;
			lastKnownFileType = sourcecode.c.h;
			name = conversions.h;
			path = ../include/conversions.h;
			refType = 2;
			sourceTree = SOURCE_ROOT;
		};
		D3B1D046060B3878005BEDC3 = {
			fileEncoding = 30;
			isa = PBXFileReference;
			lastKnownFileType = sourcecode.c.h;
			name = exports.h;
			path = ../include/exports.h;
			refType = 2;
			sourceTree = SOURCE_ROOT;
		};
		D3B1D047060B3878005BEDC3 = {
			fileEncoding = 30;
			isa = PBXFileReference;
			lastKnownFileType = sourcecode.c.h;
			name = guido.h;
			path = ../include/guido.h;
			refType = 2;
			sourceTree = SOURCE_ROOT;
		};
		D3B1D048060B3878005BEDC3 = {
			fileEncoding = 30;
			isa = PBXFileReference;
			lastKnownFileType = sourcecode.c.h;
			name = guidovisitor.h;
			path = ../include/guidovisitor.h;
			refType = 2;
			sourceTree = SOURCE_ROOT;
		};
		D3B1D049060B3878005BEDC3 = {
			fileEncoding = 30;
			isa = PBXFileReference;
			lastKnownFileType = sourcecode.c.h;
			name = LibMusicXML.h;
			path = ../include/LibMusicXML.h;
			refType = 2;
			sourceTree = SOURCE_ROOT;
		};
		D3B1D04A060B3878005BEDC3 = {
			fileEncoding = 30;
			isa = PBXFileReference;
			lastKnownFileType = sourcecode.c.h;
			name = smartclasses.h;
			path = ../include/smartclasses.h;
			refType = 2;
			sourceTree = SOURCE_ROOT;
		};
		D3B1D04B060B3878005BEDC3 = {
			fileEncoding = 30;
			isa = PBXFileReference;
			lastKnownFileType = sourcecode.c.h;
			name = smartpointer.h;
			path = ../include/smartpointer.h;
			refType = 2;
			sourceTree = SOURCE_ROOT;
		};
		D3B1D04C060B3878005BEDC3 = {
			fileEncoding = 30;
			isa = PBXFileReference;
			lastKnownFileType = sourcecode.c.h;
			name = TAttributes.h;
			path = ../include/TAttributes.h;
			refType = 2;
			sourceTree = SOURCE_ROOT;
		};
		D3B1D04D060B3878005BEDC3 = {
			fileEncoding = 30;
			isa = PBXFileReference;
			lastKnownFileType = sourcecode.c.h;
			name = TBackupForward.h;
			path = ../include/TBackupForward.h;
			refType = 2;
			sourceTree = SOURCE_ROOT;
		};
		D3B1D04E060B3878005BEDC3 = {
			fileEncoding = 30;
			isa = PBXFileReference;
			lastKnownFileType = sourcecode.c.h;
			name = TBarline.h;
			path = ../include/TBarline.h;
			refType = 2;
			sourceTree = SOURCE_ROOT;
		};
		D3B1D04F060B3878005BEDC3 = {
			fileEncoding = 30;
			isa = PBXFileReference;
			lastKnownFileType = sourcecode.c.h;
			name = TChord.h;
			path = ../include/TChord.h;
			refType = 2;
			sourceTree = SOURCE_ROOT;
		};
		D3B1D050060B3878005BEDC3 = {
			fileEncoding = 30;
			isa = PBXFileReference;
			lastKnownFileType = sourcecode.c.h;
			name = TClef.h;
			path = ../include/TClef.h;
			refType = 2;
			sourceTree = SOURCE_ROOT;
		};
		D3B1D051060B3878005BEDC3 = {
			fileEncoding = 30;
			isa = PBXFileReference;
			lastKnownFileType = sourcecode.c.h;
			name = TDirection.h;
			path = ../include/TDirection.h;
			refType = 2;
			sourceTree = SOURCE_ROOT;
		};
		D3B1D052060B3878005BEDC3 = {
			fileEncoding = 30;
			isa = PBXFileReference;
			lastKnownFileType = sourcecode.c.h;
			name = TIdentification.h;
			path = ../include/TIdentification.h;
			refType = 2;
			sourceTree = SOURCE_ROOT;
		};
		D3B1D053060B3878005BEDC3 = {
			fileEncoding = 30;
			isa = PBXFileReference;
			lastKnownFileType = sourcecode.c.h;
			name = TKey.h;
			path = ../include/TKey.h;
			refType = 2;
			sourceTree = SOURCE_ROOT;
		};
		D3B1D054060B3878005BEDC3 = {
			fileEncoding = 30;
			isa = PBXFileReference;
			lastKnownFileType = sourcecode.c.h;
			name = TMeasure.h;
			path = ../include/TMeasure.h;
			refType = 2;
			sourceTree = SOURCE_ROOT;
		};
		D3B1D055060B3878005BEDC3 = {
			fileEncoding = 30;
			isa = PBXFileReference;
			lastKnownFileType = sourcecode.c.h;
			name = TMidiDevice.h;
			path = ../include/TMidiDevice.h;
			refType = 2;
			sourceTree = SOURCE_ROOT;
		};
		D3B1D056060B3878005BEDC3 = {
			fileEncoding = 30;
			isa = PBXFileReference;
			lastKnownFileType = sourcecode.c.h;
			name = TMidiInstrument.h;
			path = ../include/TMidiInstrument.h;
			refType = 2;
			sourceTree = SOURCE_ROOT;
		};
		D3B1D057060B3878005BEDC3 = {
			fileEncoding = 30;
			isa = PBXFileReference;
			lastKnownFileType = sourcecode.c.h;
			name = TMusicXMLFile.h;
			path = ../include/TMusicXMLFile.h;
			refType = 2;
			sourceTree = SOURCE_ROOT;
		};
		D3B1D058060B3878005BEDC3 = {
			fileEncoding = 30;
			isa = PBXFileReference;
			lastKnownFileType = sourcecode.c.h;
			name = TNodeVisitor.h;
			path = ../include/TNodeVisitor.h;
			refType = 2;
			sourceTree = SOURCE_ROOT;
		};
		D3B1D059060B3878005BEDC3 = {
			fileEncoding = 30;
			isa = PBXFileReference;
			lastKnownFileType = sourcecode.c.h;
			name = TNotation.h;
			path = ../include/TNotation.h;
			refType = 2;
			sourceTree = SOURCE_ROOT;
		};
		D3B1D05A060B3878005BEDC3 = {
			fileEncoding = 30;
			isa = PBXFileReference;
			lastKnownFileType = sourcecode.c.h;
			name = TNote.h;
			path = ../include/TNote.h;
			refType = 2;
			sourceTree = SOURCE_ROOT;
		};
		D3B1D05B060B3878005BEDC3 = {
			fileEncoding = 30;
			isa = PBXFileReference;
			lastKnownFileType = sourcecode.c.h;
			name = TPart.h;
			path = ../include/TPart.h;
			refType = 2;
			sourceTree = SOURCE_ROOT;
		};
		D3B1D05C060B3878005BEDC3 = {
			fileEncoding = 30;
			isa = PBXFileReference;
			lastKnownFileType = sourcecode.c.h;
			name = TPartGroup.h;
			path = ../include/TPartGroup.h;
			refType = 2;
			sourceTree = SOURCE_ROOT;
		};
		D3B1D05D060B3878005BEDC3 = {
			fileEncoding = 30;
			isa = PBXFileReference;
			lastKnownFileType = sourcecode.c.h;
			name = TPartList.h;
			path = ../include/TPartList.h;
			refType = 2;
			sourceTree = SOURCE_ROOT;
		};
		D3B1D05E060B3878005BEDC3 = {
			fileEncoding = 30;
			isa = PBXFileReference;
			lastKnownFileType = sourcecode.c.h;
			name = TPitch.h;
			path = ../include/TPitch.h;
			refType = 2;
			sourceTree = SOURCE_ROOT;
		};
		D3B1D05F060B3878005BEDC3 = {
			fileEncoding = 30;
			isa = PBXFileReference;
			lastKnownFileType = sourcecode.c.h;
			name = TRational.h;
			path = ../include/TRational.h;
			refType = 2;
			sourceTree = SOURCE_ROOT;
		};
		D3B1D060060B3878005BEDC3 = {
			fileEncoding = 30;
			isa = PBXFileReference;
			lastKnownFileType = sourcecode.c.h;
			name = TRolledVisitor.h;
			path = ../include/TRolledVisitor.h;
			refType = 2;
			sourceTree = SOURCE_ROOT;
		};
		D3B1D061060B3878005BEDC3 = {
			fileEncoding = 30;
			isa = PBXFileReference;
			lastKnownFileType = sourcecode.c.h;
			name = TRoutedVisitor.h;
			path = ../include/TRoutedVisitor.h;
			refType = 2;
			sourceTree = SOURCE_ROOT;
		};
		D3B1D062060B3878005BEDC3 = {
			fileEncoding = 30;
			isa = PBXFileReference;
			lastKnownFileType = sourcecode.c.h;
			name = TScanVisitor.h;
			path = ../include/TScanVisitor.h;
			refType = 2;
			sourceTree = SOURCE_ROOT;
		};
		D3B1D063060B3878005BEDC3 = {
			fileEncoding = 30;
			isa = PBXFileReference;
			lastKnownFileType = sourcecode.c.h;
			name = TScore.h;
			path = ../include/TScore.h;
			refType = 2;
			sourceTree = SOURCE_ROOT;
		};
		D3B1D064060B3878005BEDC3 = {
			fileEncoding = 30;
			isa = PBXFileReference;
			lastKnownFileType = sourcecode.c.h;
			name = TScoreHeader.h;
			path = ../include/TScoreHeader.h;
			refType = 2;
			sourceTree = SOURCE_ROOT;
		};
		D3B1D065060B3878005BEDC3 = {
			fileEncoding = 30;
			isa = PBXFileReference;
			lastKnownFileType = sourcecode.c.h;
			name = TScoreInstrument.h;
			path = ../include/TScoreInstrument.h;
			refType = 2;
			sourceTree = SOURCE_ROOT;
		};
		D3B1D066060B3878005BEDC3 = {
			fileEncoding = 30;
			isa = PBXFileReference;
			lastKnownFileType = sourcecode.c.h;
			name = TScorePart.h;
			path = ../include/TScorePart.h;
			refType = 2;
			sourceTree = SOURCE_ROOT;
		};
		D3B1D067060B3878005BEDC3 = {
			fileEncoding = 30;
			isa = PBXFileReference;
			lastKnownFileType = sourcecode.c.h;
			name = TScorePartwise.h;
			path = ../include/TScorePartwise.h;
			refType = 2;
			sourceTree = SOURCE_ROOT;
		};
		D3B1D068060B3878005BEDC3 = {
			fileEncoding = 30;
			isa = PBXFileReference;
			lastKnownFileType = sourcecode.c.h;
			name = TScoreTimewise.h;
			path = ../include/TScoreTimewise.h;
			refType = 2;
			sourceTree = SOURCE_ROOT;
		};
		D3B1D069060B3878005BEDC3 = {
			fileEncoding = 30;
			isa = PBXFileReference;
			lastKnownFileType = sourcecode.c.h;
			name = TScoreVisitor.h;
			path = ../include/TScoreVisitor.h;
			refType = 2;
			sourceTree = SOURCE_ROOT;
		};
		D3B1D06A060B3878005BEDC3 = {
			fileEncoding = 30;
			isa = PBXFileReference;
			lastKnownFileType = sourcecode.c.h;
			name = TSound.h;
			path = ../include/TSound.h;
			refType = 2;
			sourceTree = SOURCE_ROOT;
		};
		D3B1D06B060B3878005BEDC3 = {
			fileEncoding = 30;
			isa = PBXFileReference;
			lastKnownFileType = sourcecode.c.h;
			name = TTimeModification.h;
			path = ../include/TTimeModification.h;
			refType = 2;
			sourceTree = SOURCE_ROOT;
		};
		D3B1D06C060B3878005BEDC3 = {
			fileEncoding = 30;
			isa = PBXFileReference;
			lastKnownFileType = sourcecode.c.h;
			name = TTimeSign.h;
			path = ../include/TTimeSign.h;
			refType = 2;
			sourceTree = SOURCE_ROOT;
		};
		D3B1D06D060B3878005BEDC3 = {
			fileEncoding = 30;
			isa = PBXFileReference;
			lastKnownFileType = sourcecode.c.h;
			name = TTranspose.h;
			path = ../include/TTranspose.h;
			refType = 2;
			sourceTree = SOURCE_ROOT;
		};
		D3B1D06E060B3878005BEDC3 = {
			fileEncoding = 30;
			isa = PBXFileReference;
			lastKnownFileType = sourcecode.c.h;
			name = TUnrolledVisitor.h;
			path = ../include/TUnrolledVisitor.h;
			refType = 2;
			sourceTree = SOURCE_ROOT;
		};
		D3B1D06F060B3878005BEDC3 = {
			fileEncoding = 30;
			isa = PBXFileReference;
			lastKnownFileType = sourcecode.c.h;
			name = TWork.h;
			path = ../include/TWork.h;
			refType = 2;
			sourceTree = SOURCE_ROOT;
		};
		D3B1D070060B3878005BEDC3 = {
			fileEncoding = 30;
			isa = PBXFileReference;
			lastKnownFileType = sourcecode.c.h;
			name = TXML2GuidoVisitor.h;
			path = ../include/TXML2GuidoVisitor.h;
			refType = 2;
			sourceTree = SOURCE_ROOT;
		};
		D3B1D071060B3878005BEDC3 = {
			fileEncoding = 30;
			isa = PBXFileReference;
			lastKnownFileType = sourcecode.c.h;
			name = UTools.h;
			path = ../include/UTools.h;
			refType = 2;
			sourceTree = SOURCE_ROOT;
		};
		D3B1D072060B3878005BEDC3 = {
			fileEncoding = 30;
			isa = PBXFileReference;
			lastKnownFileType = sourcecode.c.h;
			name = xml.h;
			path = ../include/xml.h;
			refType = 2;
			sourceTree = SOURCE_ROOT;
		};
		D3DC07070608B4F70019C3F5 = {
			children = (
				D3DC070D0608B5190019C3F5,
			);
			isa = PBXGroup;
			name = musicXML2guido;
			path = "";
			refType = 4;
			sourceTree = "<group>";
		};
		D3DC070D0608B5190019C3F5 = {
			fileEncoding = 30;
			isa = PBXFileReference;
			lastKnownFileType = sourcecode.cpp.cpp;
			name = MusicXML2Guido.cpp;
			path = ../samples/MusicXML2Guido.cpp;
			refType = 2;
			sourceTree = SOURCE_ROOT;
		};
		D3DC07B40608B9740019C3F5 = {
			isa = PBXFileReference;
			lastKnownFileType = wrapper.framework;
			name = libMusicXML.framework;
			path = build/libMusicXML.framework;
			refType = 2;
			sourceTree = SOURCE_ROOT;
		};
		D3DC07CC0608BAB50019C3F5 = {
			children = (
				D3DC07D00608BAD80019C3F5,
			);
			isa = PBXGroup;
			name = randomMusic;
			path = "";
			refType = 4;
			sourceTree = "<group>";
		};
		D3DC07D00608BAD80019C3F5 = {
			fileEncoding = 30;
			isa = PBXFileReference;
			lastKnownFileType = sourcecode.cpp.cpp;
			name = RandomMusic.cpp;
			path = ../samples/RandomMusic.cpp;
			refType = 2;
			sourceTree = SOURCE_ROOT;
		};
		D3DC07E40608BB4B0019C3F5 = {
			children = (
				D3DC07E80608BB630019C3F5,
			);
			isa = PBXGroup;
			name = rawTranspose;
			refType = 4;
			sourceTree = "<group>";
		};
		D3DC07E80608BB630019C3F5 = {
			fileEncoding = 30;
			isa = PBXFileReference;
			lastKnownFileType = sourcecode.cpp.cpp;
			name = RawTranspose.cpp;
			path = ../samples/RawTranspose.cpp;
			refType = 2;
			sourceTree = SOURCE_ROOT;
		};
		D3E9A80A0695A57800C359FF = {
			fileEncoding = 30;
			isa = PBXFileReference;
			lastKnownFileType = sourcecode.c.h;
			name = TStaffDetails.h;
			path = ../include/TStaffDetails.h;
			refType = 2;
			sourceTree = SOURCE_ROOT;
		};
		D3E9A80C0695A5B000C359FF = {
			fileEncoding = 30;
			isa = PBXFileReference;
			lastKnownFileType = sourcecode.cpp.cpp;
			name = TStaffDetails.cpp;
			path = ../core/TStaffDetails.cpp;
			refType = 2;
			sourceTree = SOURCE_ROOT;
		};
		D3E9A8260695C1C200C359FF = {
			fileEncoding = 30;
			isa = PBXFileReference;
			lastKnownFileType = sourcecode.c.h;
			name = TOtherDirections.h;
			path = ../include/TOtherDirections.h;
			refType = 2;
			sourceTree = SOURCE_ROOT;
		};
		D3E9A8280695C1EC00C359FF = {
			fileEncoding = 30;
			isa = PBXFileReference;
			lastKnownFileType = sourcecode.cpp.cpp;
			name = TOtherDirections.cpp;
			path = ../core/TOtherDirections.cpp;
			refType = 2;
			sourceTree = SOURCE_ROOT;
		};
	};
	rootObject = 0867D690FE84028FC02AAC07;
}
