// !$*UTF8*$!
{
	archiveVersion = 1;
	classes = {
	};
	objectVersion = 42;
	objects = {

/* Begin PBXAggregateTarget section */
		4B32DCE80958059E0078710F /* All */ = {
			isa = PBXAggregateTarget;
			buildConfigurationList = BA4A469409D8C3CA000B0808 /* Build configuration list for PBXAggregateTarget "All" */;
			buildPhases = (
			);
			buildSettings = {
				OTHER_CFLAGS = "";
				OTHER_LDFLAGS = "";
				OTHER_REZFLAGS = "";
				PRODUCT_NAME = All;
				SECTORDER_FLAGS = "";
				WARNING_CFLAGS = (
					"-Wmost",
					"-Wno-four-char-constants",
					"-Wno-unknown-pragmas",
				);
			};
			dependencies = (
				4B32DCEA095805BC0078710F /* PBXTargetDependency */,
				4B32DCEC095805BC0078710F /* PBXTargetDependency */,
				4B32DCEE095805BC0078710F /* PBXTargetDependency */,
				4B32DCF0095805BC0078710F /* PBXTargetDependency */,
				4B32DCF2095805BC0078710F /* PBXTargetDependency */,
			);
			name = All;
			productName = All;
		};
/* End PBXAggregateTarget section */

/* Begin PBXBuildFile section */
		4B32DB6C095804D20078710F /* bimap.h in Headers */ = {isa = PBXBuildFile; fileRef = D3B1D043060B3878005BEDC3 /* bimap.h */; settings = {ATTRIBUTES = (Public, ); }; };
		4B32DB6D095804D20078710F /* common.h in Headers */ = {isa = PBXBuildFile; fileRef = D3B1D044060B3878005BEDC3 /* common.h */; settings = {ATTRIBUTES = (Public, ); }; };
		4B32DB6E095804D20078710F /* conversions.h in Headers */ = {isa = PBXBuildFile; fileRef = D3B1D045060B3878005BEDC3 /* conversions.h */; settings = {ATTRIBUTES = (Public, ); }; };
		4B32DB6F095804D20078710F /* exports.h in Headers */ = {isa = PBXBuildFile; fileRef = D3B1D046060B3878005BEDC3 /* exports.h */; settings = {ATTRIBUTES = (Public, ); }; };
		4B32DB70095804D20078710F /* guido.h in Headers */ = {isa = PBXBuildFile; fileRef = D3B1D047060B3878005BEDC3 /* guido.h */; settings = {ATTRIBUTES = (Public, ); }; };
		4B32DB71095804D20078710F /* guidovisitor.h in Headers */ = {isa = PBXBuildFile; fileRef = D3B1D048060B3878005BEDC3 /* guidovisitor.h */; settings = {ATTRIBUTES = (Public, ); }; };
		4B32DB72095804D20078710F /* LibMusicXML.h in Headers */ = {isa = PBXBuildFile; fileRef = D3B1D049060B3878005BEDC3 /* LibMusicXML.h */; settings = {ATTRIBUTES = (Public, ); }; };
		4B32DB73095804D20078710F /* smartclasses.h in Headers */ = {isa = PBXBuildFile; fileRef = D3B1D04A060B3878005BEDC3 /* smartclasses.h */; settings = {ATTRIBUTES = (Public, ); }; };
		4B32DB74095804D20078710F /* smartpointer.h in Headers */ = {isa = PBXBuildFile; fileRef = D3B1D04B060B3878005BEDC3 /* smartpointer.h */; settings = {ATTRIBUTES = (Public, ); }; };
		4B32DB75095804D20078710F /* TAttributes.h in Headers */ = {isa = PBXBuildFile; fileRef = D3B1D04C060B3878005BEDC3 /* TAttributes.h */; settings = {ATTRIBUTES = (Public, ); }; };
		4B32DB76095804D20078710F /* TBackupForward.h in Headers */ = {isa = PBXBuildFile; fileRef = D3B1D04D060B3878005BEDC3 /* TBackupForward.h */; settings = {ATTRIBUTES = (Public, ); }; };
		4B32DB77095804D20078710F /* TBarline.h in Headers */ = {isa = PBXBuildFile; fileRef = D3B1D04E060B3878005BEDC3 /* TBarline.h */; settings = {ATTRIBUTES = (Public, ); }; };
		4B32DB78095804D20078710F /* TChord.h in Headers */ = {isa = PBXBuildFile; fileRef = D3B1D04F060B3878005BEDC3 /* TChord.h */; settings = {ATTRIBUTES = (Public, ); }; };
		4B32DB79095804D20078710F /* TClef.h in Headers */ = {isa = PBXBuildFile; fileRef = D3B1D050060B3878005BEDC3 /* TClef.h */; settings = {ATTRIBUTES = (Public, ); }; };
		4B32DB7A095804D20078710F /* TDirection.h in Headers */ = {isa = PBXBuildFile; fileRef = D3B1D051060B3878005BEDC3 /* TDirection.h */; settings = {ATTRIBUTES = (Public, ); }; };
		4B32DB7B095804D20078710F /* TIdentification.h in Headers */ = {isa = PBXBuildFile; fileRef = D3B1D052060B3878005BEDC3 /* TIdentification.h */; settings = {ATTRIBUTES = (Public, ); }; };
		4B32DB7C095804D20078710F /* TKey.h in Headers */ = {isa = PBXBuildFile; fileRef = D3B1D053060B3878005BEDC3 /* TKey.h */; settings = {ATTRIBUTES = (Public, ); }; };
		4B32DB7D095804D20078710F /* TMeasure.h in Headers */ = {isa = PBXBuildFile; fileRef = D3B1D054060B3878005BEDC3 /* TMeasure.h */; settings = {ATTRIBUTES = (Public, ); }; };
		4B32DB7E095804D20078710F /* TMidiDevice.h in Headers */ = {isa = PBXBuildFile; fileRef = D3B1D055060B3878005BEDC3 /* TMidiDevice.h */; settings = {ATTRIBUTES = (Public, ); }; };
		4B32DB7F095804D20078710F /* TMidiInstrument.h in Headers */ = {isa = PBXBuildFile; fileRef = D3B1D056060B3878005BEDC3 /* TMidiInstrument.h */; settings = {ATTRIBUTES = (Public, ); }; };
		4B32DB80095804D20078710F /* TMusicXMLFile.h in Headers */ = {isa = PBXBuildFile; fileRef = D3B1D057060B3878005BEDC3 /* TMusicXMLFile.h */; settings = {ATTRIBUTES = (Public, ); }; };
		4B32DB81095804D20078710F /* TNodeVisitor.h in Headers */ = {isa = PBXBuildFile; fileRef = D3B1D058060B3878005BEDC3 /* TNodeVisitor.h */; settings = {ATTRIBUTES = (Public, ); }; };
		4B32DB82095804D20078710F /* TNotation.h in Headers */ = {isa = PBXBuildFile; fileRef = D3B1D059060B3878005BEDC3 /* TNotation.h */; settings = {ATTRIBUTES = (Public, ); }; };
		4B32DB83095804D20078710F /* TNote.h in Headers */ = {isa = PBXBuildFile; fileRef = D3B1D05A060B3878005BEDC3 /* TNote.h */; settings = {ATTRIBUTES = (Public, ); }; };
		4B32DB84095804D20078710F /* TPart.h in Headers */ = {isa = PBXBuildFile; fileRef = D3B1D05B060B3878005BEDC3 /* TPart.h */; settings = {ATTRIBUTES = (Public, ); }; };
		4B32DB85095804D20078710F /* TPartGroup.h in Headers */ = {isa = PBXBuildFile; fileRef = D3B1D05C060B3878005BEDC3 /* TPartGroup.h */; settings = {ATTRIBUTES = (Public, ); }; };
		4B32DB86095804D20078710F /* TPartList.h in Headers */ = {isa = PBXBuildFile; fileRef = D3B1D05D060B3878005BEDC3 /* TPartList.h */; settings = {ATTRIBUTES = (Public, ); }; };
		4B32DB87095804D20078710F /* TPitch.h in Headers */ = {isa = PBXBuildFile; fileRef = D3B1D05E060B3878005BEDC3 /* TPitch.h */; settings = {ATTRIBUTES = (Public, ); }; };
		4B32DB88095804D20078710F /* TRational.h in Headers */ = {isa = PBXBuildFile; fileRef = D3B1D05F060B3878005BEDC3 /* TRational.h */; settings = {ATTRIBUTES = (Public, ); }; };
		4B32DB89095804D20078710F /* TRolledVisitor.h in Headers */ = {isa = PBXBuildFile; fileRef = D3B1D060060B3878005BEDC3 /* TRolledVisitor.h */; settings = {ATTRIBUTES = (Public, ); }; };
		4B32DB8A095804D20078710F /* TRoutedVisitor.h in Headers */ = {isa = PBXBuildFile; fileRef = D3B1D061060B3878005BEDC3 /* TRoutedVisitor.h */; settings = {ATTRIBUTES = (Public, ); }; };
		4B32DB8B095804D20078710F /* TScanVisitor.h in Headers */ = {isa = PBXBuildFile; fileRef = D3B1D062060B3878005BEDC3 /* TScanVisitor.h */; settings = {ATTRIBUTES = (Public, ); }; };
		4B32DB8C095804D20078710F /* TScore.h in Headers */ = {isa = PBXBuildFile; fileRef = D3B1D063060B3878005BEDC3 /* TScore.h */; settings = {ATTRIBUTES = (Public, ); }; };
		4B32DB8D095804D20078710F /* TScoreHeader.h in Headers */ = {isa = PBXBuildFile; fileRef = D3B1D064060B3878005BEDC3 /* TScoreHeader.h */; settings = {ATTRIBUTES = (Public, ); }; };
		4B32DB8E095804D20078710F /* TScoreInstrument.h in Headers */ = {isa = PBXBuildFile; fileRef = D3B1D065060B3878005BEDC3 /* TScoreInstrument.h */; settings = {ATTRIBUTES = (Public, ); }; };
		4B32DB8F095804D20078710F /* TScorePart.h in Headers */ = {isa = PBXBuildFile; fileRef = D3B1D066060B3878005BEDC3 /* TScorePart.h */; settings = {ATTRIBUTES = (Public, ); }; };
		4B32DB90095804D20078710F /* TScorePartwise.h in Headers */ = {isa = PBXBuildFile; fileRef = D3B1D067060B3878005BEDC3 /* TScorePartwise.h */; settings = {ATTRIBUTES = (Public, ); }; };
		4B32DB91095804D20078710F /* TScoreTimewise.h in Headers */ = {isa = PBXBuildFile; fileRef = D3B1D068060B3878005BEDC3 /* TScoreTimewise.h */; settings = {ATTRIBUTES = (Public, ); }; };
		4B32DB92095804D20078710F /* TScoreVisitor.h in Headers */ = {isa = PBXBuildFile; fileRef = D3B1D069060B3878005BEDC3 /* TScoreVisitor.h */; settings = {ATTRIBUTES = (Public, ); }; };
		4B32DB93095804D20078710F /* TSound.h in Headers */ = {isa = PBXBuildFile; fileRef = D3B1D06A060B3878005BEDC3 /* TSound.h */; settings = {ATTRIBUTES = (Public, ); }; };
		4B32DB94095804D20078710F /* TTimeModification.h in Headers */ = {isa = PBXBuildFile; fileRef = D3B1D06B060B3878005BEDC3 /* TTimeModification.h */; settings = {ATTRIBUTES = (Public, ); }; };
		4B32DB95095804D20078710F /* TTimeSign.h in Headers */ = {isa = PBXBuildFile; fileRef = D3B1D06C060B3878005BEDC3 /* TTimeSign.h */; settings = {ATTRIBUTES = (Public, ); }; };
		4B32DB96095804D20078710F /* TTranspose.h in Headers */ = {isa = PBXBuildFile; fileRef = D3B1D06D060B3878005BEDC3 /* TTranspose.h */; settings = {ATTRIBUTES = (Public, ); }; };
		4B32DB97095804D20078710F /* TUnrolledVisitor.h in Headers */ = {isa = PBXBuildFile; fileRef = D3B1D06E060B3878005BEDC3 /* TUnrolledVisitor.h */; settings = {ATTRIBUTES = (Public, ); }; };
		4B32DB98095804D20078710F /* TWork.h in Headers */ = {isa = PBXBuildFile; fileRef = D3B1D06F060B3878005BEDC3 /* TWork.h */; settings = {ATTRIBUTES = (Public, ); }; };
		4B32DB99095804D20078710F /* TXML2GuidoVisitor.h in Headers */ = {isa = PBXBuildFile; fileRef = D3B1D070060B3878005BEDC3 /* TXML2GuidoVisitor.h */; settings = {ATTRIBUTES = (Public, ); }; };
		4B32DB9A095804D20078710F /* UTools.h in Headers */ = {isa = PBXBuildFile; fileRef = D3B1D071060B3878005BEDC3 /* UTools.h */; settings = {ATTRIBUTES = (Public, ); }; };
		4B32DB9B095804D20078710F /* xml.h in Headers */ = {isa = PBXBuildFile; fileRef = D3B1D072060B3878005BEDC3 /* xml.h */; settings = {ATTRIBUTES = (Public, ); }; };
		4B32DB9C095804D20078710F /* TMidiContextVisitor.h in Headers */ = {isa = PBXBuildFile; fileRef = D390F267066C8894003A07DE /* TMidiContextVisitor.h */; settings = {ATTRIBUTES = (Public, ); }; };
		4B32DB9D095804D20078710F /* TOrnaments.h in Headers */ = {isa = PBXBuildFile; fileRef = D378BB30068C76C200430935 /* TOrnaments.h */; settings = {ATTRIBUTES = (Public, ); }; };
		4B32DB9E095804D20078710F /* TTechnical.h in Headers */ = {isa = PBXBuildFile; fileRef = D32284B7068F548E001E0F38 /* TTechnical.h */; settings = {ATTRIBUTES = (Public, ); }; };
		4B32DB9F095804D20078710F /* TArpeggiate.h in Headers */ = {isa = PBXBuildFile; fileRef = D321A3940693263F00E2CE72 /* TArpeggiate.h */; settings = {ATTRIBUTES = (Public, ); }; };
		4B32DBA0095804D20078710F /* TFiguredBass.h in Headers */ = {isa = PBXBuildFile; fileRef = D31B9D30069336070084950A /* TFiguredBass.h */; settings = {ATTRIBUTES = (Public, ); }; };
		4B32DBA1095804D20078710F /* TMeasureStyle.h in Headers */ = {isa = PBXBuildFile; fileRef = D31B9D42069347070084950A /* TMeasureStyle.h */; settings = {ATTRIBUTES = (Public, ); }; };
		4B32DBA2095804D20078710F /* TStaffDetails.h in Headers */ = {isa = PBXBuildFile; fileRef = D3E9A80A0695A57800C359FF /* TStaffDetails.h */; settings = {ATTRIBUTES = (Public, ); }; };
		4B32DBA3095804D20078710F /* TOtherDirections.h in Headers */ = {isa = PBXBuildFile; fileRef = D3E9A8260695C1C200C359FF /* TOtherDirections.h */; settings = {ATTRIBUTES = (Public, ); }; };
		4B32DBA4095804D20078710F /* IMusicXMLReader.h in Headers */ = {isa = PBXBuildFile; fileRef = D31608600713343200BFD13D /* IMusicXMLReader.h */; };
		4B32DBA5095804D20078710F /* IMusicXMLVisitor.h in Headers */ = {isa = PBXBuildFile; fileRef = D31608610713343200BFD13D /* IMusicXMLVisitor.h */; };
		4B32DBA6095804D20078710F /* THarmony.h in Headers */ = {isa = PBXBuildFile; fileRef = D317A3E707146AE2001E21A6 /* THarmony.h */; settings = {ATTRIBUTES = (Public, ); }; };
		4B32DBA8095804D20078710F /* InfoPlist.strings in Resources */ = {isa = PBXBuildFile; fileRef = 089C1666FE841158C02AAC07 /* InfoPlist.strings */; };
		4B32DBAA095804D20078710F /* common.cpp in Sources */ = {isa = PBXBuildFile; fileRef = 4B6883070563908C00053105 /* common.cpp */; };
		4B32DBAB095804D20078710F /* conversions.cpp in Sources */ = {isa = PBXBuildFile; fileRef = 4B6883090563908C00053105 /* conversions.cpp */; };
		4B32DBAC095804D20078710F /* TAttributes.cpp in Sources */ = {isa = PBXBuildFile; fileRef = 4B68830F0563908C00053105 /* TAttributes.cpp */; };
		4B32DBAD095804D20078710F /* TBackupForward.cpp in Sources */ = {isa = PBXBuildFile; fileRef = 4B6883110563908C00053105 /* TBackupForward.cpp */; };
		4B32DBAE095804D20078710F /* TBarline.cpp in Sources */ = {isa = PBXBuildFile; fileRef = 4B6883130563908C00053105 /* TBarline.cpp */; };
		4B32DBAF095804D20078710F /* TChord.cpp in Sources */ = {isa = PBXBuildFile; fileRef = 4B6883150563908C00053105 /* TChord.cpp */; };
		4B32DBB0095804D20078710F /* TClef.cpp in Sources */ = {isa = PBXBuildFile; fileRef = 4B6883170563908C00053105 /* TClef.cpp */; };
		4B32DBB1095804D20078710F /* TDirection.cpp in Sources */ = {isa = PBXBuildFile; fileRef = 4B6883190563908C00053105 /* TDirection.cpp */; };
		4B32DBB2095804D20078710F /* TIdentification.cpp in Sources */ = {isa = PBXBuildFile; fileRef = 4B68831B0563908C00053105 /* TIdentification.cpp */; };
		4B32DBB3095804D20078710F /* TKey.cpp in Sources */ = {isa = PBXBuildFile; fileRef = 4B68831D0563908C00053105 /* TKey.cpp */; };
		4B32DBB4095804D20078710F /* TMeasure.cpp in Sources */ = {isa = PBXBuildFile; fileRef = 4B68831F0563908C00053105 /* TMeasure.cpp */; };
		4B32DBB5095804D20078710F /* TMidiDevice.cpp in Sources */ = {isa = PBXBuildFile; fileRef = 4B6883210563908C00053105 /* TMidiDevice.cpp */; };
		4B32DBB6095804D20078710F /* TMidiInstrument.cpp in Sources */ = {isa = PBXBuildFile; fileRef = 4B6883230563908C00053105 /* TMidiInstrument.cpp */; };
		4B32DBB7095804D20078710F /* TNotation.cpp in Sources */ = {isa = PBXBuildFile; fileRef = 4B6883290563908C00053105 /* TNotation.cpp */; };
		4B32DBB8095804D20078710F /* TNote.cpp in Sources */ = {isa = PBXBuildFile; fileRef = 4B68832B0563908C00053105 /* TNote.cpp */; };
		4B32DBB9095804D20078710F /* TPart.cpp in Sources */ = {isa = PBXBuildFile; fileRef = 4B68832D0563908C00053105 /* TPart.cpp */; };
		4B32DBBA095804D20078710F /* TPartGroup.cpp in Sources */ = {isa = PBXBuildFile; fileRef = 4B68832F0563908C00053105 /* TPartGroup.cpp */; };
		4B32DBBB095804D20078710F /* TPartList.cpp in Sources */ = {isa = PBXBuildFile; fileRef = 4B6883310563908C00053105 /* TPartList.cpp */; };
		4B32DBBC095804D20078710F /* TPitch.cpp in Sources */ = {isa = PBXBuildFile; fileRef = 4B6883330563908C00053105 /* TPitch.cpp */; };
		4B32DBBD095804D20078710F /* TRational.cpp in Sources */ = {isa = PBXBuildFile; fileRef = 4B6883350563908C00053105 /* TRational.cpp */; };
		4B32DBBE095804D20078710F /* TRoutedVisitor.cpp in Sources */ = {isa = PBXBuildFile; fileRef = 4B6883370563908C00053105 /* TRoutedVisitor.cpp */; };
		4B32DBBF095804D20078710F /* TScore.cpp in Sources */ = {isa = PBXBuildFile; fileRef = 4B6883390563908C00053105 /* TScore.cpp */; };
		4B32DBC0095804D20078710F /* TScoreHeader.cpp in Sources */ = {isa = PBXBuildFile; fileRef = 4B68833B0563908C00053105 /* TScoreHeader.cpp */; };
		4B32DBC1095804D20078710F /* TScoreInstrument.cpp in Sources */ = {isa = PBXBuildFile; fileRef = 4B68833D0563908C00053105 /* TScoreInstrument.cpp */; };
		4B32DBC2095804D20078710F /* TScorePart.cpp in Sources */ = {isa = PBXBuildFile; fileRef = 4B68833F0563908C00053105 /* TScorePart.cpp */; };
		4B32DBC3095804D20078710F /* TScorePartwise.cpp in Sources */ = {isa = PBXBuildFile; fileRef = 4B6883410563908C00053105 /* TScorePartwise.cpp */; };
		4B32DBC4095804D20078710F /* TScoreTimewise.cpp in Sources */ = {isa = PBXBuildFile; fileRef = 4B6883430563908C00053105 /* TScoreTimewise.cpp */; };
		4B32DBC5095804D20078710F /* TSound.cpp in Sources */ = {isa = PBXBuildFile; fileRef = 4B6883460563908C00053105 /* TSound.cpp */; };
		4B32DBC6095804D20078710F /* TTimeModification.cpp in Sources */ = {isa = PBXBuildFile; fileRef = 4B6883480563908C00053105 /* TTimeModification.cpp */; };
		4B32DBC7095804D20078710F /* TTimeSign.cpp in Sources */ = {isa = PBXBuildFile; fileRef = 4B68834A0563908C00053105 /* TTimeSign.cpp */; };
		4B32DBC8095804D20078710F /* TTranspose.cpp in Sources */ = {isa = PBXBuildFile; fileRef = 4B68834C0563908C00053105 /* TTranspose.cpp */; };
		4B32DBC9095804D20078710F /* TWork.cpp in Sources */ = {isa = PBXBuildFile; fileRef = 4B68834E0563908C00053105 /* TWork.cpp */; };
		4B32DBCA095804D20078710F /* xml.cpp in Sources */ = {isa = PBXBuildFile; fileRef = 4B6883500563908C00053105 /* xml.cpp */; };
		4B32DBCB095804D20078710F /* guido.cpp in Sources */ = {isa = PBXBuildFile; fileRef = 4B68843F0563909E00053105 /* guido.cpp */; };
		4B32DBCC095804D20078710F /* IMusicXMLVisitor.cpp in Sources */ = {isa = PBXBuildFile; fileRef = 4BA6DAF905753C4300053105 /* IMusicXMLVisitor.cpp */; };
		4B32DBCD095804D20078710F /* IMusicXMLReader.cpp in Sources */ = {isa = PBXBuildFile; fileRef = 4BA6DAFB05753C4300053105 /* IMusicXMLReader.cpp */; };
		4B32DBCE095804D20078710F /* smartpointer.cpp in Sources */ = {isa = PBXBuildFile; fileRef = 4BF9614805753DC600053105 /* smartpointer.cpp */; };
		4B32DBCF095804D20078710F /* TMusicXMLFile.cpp in Sources */ = {isa = PBXBuildFile; fileRef = 4BF9614C05753DEC00053105 /* TMusicXMLFile.cpp */; };
		4B32DBD0095804D20078710F /* TXML2GuidoVisitor.cpp in Sources */ = {isa = PBXBuildFile; fileRef = D35E66EE0608A6F0004DE1A0 /* TXML2GuidoVisitor.cpp */; };
		4B32DBD1095804D20078710F /* TRolledVisitor.cpp in Sources */ = {isa = PBXBuildFile; fileRef = 4BD0623D05C668670064F8DE /* TRolledVisitor.cpp */; };
		4B32DBD2095804D20078710F /* TScanVisitor.cpp in Sources */ = {isa = PBXBuildFile; fileRef = 4B68844C0563909E00053105 /* TScanVisitor.cpp */; };
		4B32DBD3095804D20078710F /* TUnrolledVisitor.cpp in Sources */ = {isa = PBXBuildFile; fileRef = 4BD0624505C668760064F8DE /* TUnrolledVisitor.cpp */; };
		4B32DBD4095804D20078710F /* TMidiContextVisitor.cpp in Sources */ = {isa = PBXBuildFile; fileRef = D390F263066C87D0003A07DE /* TMidiContextVisitor.cpp */; };
		4B32DBD5095804D20078710F /* TOrnaments.cpp in Sources */ = {isa = PBXBuildFile; fileRef = D378BB32068C76F400430935 /* TOrnaments.cpp */; };
		4B32DBD6095804D20078710F /* TTechnical.cpp in Sources */ = {isa = PBXBuildFile; fileRef = D32284B9068F54C2001E0F38 /* TTechnical.cpp */; };
		4B32DBD7095804D20078710F /* TArpeggiate.cpp in Sources */ = {isa = PBXBuildFile; fileRef = D321A3960693265D00E2CE72 /* TArpeggiate.cpp */; };
		4B32DBD8095804D20078710F /* TFiguredBass.cpp in Sources */ = {isa = PBXBuildFile; fileRef = D31B9D32069336280084950A /* TFiguredBass.cpp */; };
		4B32DBD9095804D20078710F /* TMeasureStyle.cpp in Sources */ = {isa = PBXBuildFile; fileRef = D31B9D44069347500084950A /* TMeasureStyle.cpp */; };
		4B32DBDA095804D20078710F /* TStaffDetails.cpp in Sources */ = {isa = PBXBuildFile; fileRef = D3E9A80C0695A5B000C359FF /* TStaffDetails.cpp */; };
		4B32DBDB095804D20078710F /* TOtherDirections.cpp in Sources */ = {isa = PBXBuildFile; fileRef = D3E9A8280695C1EC00C359FF /* TOtherDirections.cpp */; };
		4B32DBDC095804D20078710F /* THarmony.cpp in Sources */ = {isa = PBXBuildFile; fileRef = D316D16A0713FF4300C7437E /* THarmony.cpp */; };
		4B32DCD2095805290078710F /* MusicXML2Guido.cpp in Sources */ = {isa = PBXBuildFile; fileRef = D3DC070D0608B5190019C3F5 /* MusicXML2Guido.cpp */; };
		4B32DCD80958052A0078710F /* RandomMusic.cpp in Sources */ = {isa = PBXBuildFile; fileRef = D3DC07D00608BAD80019C3F5 /* RandomMusic.cpp */; };
		4B32DCDE0958052A0078710F /* RawTranspose.cpp in Sources */ = {isa = PBXBuildFile; fileRef = D3DC07E80608BB630019C3F5 /* RawTranspose.cpp */; };
		4B32DCE40958052A0078710F /* ReadWrite.cpp in Sources */ = {isa = PBXBuildFile; fileRef = 4B15CBB80665F0BF009ED0A8 /* ReadWrite.cpp */; };
		D332BF9509D2AC4C00AC1357 /* Iexpat.cpp in Sources */ = {isa = PBXBuildFile; fileRef = D332BF9309D2AC4C00AC1357 /* Iexpat.cpp */; };
		D332BF9609D2AC4C00AC1357 /* Iexpat.h in Headers */ = {isa = PBXBuildFile; fileRef = D332BF9409D2AC4C00AC1357 /* Iexpat.h */; };
		D332BF9C09D2AC8A00AC1357 /* reader.h in Headers */ = {isa = PBXBuildFile; fileRef = D332BF9B09D2AC8A00AC1357 /* reader.h */; };
		D332BFFB09D2B36E00AC1357 /* xmllex.cpp in Sources */ = {isa = PBXBuildFile; fileRef = D332BFF809D2B36E00AC1357 /* xmllex.cpp */; };
		D332BFFC09D2B36E00AC1357 /* xmlparse.cpp in Sources */ = {isa = PBXBuildFile; fileRef = D332BFF909D2B36E00AC1357 /* xmlparse.cpp */; };
		D332BFFD09D2B36E00AC1357 /* xmlparse.h in Headers */ = {isa = PBXBuildFile; fileRef = D332BFFA09D2B36E00AC1357 /* xmlparse.h */; };
/* End PBXBuildFile section */

/* Begin PBXBuildStyle section */
		4F0BB7EC011F40E904CA0E50 /* Development */ = {
			isa = PBXBuildStyle;
			buildSettings = {
				COPY_PHASE_STRIP = NO;
				GCC_DYNAMIC_NO_PIC = NO;
				GCC_ENABLE_FIX_AND_CONTINUE = YES;
				GCC_GENERATE_DEBUGGING_SYMBOLS = YES;
				GCC_OPTIMIZATION_LEVEL = 0;
				OPTIMIZATION_CFLAGS = "-O0";
				ZERO_LINK = YES;
			};
			name = Development;
		};
		4F0BB7ED011F40E904CA0E50 /* Deployment */ = {
			isa = PBXBuildStyle;
			buildSettings = {
				COPY_PHASE_STRIP = YES;
				GCC_ENABLE_FIX_AND_CONTINUE = NO;
				GCC_GENERATE_DEBUGGING_SYMBOLS = NO;
				GCC_MODEL_TUNING = "";
				ZERO_LINK = NO;
			};
			name = Deployment;
		};
/* End PBXBuildStyle section */

/* Begin PBXContainerItemProxy section */
		4B32DCE9095805BC0078710F /* PBXContainerItemProxy */ = {
			isa = PBXContainerItemProxy;
			containerPortal = 0867D690FE84028FC02AAC07 /* Project object */;
			proxyType = 1;
			remoteGlobalIDString = 4B32DB6A095804D20078710F;
			remoteInfo = LibMusicXML;
		};
		4B32DCEB095805BC0078710F /* PBXContainerItemProxy */ = {
			isa = PBXContainerItemProxy;
			containerPortal = 0867D690FE84028FC02AAC07 /* Project object */;
			proxyType = 1;
			remoteGlobalIDString = 4B32DCCF095805290078710F;
			remoteInfo = musicXML2guido;
		};
		4B32DCED095805BC0078710F /* PBXContainerItemProxy */ = {
			isa = PBXContainerItemProxy;
			containerPortal = 0867D690FE84028FC02AAC07 /* Project object */;
			proxyType = 1;
			remoteGlobalIDString = 4B32DCD50958052A0078710F;
			remoteInfo = randomMusic;
		};
		4B32DCEF095805BC0078710F /* PBXContainerItemProxy */ = {
			isa = PBXContainerItemProxy;
			containerPortal = 0867D690FE84028FC02AAC07 /* Project object */;
			proxyType = 1;
			remoteGlobalIDString = 4B32DCDB0958052A0078710F;
			remoteInfo = rawTranspose;
		};
		4B32DCF1095805BC0078710F /* PBXContainerItemProxy */ = {
			isa = PBXContainerItemProxy;
			containerPortal = 0867D690FE84028FC02AAC07 /* Project object */;
			proxyType = 1;
			remoteGlobalIDString = 4B32DCE10958052A0078710F;
			remoteInfo = ReadWrite;
		};
/* End PBXContainerItemProxy section */

/* Begin PBXFileReference section */
		089C1667FE841158C02AAC07 /* English */ = {isa = PBXFileReference; fileEncoding = 10; lastKnownFileType = text.plist.strings; name = English; path = English.lproj/InfoPlist.strings; sourceTree = "<group>"; };
		4B15CBB80665F0BF009ED0A8 /* ReadWrite.cpp */ = {isa = PBXFileReference; fileEncoding = 30; lastKnownFileType = sourcecode.cpp.cpp; name = ReadWrite.cpp; path = ../samples/ReadWrite.cpp; sourceTree = SOURCE_ROOT; };
		4B32DBE0095804D20078710F /* libMusicXML.framework */ = {isa = PBXFileReference; explicitFileType = wrapper.framework; includeInIndex = 0; path = libMusicXML.framework; sourceTree = BUILT_PRODUCTS_DIR; };
		4B32DCD3095805290078710F /* musicXML2guido */ = {isa = PBXFileReference; explicitFileType = "compiled.mach-o.executable"; includeInIndex = 0; path = musicXML2guido; sourceTree = BUILT_PRODUCTS_DIR; };
		4B32DCD90958052A0078710F /* randomMusic */ = {isa = PBXFileReference; explicitFileType = "compiled.mach-o.executable"; includeInIndex = 0; path = randomMusic; sourceTree = BUILT_PRODUCTS_DIR; };
		4B32DCDF0958052A0078710F /* rawTranspose */ = {isa = PBXFileReference; explicitFileType = "compiled.mach-o.executable"; includeInIndex = 0; path = rawTranspose; sourceTree = BUILT_PRODUCTS_DIR; };
		4B32DCE50958052A0078710F /* ReadWrite */ = {isa = PBXFileReference; explicitFileType = "compiled.mach-o.executable"; includeInIndex = 0; path = ReadWrite; sourceTree = BUILT_PRODUCTS_DIR; };
		4B6883070563908C00053105 /* common.cpp */ = {isa = PBXFileReference; fileEncoding = 30; lastKnownFileType = sourcecode.cpp.cpp; path = common.cpp; sourceTree = "<group>"; };
		4B6883090563908C00053105 /* conversions.cpp */ = {isa = PBXFileReference; fileEncoding = 30; lastKnownFileType = sourcecode.cpp.cpp; path = conversions.cpp; sourceTree = "<group>"; };
		4B68830F0563908C00053105 /* TAttributes.cpp */ = {isa = PBXFileReference; fileEncoding = 30; lastKnownFileType = sourcecode.cpp.cpp; path = TAttributes.cpp; sourceTree = "<group>"; };
		4B6883110563908C00053105 /* TBackupForward.cpp */ = {isa = PBXFileReference; fileEncoding = 30; lastKnownFileType = sourcecode.cpp.cpp; path = TBackupForward.cpp; sourceTree = "<group>"; };
		4B6883130563908C00053105 /* TBarline.cpp */ = {isa = PBXFileReference; fileEncoding = 30; lastKnownFileType = sourcecode.cpp.cpp; path = TBarline.cpp; sourceTree = "<group>"; };
		4B6883150563908C00053105 /* TChord.cpp */ = {isa = PBXFileReference; fileEncoding = 30; lastKnownFileType = sourcecode.cpp.cpp; path = TChord.cpp; sourceTree = "<group>"; };
		4B6883170563908C00053105 /* TClef.cpp */ = {isa = PBXFileReference; fileEncoding = 30; lastKnownFileType = sourcecode.cpp.cpp; path = TClef.cpp; sourceTree = "<group>"; };
		4B6883190563908C00053105 /* TDirection.cpp */ = {isa = PBXFileReference; fileEncoding = 30; lastKnownFileType = sourcecode.cpp.cpp; path = TDirection.cpp; sourceTree = "<group>"; };
		4B68831B0563908C00053105 /* TIdentification.cpp */ = {isa = PBXFileReference; fileEncoding = 30; lastKnownFileType = sourcecode.cpp.cpp; path = TIdentification.cpp; sourceTree = "<group>"; };
		4B68831D0563908C00053105 /* TKey.cpp */ = {isa = PBXFileReference; fileEncoding = 30; lastKnownFileType = sourcecode.cpp.cpp; path = TKey.cpp; sourceTree = "<group>"; };
		4B68831F0563908C00053105 /* TMeasure.cpp */ = {isa = PBXFileReference; fileEncoding = 30; lastKnownFileType = sourcecode.cpp.cpp; path = TMeasure.cpp; sourceTree = "<group>"; };
		4B6883210563908C00053105 /* TMidiDevice.cpp */ = {isa = PBXFileReference; fileEncoding = 30; lastKnownFileType = sourcecode.cpp.cpp; path = TMidiDevice.cpp; sourceTree = "<group>"; };
		4B6883230563908C00053105 /* TMidiInstrument.cpp */ = {isa = PBXFileReference; fileEncoding = 30; lastKnownFileType = sourcecode.cpp.cpp; path = TMidiInstrument.cpp; sourceTree = "<group>"; };
		4B6883290563908C00053105 /* TNotation.cpp */ = {isa = PBXFileReference; fileEncoding = 30; lastKnownFileType = sourcecode.cpp.cpp; path = TNotation.cpp; sourceTree = "<group>"; };
		4B68832B0563908C00053105 /* TNote.cpp */ = {isa = PBXFileReference; fileEncoding = 30; lastKnownFileType = sourcecode.cpp.cpp; path = TNote.cpp; sourceTree = "<group>"; };
		4B68832D0563908C00053105 /* TPart.cpp */ = {isa = PBXFileReference; fileEncoding = 30; lastKnownFileType = sourcecode.cpp.cpp; path = TPart.cpp; sourceTree = "<group>"; };
		4B68832F0563908C00053105 /* TPartGroup.cpp */ = {isa = PBXFileReference; fileEncoding = 30; lastKnownFileType = sourcecode.cpp.cpp; path = TPartGroup.cpp; sourceTree = "<group>"; };
		4B6883310563908C00053105 /* TPartList.cpp */ = {isa = PBXFileReference; fileEncoding = 30; lastKnownFileType = sourcecode.cpp.cpp; path = TPartList.cpp; sourceTree = "<group>"; };
		4B6883330563908C00053105 /* TPitch.cpp */ = {isa = PBXFileReference; fileEncoding = 30; lastKnownFileType = sourcecode.cpp.cpp; path = TPitch.cpp; sourceTree = "<group>"; };
		4B6883350563908C00053105 /* TRational.cpp */ = {isa = PBXFileReference; fileEncoding = 30; lastKnownFileType = sourcecode.cpp.cpp; path = TRational.cpp; sourceTree = "<group>"; };
		4B6883370563908C00053105 /* TRoutedVisitor.cpp */ = {isa = PBXFileReference; fileEncoding = 30; lastKnownFileType = sourcecode.cpp.cpp; path = TRoutedVisitor.cpp; sourceTree = "<group>"; };
		4B6883390563908C00053105 /* TScore.cpp */ = {isa = PBXFileReference; fileEncoding = 30; lastKnownFileType = sourcecode.cpp.cpp; path = TScore.cpp; sourceTree = "<group>"; };
		4B68833B0563908C00053105 /* TScoreHeader.cpp */ = {isa = PBXFileReference; fileEncoding = 30; lastKnownFileType = sourcecode.cpp.cpp; path = TScoreHeader.cpp; sourceTree = "<group>"; };
		4B68833D0563908C00053105 /* TScoreInstrument.cpp */ = {isa = PBXFileReference; fileEncoding = 30; lastKnownFileType = sourcecode.cpp.cpp; path = TScoreInstrument.cpp; sourceTree = "<group>"; };
		4B68833F0563908C00053105 /* TScorePart.cpp */ = {isa = PBXFileReference; fileEncoding = 30; lastKnownFileType = sourcecode.cpp.cpp; path = TScorePart.cpp; sourceTree = "<group>"; };
		4B6883410563908C00053105 /* TScorePartwise.cpp */ = {isa = PBXFileReference; fileEncoding = 30; lastKnownFileType = sourcecode.cpp.cpp; path = TScorePartwise.cpp; sourceTree = "<group>"; };
		4B6883430563908C00053105 /* TScoreTimewise.cpp */ = {isa = PBXFileReference; fileEncoding = 30; lastKnownFileType = sourcecode.cpp.cpp; path = TScoreTimewise.cpp; sourceTree = "<group>"; };
		4B6883460563908C00053105 /* TSound.cpp */ = {isa = PBXFileReference; fileEncoding = 30; lastKnownFileType = sourcecode.cpp.cpp; path = TSound.cpp; sourceTree = "<group>"; };
		4B6883480563908C00053105 /* TTimeModification.cpp */ = {isa = PBXFileReference; fileEncoding = 30; lastKnownFileType = sourcecode.cpp.cpp; path = TTimeModification.cpp; sourceTree = "<group>"; };
		4B68834A0563908C00053105 /* TTimeSign.cpp */ = {isa = PBXFileReference; fileEncoding = 30; lastKnownFileType = sourcecode.cpp.cpp; path = TTimeSign.cpp; sourceTree = "<group>"; };
		4B68834C0563908C00053105 /* TTranspose.cpp */ = {isa = PBXFileReference; fileEncoding = 30; lastKnownFileType = sourcecode.cpp.cpp; path = TTranspose.cpp; sourceTree = "<group>"; };
		4B68834E0563908C00053105 /* TWork.cpp */ = {isa = PBXFileReference; fileEncoding = 30; lastKnownFileType = sourcecode.cpp.cpp; path = TWork.cpp; sourceTree = "<group>"; };
		4B6883500563908C00053105 /* xml.cpp */ = {isa = PBXFileReference; fileEncoding = 30; lastKnownFileType = sourcecode.cpp.cpp; path = xml.cpp; sourceTree = "<group>"; };
		4B68843F0563909E00053105 /* guido.cpp */ = {isa = PBXFileReference; fileEncoding = 30; lastKnownFileType = sourcecode.cpp.cpp; path = guido.cpp; sourceTree = "<group>"; };
		4B68844C0563909E00053105 /* TScanVisitor.cpp */ = {isa = PBXFileReference; fileEncoding = 30; lastKnownFileType = sourcecode.cpp.cpp; path = TScanVisitor.cpp; sourceTree = "<group>"; };
		4BA6DAF905753C4300053105 /* IMusicXMLVisitor.cpp */ = {isa = PBXFileReference; fileEncoding = 30; lastKnownFileType = sourcecode.cpp.cpp; name = IMusicXMLVisitor.cpp; path = ../core/IMusicXMLVisitor.cpp; sourceTree = SOURCE_ROOT; };
		4BA6DAFB05753C4300053105 /* IMusicXMLReader.cpp */ = {isa = PBXFileReference; fileEncoding = 30; lastKnownFileType = sourcecode.cpp.cpp; name = IMusicXMLReader.cpp; path = ../core/IMusicXMLReader.cpp; sourceTree = SOURCE_ROOT; };
		4BD0623D05C668670064F8DE /* TRolledVisitor.cpp */ = {isa = PBXFileReference; fileEncoding = 30; lastKnownFileType = sourcecode.cpp.cpp; name = TRolledVisitor.cpp; path = ../visitors/TRolledVisitor.cpp; sourceTree = SOURCE_ROOT; };
		4BD0624505C668760064F8DE /* TUnrolledVisitor.cpp */ = {isa = PBXFileReference; fileEncoding = 30; lastKnownFileType = sourcecode.cpp.cpp; name = TUnrolledVisitor.cpp; path = ../visitors/TUnrolledVisitor.cpp; sourceTree = SOURCE_ROOT; };
		4BF9614805753DC600053105 /* smartpointer.cpp */ = {isa = PBXFileReference; fileEncoding = 30; lastKnownFileType = sourcecode.cpp.cpp; name = smartpointer.cpp; path = ../core/smartpointer.cpp; sourceTree = SOURCE_ROOT; };
		4BF9614C05753DEC00053105 /* TMusicXMLFile.cpp */ = {isa = PBXFileReference; fileEncoding = 30; lastKnownFileType = sourcecode.cpp.cpp; name = TMusicXMLFile.cpp; path = ../core/TMusicXMLFile.cpp; sourceTree = SOURCE_ROOT; };
		D31608600713343200BFD13D /* IMusicXMLReader.h */ = {isa = PBXFileReference; fileEncoding = 30; lastKnownFileType = sourcecode.c.h; name = IMusicXMLReader.h; path = ../core/IMusicXMLReader.h; sourceTree = SOURCE_ROOT; };
		D31608610713343200BFD13D /* IMusicXMLVisitor.h */ = {isa = PBXFileReference; fileEncoding = 30; lastKnownFileType = sourcecode.c.h; name = IMusicXMLVisitor.h; path = ../core/IMusicXMLVisitor.h; sourceTree = SOURCE_ROOT; };
		D316D16A0713FF4300C7437E /* THarmony.cpp */ = {isa = PBXFileReference; fileEncoding = 30; lastKnownFileType = sourcecode.cpp.cpp; name = THarmony.cpp; path = ../core/THarmony.cpp; sourceTree = SOURCE_ROOT; };
		D317A3E707146AE2001E21A6 /* THarmony.h */ = {isa = PBXFileReference; fileEncoding = 30; lastKnownFileType = sourcecode.c.h; name = THarmony.h; path = ../include/THarmony.h; sourceTree = SOURCE_ROOT; };
		D31B9D30069336070084950A /* TFiguredBass.h */ = {isa = PBXFileReference; fileEncoding = 30; lastKnownFileType = sourcecode.c.h; name = TFiguredBass.h; path = ../include/TFiguredBass.h; sourceTree = SOURCE_ROOT; };
		D31B9D32069336280084950A /* TFiguredBass.cpp */ = {isa = PBXFileReference; fileEncoding = 30; lastKnownFileType = sourcecode.cpp.cpp; name = TFiguredBass.cpp; path = ../core/TFiguredBass.cpp; sourceTree = SOURCE_ROOT; };
		D31B9D42069347070084950A /* TMeasureStyle.h */ = {isa = PBXFileReference; fileEncoding = 30; lastKnownFileType = sourcecode.c.h; name = TMeasureStyle.h; path = ../include/TMeasureStyle.h; sourceTree = SOURCE_ROOT; };
		D31B9D44069347500084950A /* TMeasureStyle.cpp */ = {isa = PBXFileReference; fileEncoding = 30; lastKnownFileType = sourcecode.cpp.cpp; name = TMeasureStyle.cpp; path = ../core/TMeasureStyle.cpp; sourceTree = SOURCE_ROOT; };
		D321A3940693263F00E2CE72 /* TArpeggiate.h */ = {isa = PBXFileReference; fileEncoding = 30; lastKnownFileType = sourcecode.c.h; name = TArpeggiate.h; path = ../include/TArpeggiate.h; sourceTree = SOURCE_ROOT; };
		D321A3960693265D00E2CE72 /* TArpeggiate.cpp */ = {isa = PBXFileReference; fileEncoding = 30; lastKnownFileType = sourcecode.cpp.cpp; name = TArpeggiate.cpp; path = ../core/TArpeggiate.cpp; sourceTree = SOURCE_ROOT; };
		D32284B7068F548E001E0F38 /* TTechnical.h */ = {isa = PBXFileReference; fileEncoding = 30; lastKnownFileType = sourcecode.c.h; name = TTechnical.h; path = ../include/TTechnical.h; sourceTree = SOURCE_ROOT; };
		D32284B9068F54C2001E0F38 /* TTechnical.cpp */ = {isa = PBXFileReference; fileEncoding = 30; lastKnownFileType = sourcecode.cpp.cpp; name = TTechnical.cpp; path = ../core/TTechnical.cpp; sourceTree = SOURCE_ROOT; };
		D332BF9309D2AC4C00AC1357 /* Iexpat.cpp */ = {isa = PBXFileReference; fileEncoding = 30; lastKnownFileType = sourcecode.cpp.cpp; name = Iexpat.cpp; path = ../core/Iexpat.cpp; sourceTree = SOURCE_ROOT; };
		D332BF9409D2AC4C00AC1357 /* Iexpat.h */ = {isa = PBXFileReference; fileEncoding = 30; lastKnownFileType = sourcecode.c.h; name = Iexpat.h; path = ../core/Iexpat.h; sourceTree = SOURCE_ROOT; };
		D332BF9B09D2AC8A00AC1357 /* reader.h */ = {isa = PBXFileReference; fileEncoding = 30; lastKnownFileType = sourcecode.c.h; name = reader.h; path = ../core/reader.h; sourceTree = SOURCE_ROOT; };
		D332BFF809D2B36E00AC1357 /* xmllex.cpp */ = {isa = PBXFileReference; fileEncoding = 30; lastKnownFileType = sourcecode.cpp.cpp; name = xmllex.cpp; path = ../core/xmllex.cpp; sourceTree = SOURCE_ROOT; };
		D332BFF909D2B36E00AC1357 /* xmlparse.cpp */ = {isa = PBXFileReference; fileEncoding = 30; lastKnownFileType = sourcecode.cpp.cpp; name = xmlparse.cpp; path = ../core/xmlparse.cpp; sourceTree = SOURCE_ROOT; };
		D332BFFA09D2B36E00AC1357 /* xmlparse.h */ = {isa = PBXFileReference; fileEncoding = 30; lastKnownFileType = sourcecode.c.h; name = xmlparse.h; path = ../core/xmlparse.h; sourceTree = SOURCE_ROOT; };
		D35E66EE0608A6F0004DE1A0 /* TXML2GuidoVisitor.cpp */ = {isa = PBXFileReference; fileEncoding = 30; lastKnownFileType = sourcecode.cpp.cpp; name = TXML2GuidoVisitor.cpp; path = ../visitors/TXML2GuidoVisitor.cpp; sourceTree = SOURCE_ROOT; };
		D378BB30068C76C200430935 /* TOrnaments.h */ = {isa = PBXFileReference; fileEncoding = 30; lastKnownFileType = sourcecode.c.h; name = TOrnaments.h; path = ../include/TOrnaments.h; sourceTree = SOURCE_ROOT; };
		D378BB32068C76F400430935 /* TOrnaments.cpp */ = {isa = PBXFileReference; fileEncoding = 30; lastKnownFileType = sourcecode.cpp.cpp; path = TOrnaments.cpp; sourceTree = "<group>"; };
		D390F263066C87D0003A07DE /* TMidiContextVisitor.cpp */ = {isa = PBXFileReference; fileEncoding = 30; lastKnownFileType = sourcecode.cpp.cpp; name = TMidiContextVisitor.cpp; path = ../visitors/TMidiContextVisitor.cpp; sourceTree = SOURCE_ROOT; };
		D390F267066C8894003A07DE /* TMidiContextVisitor.h */ = {isa = PBXFileReference; fileEncoding = 30; lastKnownFileType = sourcecode.c.h; name = TMidiContextVisitor.h; path = ../include/TMidiContextVisitor.h; sourceTree = SOURCE_ROOT; };
		D3B1D043060B3878005BEDC3 /* bimap.h */ = {isa = PBXFileReference; fileEncoding = 30; lastKnownFileType = sourcecode.c.h; name = bimap.h; path = ../include/bimap.h; sourceTree = SOURCE_ROOT; };
		D3B1D044060B3878005BEDC3 /* common.h */ = {isa = PBXFileReference; fileEncoding = 30; lastKnownFileType = sourcecode.c.h; name = common.h; path = ../include/common.h; sourceTree = SOURCE_ROOT; };
		D3B1D045060B3878005BEDC3 /* conversions.h */ = {isa = PBXFileReference; fileEncoding = 30; lastKnownFileType = sourcecode.c.h; name = conversions.h; path = ../include/conversions.h; sourceTree = SOURCE_ROOT; };
		D3B1D046060B3878005BEDC3 /* exports.h */ = {isa = PBXFileReference; fileEncoding = 30; lastKnownFileType = sourcecode.c.h; name = exports.h; path = ../include/exports.h; sourceTree = SOURCE_ROOT; };
		D3B1D047060B3878005BEDC3 /* guido.h */ = {isa = PBXFileReference; fileEncoding = 30; lastKnownFileType = sourcecode.c.h; name = guido.h; path = ../include/guido.h; sourceTree = SOURCE_ROOT; };
		D3B1D048060B3878005BEDC3 /* guidovisitor.h */ = {isa = PBXFileReference; fileEncoding = 30; lastKnownFileType = sourcecode.c.h; name = guidovisitor.h; path = ../include/guidovisitor.h; sourceTree = SOURCE_ROOT; };
		D3B1D049060B3878005BEDC3 /* LibMusicXML.h */ = {isa = PBXFileReference; fileEncoding = 30; lastKnownFileType = sourcecode.c.h; name = LibMusicXML.h; path = ../include/LibMusicXML.h; sourceTree = SOURCE_ROOT; };
		D3B1D04A060B3878005BEDC3 /* smartclasses.h */ = {isa = PBXFileReference; fileEncoding = 30; lastKnownFileType = sourcecode.c.h; name = smartclasses.h; path = ../include/smartclasses.h; sourceTree = SOURCE_ROOT; };
		D3B1D04B060B3878005BEDC3 /* smartpointer.h */ = {isa = PBXFileReference; fileEncoding = 30; lastKnownFileType = sourcecode.c.h; name = smartpointer.h; path = ../include/smartpointer.h; sourceTree = SOURCE_ROOT; };
		D3B1D04C060B3878005BEDC3 /* TAttributes.h */ = {isa = PBXFileReference; fileEncoding = 30; lastKnownFileType = sourcecode.c.h; name = TAttributes.h; path = ../include/TAttributes.h; sourceTree = SOURCE_ROOT; };
		D3B1D04D060B3878005BEDC3 /* TBackupForward.h */ = {isa = PBXFileReference; fileEncoding = 30; lastKnownFileType = sourcecode.c.h; name = TBackupForward.h; path = ../include/TBackupForward.h; sourceTree = SOURCE_ROOT; };
		D3B1D04E060B3878005BEDC3 /* TBarline.h */ = {isa = PBXFileReference; fileEncoding = 30; lastKnownFileType = sourcecode.c.h; name = TBarline.h; path = ../include/TBarline.h; sourceTree = SOURCE_ROOT; };
		D3B1D04F060B3878005BEDC3 /* TChord.h */ = {isa = PBXFileReference; fileEncoding = 30; lastKnownFileType = sourcecode.c.h; name = TChord.h; path = ../include/TChord.h; sourceTree = SOURCE_ROOT; };
		D3B1D050060B3878005BEDC3 /* TClef.h */ = {isa = PBXFileReference; fileEncoding = 30; lastKnownFileType = sourcecode.c.h; name = TClef.h; path = ../include/TClef.h; sourceTree = SOURCE_ROOT; };
		D3B1D051060B3878005BEDC3 /* TDirection.h */ = {isa = PBXFileReference; fileEncoding = 30; lastKnownFileType = sourcecode.c.h; name = TDirection.h; path = ../include/TDirection.h; sourceTree = SOURCE_ROOT; };
		D3B1D052060B3878005BEDC3 /* TIdentification.h */ = {isa = PBXFileReference; fileEncoding = 30; lastKnownFileType = sourcecode.c.h; name = TIdentification.h; path = ../include/TIdentification.h; sourceTree = SOURCE_ROOT; };
		D3B1D053060B3878005BEDC3 /* TKey.h */ = {isa = PBXFileReference; fileEncoding = 30; lastKnownFileType = sourcecode.c.h; name = TKey.h; path = ../include/TKey.h; sourceTree = SOURCE_ROOT; };
		D3B1D054060B3878005BEDC3 /* TMeasure.h */ = {isa = PBXFileReference; fileEncoding = 30; lastKnownFileType = sourcecode.c.h; name = TMeasure.h; path = ../include/TMeasure.h; sourceTree = SOURCE_ROOT; };
		D3B1D055060B3878005BEDC3 /* TMidiDevice.h */ = {isa = PBXFileReference; fileEncoding = 30; lastKnownFileType = sourcecode.c.h; name = TMidiDevice.h; path = ../include/TMidiDevice.h; sourceTree = SOURCE_ROOT; };
		D3B1D056060B3878005BEDC3 /* TMidiInstrument.h */ = {isa = PBXFileReference; fileEncoding = 30; lastKnownFileType = sourcecode.c.h; name = TMidiInstrument.h; path = ../include/TMidiInstrument.h; sourceTree = SOURCE_ROOT; };
		D3B1D057060B3878005BEDC3 /* TMusicXMLFile.h */ = {isa = PBXFileReference; fileEncoding = 30; lastKnownFileType = sourcecode.c.h; name = TMusicXMLFile.h; path = ../include/TMusicXMLFile.h; sourceTree = SOURCE_ROOT; };
		D3B1D058060B3878005BEDC3 /* TNodeVisitor.h */ = {isa = PBXFileReference; fileEncoding = 30; lastKnownFileType = sourcecode.c.h; name = TNodeVisitor.h; path = ../include/TNodeVisitor.h; sourceTree = SOURCE_ROOT; };
		D3B1D059060B3878005BEDC3 /* TNotation.h */ = {isa = PBXFileReference; fileEncoding = 30; lastKnownFileType = sourcecode.c.h; name = TNotation.h; path = ../include/TNotation.h; sourceTree = SOURCE_ROOT; };
		D3B1D05A060B3878005BEDC3 /* TNote.h */ = {isa = PBXFileReference; fileEncoding = 30; lastKnownFileType = sourcecode.c.h; name = TNote.h; path = ../include/TNote.h; sourceTree = SOURCE_ROOT; };
		D3B1D05B060B3878005BEDC3 /* TPart.h */ = {isa = PBXFileReference; fileEncoding = 30; lastKnownFileType = sourcecode.c.h; name = TPart.h; path = ../include/TPart.h; sourceTree = SOURCE_ROOT; };
		D3B1D05C060B3878005BEDC3 /* TPartGroup.h */ = {isa = PBXFileReference; fileEncoding = 30; lastKnownFileType = sourcecode.c.h; name = TPartGroup.h; path = ../include/TPartGroup.h; sourceTree = SOURCE_ROOT; };
		D3B1D05D060B3878005BEDC3 /* TPartList.h */ = {isa = PBXFileReference; fileEncoding = 30; lastKnownFileType = sourcecode.c.h; name = TPartList.h; path = ../include/TPartList.h; sourceTree = SOURCE_ROOT; };
		D3B1D05E060B3878005BEDC3 /* TPitch.h */ = {isa = PBXFileReference; fileEncoding = 30; lastKnownFileType = sourcecode.c.h; name = TPitch.h; path = ../include/TPitch.h; sourceTree = SOURCE_ROOT; };
		D3B1D05F060B3878005BEDC3 /* TRational.h */ = {isa = PBXFileReference; fileEncoding = 30; lastKnownFileType = sourcecode.c.h; name = TRational.h; path = ../include/TRational.h; sourceTree = SOURCE_ROOT; };
		D3B1D060060B3878005BEDC3 /* TRolledVisitor.h */ = {isa = PBXFileReference; fileEncoding = 30; lastKnownFileType = sourcecode.c.h; name = TRolledVisitor.h; path = ../include/TRolledVisitor.h; sourceTree = SOURCE_ROOT; };
		D3B1D061060B3878005BEDC3 /* TRoutedVisitor.h */ = {isa = PBXFileReference; fileEncoding = 30; lastKnownFileType = sourcecode.c.h; name = TRoutedVisitor.h; path = ../include/TRoutedVisitor.h; sourceTree = SOURCE_ROOT; };
		D3B1D062060B3878005BEDC3 /* TScanVisitor.h */ = {isa = PBXFileReference; fileEncoding = 30; lastKnownFileType = sourcecode.c.h; name = TScanVisitor.h; path = ../include/TScanVisitor.h; sourceTree = SOURCE_ROOT; };
		D3B1D063060B3878005BEDC3 /* TScore.h */ = {isa = PBXFileReference; fileEncoding = 30; lastKnownFileType = sourcecode.c.h; name = TScore.h; path = ../include/TScore.h; sourceTree = SOURCE_ROOT; };
		D3B1D064060B3878005BEDC3 /* TScoreHeader.h */ = {isa = PBXFileReference; fileEncoding = 30; lastKnownFileType = sourcecode.c.h; name = TScoreHeader.h; path = ../include/TScoreHeader.h; sourceTree = SOURCE_ROOT; };
		D3B1D065060B3878005BEDC3 /* TScoreInstrument.h */ = {isa = PBXFileReference; fileEncoding = 30; lastKnownFileType = sourcecode.c.h; name = TScoreInstrument.h; path = ../include/TScoreInstrument.h; sourceTree = SOURCE_ROOT; };
		D3B1D066060B3878005BEDC3 /* TScorePart.h */ = {isa = PBXFileReference; fileEncoding = 30; lastKnownFileType = sourcecode.c.h; name = TScorePart.h; path = ../include/TScorePart.h; sourceTree = SOURCE_ROOT; };
		D3B1D067060B3878005BEDC3 /* TScorePartwise.h */ = {isa = PBXFileReference; fileEncoding = 30; lastKnownFileType = sourcecode.c.h; name = TScorePartwise.h; path = ../include/TScorePartwise.h; sourceTree = SOURCE_ROOT; };
		D3B1D068060B3878005BEDC3 /* TScoreTimewise.h */ = {isa = PBXFileReference; fileEncoding = 30; lastKnownFileType = sourcecode.c.h; name = TScoreTimewise.h; path = ../include/TScoreTimewise.h; sourceTree = SOURCE_ROOT; };
		D3B1D069060B3878005BEDC3 /* TScoreVisitor.h */ = {isa = PBXFileReference; fileEncoding = 30; lastKnownFileType = sourcecode.c.h; name = TScoreVisitor.h; path = ../include/TScoreVisitor.h; sourceTree = SOURCE_ROOT; };
		D3B1D06A060B3878005BEDC3 /* TSound.h */ = {isa = PBXFileReference; fileEncoding = 30; lastKnownFileType = sourcecode.c.h; name = TSound.h; path = ../include/TSound.h; sourceTree = SOURCE_ROOT; };
		D3B1D06B060B3878005BEDC3 /* TTimeModification.h */ = {isa = PBXFileReference; fileEncoding = 30; lastKnownFileType = sourcecode.c.h; name = TTimeModification.h; path = ../include/TTimeModification.h; sourceTree = SOURCE_ROOT; };
		D3B1D06C060B3878005BEDC3 /* TTimeSign.h */ = {isa = PBXFileReference; fileEncoding = 30; lastKnownFileType = sourcecode.c.h; name = TTimeSign.h; path = ../include/TTimeSign.h; sourceTree = SOURCE_ROOT; };
		D3B1D06D060B3878005BEDC3 /* TTranspose.h */ = {isa = PBXFileReference; fileEncoding = 30; lastKnownFileType = sourcecode.c.h; name = TTranspose.h; path = ../include/TTranspose.h; sourceTree = SOURCE_ROOT; };
		D3B1D06E060B3878005BEDC3 /* TUnrolledVisitor.h */ = {isa = PBXFileReference; fileEncoding = 30; lastKnownFileType = sourcecode.c.h; name = TUnrolledVisitor.h; path = ../include/TUnrolledVisitor.h; sourceTree = SOURCE_ROOT; };
		D3B1D06F060B3878005BEDC3 /* TWork.h */ = {isa = PBXFileReference; fileEncoding = 30; lastKnownFileType = sourcecode.c.h; name = TWork.h; path = ../include/TWork.h; sourceTree = SOURCE_ROOT; };
		D3B1D070060B3878005BEDC3 /* TXML2GuidoVisitor.h */ = {isa = PBXFileReference; fileEncoding = 30; lastKnownFileType = sourcecode.c.h; name = TXML2GuidoVisitor.h; path = ../include/TXML2GuidoVisitor.h; sourceTree = SOURCE_ROOT; };
		D3B1D071060B3878005BEDC3 /* UTools.h */ = {isa = PBXFileReference; fileEncoding = 30; lastKnownFileType = sourcecode.c.h; name = UTools.h; path = ../include/UTools.h; sourceTree = SOURCE_ROOT; };
		D3B1D072060B3878005BEDC3 /* xml.h */ = {isa = PBXFileReference; fileEncoding = 30; lastKnownFileType = sourcecode.c.h; name = xml.h; path = ../include/xml.h; sourceTree = SOURCE_ROOT; };
		D3DC070D0608B5190019C3F5 /* MusicXML2Guido.cpp */ = {isa = PBXFileReference; fileEncoding = 30; lastKnownFileType = sourcecode.cpp.cpp; name = MusicXML2Guido.cpp; path = ../samples/MusicXML2Guido.cpp; sourceTree = SOURCE_ROOT; };
		D3DC07B40608B9740019C3F5 /* libMusicXML.framework */ = {isa = PBXFileReference; lastKnownFileType = wrapper.framework; name = libMusicXML.framework; path = build/libMusicXML.framework; sourceTree = SOURCE_ROOT; };
		D3DC07D00608BAD80019C3F5 /* RandomMusic.cpp */ = {isa = PBXFileReference; fileEncoding = 30; lastKnownFileType = sourcecode.cpp.cpp; name = RandomMusic.cpp; path = ../samples/RandomMusic.cpp; sourceTree = SOURCE_ROOT; };
		D3DC07E80608BB630019C3F5 /* RawTranspose.cpp */ = {isa = PBXFileReference; fileEncoding = 30; lastKnownFileType = sourcecode.cpp.cpp; name = RawTranspose.cpp; path = ../samples/RawTranspose.cpp; sourceTree = SOURCE_ROOT; };
		D3E9A80A0695A57800C359FF /* TStaffDetails.h */ = {isa = PBXFileReference; fileEncoding = 30; lastKnownFileType = sourcecode.c.h; name = TStaffDetails.h; path = ../include/TStaffDetails.h; sourceTree = SOURCE_ROOT; };
		D3E9A80C0695A5B000C359FF /* TStaffDetails.cpp */ = {isa = PBXFileReference; fileEncoding = 30; lastKnownFileType = sourcecode.cpp.cpp; name = TStaffDetails.cpp; path = ../core/TStaffDetails.cpp; sourceTree = SOURCE_ROOT; };
		D3E9A8260695C1C200C359FF /* TOtherDirections.h */ = {isa = PBXFileReference; fileEncoding = 30; lastKnownFileType = sourcecode.c.h; name = TOtherDirections.h; path = ../include/TOtherDirections.h; sourceTree = SOURCE_ROOT; };
		D3E9A8280695C1EC00C359FF /* TOtherDirections.cpp */ = {isa = PBXFileReference; fileEncoding = 30; lastKnownFileType = sourcecode.cpp.cpp; name = TOtherDirections.cpp; path = ../core/TOtherDirections.cpp; sourceTree = SOURCE_ROOT; };
/* End PBXFileReference section */

/* Begin PBXFrameworksBuildPhase section */
		4B32DBDD095804D20078710F /* Frameworks */ = {
			isa = PBXFrameworksBuildPhase;
			buildActionMask = 2147483647;
			files = (
			);
			runOnlyForDeploymentPostprocessing = 0;
		};
/* End PBXFrameworksBuildPhase section */

/* Begin PBXGroup section */
		034768DDFF38A45A11DB9C8B /* Products */ = {
			isa = PBXGroup;
			children = (
				4B32DBE0095804D20078710F /* libMusicXML.framework */,
				4B32DCD3095805290078710F /* musicXML2guido */,
				4B32DCD90958052A0078710F /* randomMusic */,
				4B32DCDF0958052A0078710F /* rawTranspose */,
				4B32DCE50958052A0078710F /* ReadWrite */,
			);
			name = Products;
			sourceTree = "<group>";
		};
		0867D691FE84028FC02AAC07 /* libMusicXML */ = {
			isa = PBXGroup;
			children = (
				D35E68F60608AA8D004DE1A0 /* headers */,
				08FB77ACFE841707C02AAC07 /* src */,
				089C1665FE841158C02AAC07 /* Resources */,
				0867D69AFE84028FC02AAC07 /* External Frameworks and Libraries */,
				034768DDFF38A45A11DB9C8B /* Products */,
			);
			name = libMusicXML;
			sourceTree = "<group>";
		};
		0867D69AFE84028FC02AAC07 /* External Frameworks and Libraries */ = {
			isa = PBXGroup;
			children = (
				D3DC07B40608B9740019C3F5 /* libMusicXML.framework */,
			);
			name = "External Frameworks and Libraries";
			sourceTree = "<group>";
		};
		089C1665FE841158C02AAC07 /* Resources */ = {
			isa = PBXGroup;
			children = (
				089C1666FE841158C02AAC07 /* InfoPlist.strings */,
			);
			name = Resources;
			sourceTree = "<group>";
		};
		08FB77ACFE841707C02AAC07 /* src */ = {
			isa = PBXGroup;
			children = (
				D332BFF809D2B36E00AC1357 /* xmllex.cpp */,
				D332BFF909D2B36E00AC1357 /* xmlparse.cpp */,
				D332BF9309D2AC4C00AC1357 /* Iexpat.cpp */,
				4B15CBAC0665F013009ED0A8 /* ReadWrite */,
				D3DC07E40608BB4B0019C3F5 /* rawTranspose */,
				D3DC07CC0608BAB50019C3F5 /* randomMusic */,
				D3DC07070608B4F70019C3F5 /* musicXML2guido */,
				4B68843D0563909E00053105 /* visitors */,
				4B6883030563908C00053105 /* core */,
			);
			name = src;
			sourceTree = "<group>";
		};
		4B15CBAC0665F013009ED0A8 /* ReadWrite */ = {
			isa = PBXGroup;
			children = (
				4B15CBB80665F0BF009ED0A8 /* ReadWrite.cpp */,
			);
			name = ReadWrite;
			sourceTree = "<group>";
		};
		4B6883030563908C00053105 /* core */ = {
			isa = PBXGroup;
			children = (
				4B6883070563908C00053105 /* common.cpp */,
				4B6883090563908C00053105 /* conversions.cpp */,
				4BA6DAF905753C4300053105 /* IMusicXMLVisitor.cpp */,
				4BA6DAFB05753C4300053105 /* IMusicXMLReader.cpp */,
				4BF9614805753DC600053105 /* smartpointer.cpp */,
				D321A3960693265D00E2CE72 /* TArpeggiate.cpp */,
				4B68830F0563908C00053105 /* TAttributes.cpp */,
				4B6883110563908C00053105 /* TBackupForward.cpp */,
				4B6883130563908C00053105 /* TBarline.cpp */,
				4B6883150563908C00053105 /* TChord.cpp */,
				4B6883170563908C00053105 /* TClef.cpp */,
				4B6883190563908C00053105 /* TDirection.cpp */,
				D31B9D32069336280084950A /* TFiguredBass.cpp */,
				D316D16A0713FF4300C7437E /* THarmony.cpp */,
				4B68831B0563908C00053105 /* TIdentification.cpp */,
				4B68831D0563908C00053105 /* TKey.cpp */,
				4B68831F0563908C00053105 /* TMeasure.cpp */,
				D31B9D44069347500084950A /* TMeasureStyle.cpp */,
				4B6883210563908C00053105 /* TMidiDevice.cpp */,
				4B6883230563908C00053105 /* TMidiInstrument.cpp */,
				4BF9614C05753DEC00053105 /* TMusicXMLFile.cpp */,
				4B6883290563908C00053105 /* TNotation.cpp */,
				4B68832B0563908C00053105 /* TNote.cpp */,
				D378BB32068C76F400430935 /* TOrnaments.cpp */,
				D3E9A8280695C1EC00C359FF /* TOtherDirections.cpp */,
				4B68832D0563908C00053105 /* TPart.cpp */,
				4B68832F0563908C00053105 /* TPartGroup.cpp */,
				4B6883310563908C00053105 /* TPartList.cpp */,
				4B6883330563908C00053105 /* TPitch.cpp */,
				4B6883350563908C00053105 /* TRational.cpp */,
				4B6883370563908C00053105 /* TRoutedVisitor.cpp */,
				4B6883390563908C00053105 /* TScore.cpp */,
				4B68833B0563908C00053105 /* TScoreHeader.cpp */,
				4B68833D0563908C00053105 /* TScoreInstrument.cpp */,
				4B68833F0563908C00053105 /* TScorePart.cpp */,
				4B6883410563908C00053105 /* TScorePartwise.cpp */,
				4B6883430563908C00053105 /* TScoreTimewise.cpp */,
				4B6883460563908C00053105 /* TSound.cpp */,
				D3E9A80C0695A5B000C359FF /* TStaffDetails.cpp */,
				D32284B9068F54C2001E0F38 /* TTechnical.cpp */,
				4B6883480563908C00053105 /* TTimeModification.cpp */,
				4B68834A0563908C00053105 /* TTimeSign.cpp */,
				4B68834C0563908C00053105 /* TTranspose.cpp */,
				4B68834E0563908C00053105 /* TWork.cpp */,
				4B6883500563908C00053105 /* xml.cpp */,
			);
			name = core;
			path = ../core;
			sourceTree = SOURCE_ROOT;
		};
		4B68843D0563909E00053105 /* visitors */ = {
			isa = PBXGroup;
			children = (
				4B68843F0563909E00053105 /* guido.cpp */,
				D390F263066C87D0003A07DE /* TMidiContextVisitor.cpp */,
				4BD0623D05C668670064F8DE /* TRolledVisitor.cpp */,
				4B68844C0563909E00053105 /* TScanVisitor.cpp */,
				4BD0624505C668760064F8DE /* TUnrolledVisitor.cpp */,
				D35E66EE0608A6F0004DE1A0 /* TXML2GuidoVisitor.cpp */,
			);
			name = visitors;
			path = ../visitors;
			sourceTree = SOURCE_ROOT;
		};
		D35E68F60608AA8D004DE1A0 /* headers */ = {
			isa = PBXGroup;
			children = (
				D332BF9B09D2AC8A00AC1357 /* reader.h */,
				D332BF9409D2AC4C00AC1357 /* Iexpat.h */,
				D31608600713343200BFD13D /* IMusicXMLReader.h */,
				D31608610713343200BFD13D /* IMusicXMLVisitor.h */,
				D3B1D043060B3878005BEDC3 /* bimap.h */,
				D3B1D044060B3878005BEDC3 /* common.h */,
				D3B1D045060B3878005BEDC3 /* conversions.h */,
				D3B1D046060B3878005BEDC3 /* exports.h */,
				D3B1D047060B3878005BEDC3 /* guido.h */,
				D3B1D048060B3878005BEDC3 /* guidovisitor.h */,
				D3B1D049060B3878005BEDC3 /* LibMusicXML.h */,
				D3B1D04A060B3878005BEDC3 /* smartclasses.h */,
				D3B1D04B060B3878005BEDC3 /* smartpointer.h */,
				D321A3940693263F00E2CE72 /* TArpeggiate.h */,
				D3B1D04C060B3878005BEDC3 /* TAttributes.h */,
				D3B1D04D060B3878005BEDC3 /* TBackupForward.h */,
				D3B1D04E060B3878005BEDC3 /* TBarline.h */,
				D3B1D04F060B3878005BEDC3 /* TChord.h */,
				D3B1D050060B3878005BEDC3 /* TClef.h */,
				D3B1D051060B3878005BEDC3 /* TDirection.h */,
				D31B9D30069336070084950A /* TFiguredBass.h */,
				D317A3E707146AE2001E21A6 /* THarmony.h */,
				D3B1D052060B3878005BEDC3 /* TIdentification.h */,
				D3B1D053060B3878005BEDC3 /* TKey.h */,
				D3B1D054060B3878005BEDC3 /* TMeasure.h */,
				D31B9D42069347070084950A /* TMeasureStyle.h */,
				D390F267066C8894003A07DE /* TMidiContextVisitor.h */,
				D3B1D055060B3878005BEDC3 /* TMidiDevice.h */,
				D3B1D056060B3878005BEDC3 /* TMidiInstrument.h */,
				D3B1D057060B3878005BEDC3 /* TMusicXMLFile.h */,
				D3B1D058060B3878005BEDC3 /* TNodeVisitor.h */,
				D3B1D059060B3878005BEDC3 /* TNotation.h */,
				D3B1D05A060B3878005BEDC3 /* TNote.h */,
				D378BB30068C76C200430935 /* TOrnaments.h */,
				D3E9A8260695C1C200C359FF /* TOtherDirections.h */,
				D3B1D05B060B3878005BEDC3 /* TPart.h */,
				D3B1D05C060B3878005BEDC3 /* TPartGroup.h */,
				D3B1D05D060B3878005BEDC3 /* TPartList.h */,
				D3B1D05E060B3878005BEDC3 /* TPitch.h */,
				D3B1D05F060B3878005BEDC3 /* TRational.h */,
				D3B1D060060B3878005BEDC3 /* TRolledVisitor.h */,
				D3B1D061060B3878005BEDC3 /* TRoutedVisitor.h */,
				D3B1D062060B3878005BEDC3 /* TScanVisitor.h */,
				D3B1D063060B3878005BEDC3 /* TScore.h */,
				D3B1D064060B3878005BEDC3 /* TScoreHeader.h */,
				D3B1D065060B3878005BEDC3 /* TScoreInstrument.h */,
				D3B1D066060B3878005BEDC3 /* TScorePart.h */,
				D3B1D067060B3878005BEDC3 /* TScorePartwise.h */,
				D3B1D068060B3878005BEDC3 /* TScoreTimewise.h */,
				D3B1D069060B3878005BEDC3 /* TScoreVisitor.h */,
				D3B1D06A060B3878005BEDC3 /* TSound.h */,
				D3E9A80A0695A57800C359FF /* TStaffDetails.h */,
				D32284B7068F548E001E0F38 /* TTechnical.h */,
				D3B1D06B060B3878005BEDC3 /* TTimeModification.h */,
				D3B1D06C060B3878005BEDC3 /* TTimeSign.h */,
				D3B1D06D060B3878005BEDC3 /* TTranspose.h */,
				D3B1D06E060B3878005BEDC3 /* TUnrolledVisitor.h */,
				D3B1D06F060B3878005BEDC3 /* TWork.h */,
				D3B1D070060B3878005BEDC3 /* TXML2GuidoVisitor.h */,
				D3B1D071060B3878005BEDC3 /* UTools.h */,
				D3B1D072060B3878005BEDC3 /* xml.h */,
				D332BFFA09D2B36E00AC1357 /* xmlparse.h */,
			);
			name = headers;
			sourceTree = "<group>";
		};
		D3DC07070608B4F70019C3F5 /* musicXML2guido */ = {
			isa = PBXGroup;
			children = (
				D3DC070D0608B5190019C3F5 /* MusicXML2Guido.cpp */,
			);
			name = musicXML2guido;
			sourceTree = "<group>";
		};
		D3DC07CC0608BAB50019C3F5 /* randomMusic */ = {
			isa = PBXGroup;
			children = (
				D3DC07D00608BAD80019C3F5 /* RandomMusic.cpp */,
			);
			name = randomMusic;
			sourceTree = "<group>";
		};
		D3DC07E40608BB4B0019C3F5 /* rawTranspose */ = {
			isa = PBXGroup;
			children = (
				D3DC07E80608BB630019C3F5 /* RawTranspose.cpp */,
			);
			name = rawTranspose;
			sourceTree = "<group>";
		};
/* End PBXGroup section */

/* Begin PBXHeadersBuildPhase section */
		4B32DB6B095804D20078710F /* Headers */ = {
			isa = PBXHeadersBuildPhase;
			buildActionMask = 2147483647;
			files = (
				4B32DB6C095804D20078710F /* bimap.h in Headers */,
				4B32DB6D095804D20078710F /* common.h in Headers */,
				4B32DB6E095804D20078710F /* conversions.h in Headers */,
				4B32DB6F095804D20078710F /* exports.h in Headers */,
				4B32DB70095804D20078710F /* guido.h in Headers */,
				4B32DB71095804D20078710F /* guidovisitor.h in Headers */,
				4B32DB72095804D20078710F /* LibMusicXML.h in Headers */,
				4B32DB73095804D20078710F /* smartclasses.h in Headers */,
				4B32DB74095804D20078710F /* smartpointer.h in Headers */,
				4B32DB75095804D20078710F /* TAttributes.h in Headers */,
				4B32DB76095804D20078710F /* TBackupForward.h in Headers */,
				4B32DB77095804D20078710F /* TBarline.h in Headers */,
				4B32DB78095804D20078710F /* TChord.h in Headers */,
				4B32DB79095804D20078710F /* TClef.h in Headers */,
				4B32DB7A095804D20078710F /* TDirection.h in Headers */,
				4B32DB7B095804D20078710F /* TIdentification.h in Headers */,
				4B32DB7C095804D20078710F /* TKey.h in Headers */,
				4B32DB7D095804D20078710F /* TMeasure.h in Headers */,
				4B32DB7E095804D20078710F /* TMidiDevice.h in Headers */,
				4B32DB7F095804D20078710F /* TMidiInstrument.h in Headers */,
				4B32DB80095804D20078710F /* TMusicXMLFile.h in Headers */,
				4B32DB81095804D20078710F /* TNodeVisitor.h in Headers */,
				4B32DB82095804D20078710F /* TNotation.h in Headers */,
				4B32DB83095804D20078710F /* TNote.h in Headers */,
				4B32DB84095804D20078710F /* TPart.h in Headers */,
				4B32DB85095804D20078710F /* TPartGroup.h in Headers */,
				4B32DB86095804D20078710F /* TPartList.h in Headers */,
				4B32DB87095804D20078710F /* TPitch.h in Headers */,
				4B32DB88095804D20078710F /* TRational.h in Headers */,
				4B32DB89095804D20078710F /* TRolledVisitor.h in Headers */,
				4B32DB8A095804D20078710F /* TRoutedVisitor.h in Headers */,
				4B32DB8B095804D20078710F /* TScanVisitor.h in Headers */,
				4B32DB8C095804D20078710F /* TScore.h in Headers */,
				4B32DB8D095804D20078710F /* TScoreHeader.h in Headers */,
				4B32DB8E095804D20078710F /* TScoreInstrument.h in Headers */,
				4B32DB8F095804D20078710F /* TScorePart.h in Headers */,
				4B32DB90095804D20078710F /* TScorePartwise.h in Headers */,
				4B32DB91095804D20078710F /* TScoreTimewise.h in Headers */,
				4B32DB92095804D20078710F /* TScoreVisitor.h in Headers */,
				4B32DB93095804D20078710F /* TSound.h in Headers */,
				4B32DB94095804D20078710F /* TTimeModification.h in Headers */,
				4B32DB95095804D20078710F /* TTimeSign.h in Headers */,
				4B32DB96095804D20078710F /* TTranspose.h in Headers */,
				4B32DB97095804D20078710F /* TUnrolledVisitor.h in Headers */,
				4B32DB98095804D20078710F /* TWork.h in Headers */,
				4B32DB99095804D20078710F /* TXML2GuidoVisitor.h in Headers */,
				4B32DB9A095804D20078710F /* UTools.h in Headers */,
				4B32DB9B095804D20078710F /* xml.h in Headers */,
				4B32DB9C095804D20078710F /* TMidiContextVisitor.h in Headers */,
				4B32DB9D095804D20078710F /* TOrnaments.h in Headers */,
				4B32DB9E095804D20078710F /* TTechnical.h in Headers */,
				4B32DB9F095804D20078710F /* TArpeggiate.h in Headers */,
				4B32DBA0095804D20078710F /* TFiguredBass.h in Headers */,
				4B32DBA1095804D20078710F /* TMeasureStyle.h in Headers */,
				4B32DBA2095804D20078710F /* TStaffDetails.h in Headers */,
				4B32DBA3095804D20078710F /* TOtherDirections.h in Headers */,
				4B32DBA4095804D20078710F /* IMusicXMLReader.h in Headers */,
				4B32DBA5095804D20078710F /* IMusicXMLVisitor.h in Headers */,
				4B32DBA6095804D20078710F /* THarmony.h in Headers */,
				D332BF9609D2AC4C00AC1357 /* Iexpat.h in Headers */,
				D332BF9C09D2AC8A00AC1357 /* reader.h in Headers */,
				D332BFFD09D2B36E00AC1357 /* xmlparse.h in Headers */,
			);
			runOnlyForDeploymentPostprocessing = 0;
		};
		4B32DCD0095805290078710F /* Headers */ = {
			isa = PBXHeadersBuildPhase;
			buildActionMask = 2147483647;
			files = (
			);
			runOnlyForDeploymentPostprocessing = 0;
		};
		4B32DCD60958052A0078710F /* Headers */ = {
			isa = PBXHeadersBuildPhase;
			buildActionMask = 2147483647;
			files = (
			);
			runOnlyForDeploymentPostprocessing = 0;
		};
		4B32DCDC0958052A0078710F /* Headers */ = {
			isa = PBXHeadersBuildPhase;
			buildActionMask = 2147483647;
			files = (
			);
			runOnlyForDeploymentPostprocessing = 0;
		};
		4B32DCE20958052A0078710F /* Headers */ = {
			isa = PBXHeadersBuildPhase;
			buildActionMask = 2147483647;
			files = (
			);
			runOnlyForDeploymentPostprocessing = 0;
		};
/* End PBXHeadersBuildPhase section */

/* Begin PBXNativeTarget section */
		4B32DB6A095804D20078710F /* LibMusicXML */ = {
			isa = PBXNativeTarget;
			buildConfigurationList = BA4A468009D8C3C9000B0808 /* Build configuration list for PBXNativeTarget "LibMusicXML" */;
			buildPhases = (
				4B32DB6B095804D20078710F /* Headers */,
				4B32DBA7095804D20078710F /* Resources */,
				4B32DBA9095804D20078710F /* Sources */,
				4B32DBDD095804D20078710F /* Frameworks */,
				4B32DBDE095804D20078710F /* Rez */,
			);
			buildRules = (
			);
			buildSettings = {
				DYLIB_COMPATIBILITY_VERSION = 1;
				DYLIB_CURRENT_VERSION = 1;
				FRAMEWORK_SEARCH_PATHS = "";
				FRAMEWORK_VERSION = A;
				HEADER_SEARCH_PATHS = /opt/local/include;
				INFOPLIST_FILE = "Info-libMusicXML.plist";
				INSTALL_PATH = "$(HOME)/Library/Frameworks";
				LIBRARY_SEARCH_PATHS = /opt/local/lib;
				OTHER_CFLAGS = "";
				OTHER_LDFLAGS = "-lexpat";
				PRODUCT_NAME = libMusicXML;
				SECTORDER_FLAGS = "";
				WARNING_CFLAGS = (
					"-Wmost",
					"-Wno-four-char-constants",
					"-Wno-unknown-pragmas",
				);
				WRAPPER_EXTENSION = framework;
			};
			dependencies = (
			);
			name = LibMusicXML;
			productInstallPath = "$(HOME)/Library/Frameworks";
			productName = libMusicXML;
			productReference = 4B32DBE0095804D20078710F /* libMusicXML.framework */;
			productType = "com.apple.product-type.framework";
		};
		4B32DCCF095805290078710F /* musicXML2guido */ = {
			isa = PBXNativeTarget;
			buildConfigurationList = BA4A468409D8C3CA000B0808 /* Build configuration list for PBXNativeTarget "musicXML2guido" */;
			buildPhases = (
				4B32DCD0095805290078710F /* Headers */,
				4B32DCD1095805290078710F /* Sources */,
			);
			buildRules = (
			);
			buildSettings = {
				GCC_WARN_FOUR_CHARACTER_CONSTANTS = NO;
				GCC_WARN_UNKNOWN_PRAGMAS = NO;
				INSTALL_PATH = /usr/local/bin;
				OTHER_CFLAGS = "";
				OTHER_LDFLAGS = (
					"-framework",
					libMusicXML,
				);
				OTHER_REZFLAGS = "";
				PRODUCT_NAME = musicXML2guido;
				SECTORDER_FLAGS = "";
				WARNING_CFLAGS = "-Wmost";
				ZERO_LINK = NO;
			};
			dependencies = (
			);
			name = musicXML2guido;
			productName = musicXML2guido;
			productReference = 4B32DCD3095805290078710F /* musicXML2guido */;
			productType = "com.apple.product-type.tool";
		};
		4B32DCD50958052A0078710F /* randomMusic */ = {
			isa = PBXNativeTarget;
			buildConfigurationList = BA4A468809D8C3CA000B0808 /* Build configuration list for PBXNativeTarget "randomMusic" */;
			buildPhases = (
				4B32DCD60958052A0078710F /* Headers */,
				4B32DCD70958052A0078710F /* Sources */,
			);
			buildRules = (
			);
			buildSettings = {
				GCC_WARN_FOUR_CHARACTER_CONSTANTS = NO;
				GCC_WARN_UNKNOWN_PRAGMAS = NO;
				INSTALL_PATH = /usr/local/bin;
				OTHER_CFLAGS = "";
				OTHER_LDFLAGS = (
					"-framework",
					libMusicXML,
				);
				OTHER_REZFLAGS = "";
				PRODUCT_NAME = randomMusic;
				SECTORDER_FLAGS = "";
				WARNING_CFLAGS = "-Wmost";
				ZERO_LINK = NO;
			};
			dependencies = (
			);
			name = randomMusic;
			productName = randomMusic;
			productReference = 4B32DCD90958052A0078710F /* randomMusic */;
			productType = "com.apple.product-type.tool";
		};
		4B32DCDB0958052A0078710F /* rawTranspose */ = {
			isa = PBXNativeTarget;
			buildConfigurationList = BA4A468C09D8C3CA000B0808 /* Build configuration list for PBXNativeTarget "rawTranspose" */;
			buildPhases = (
				4B32DCDC0958052A0078710F /* Headers */,
				4B32DCDD0958052A0078710F /* Sources */,
			);
			buildRules = (
			);
			buildSettings = {
				GCC_WARN_FOUR_CHARACTER_CONSTANTS = NO;
				GCC_WARN_UNKNOWN_PRAGMAS = NO;
				INSTALL_PATH = /usr/local/bin;
				OTHER_CFLAGS = "";
				OTHER_LDFLAGS = (
					"-framework",
					libMusicXML,
				);
				OTHER_REZFLAGS = "";
				PRODUCT_NAME = rawTranspose;
				SECTORDER_FLAGS = "";
				WARNING_CFLAGS = "-Wmost";
			};
			dependencies = (
			);
			name = rawTranspose;
			productName = rawTranspose;
			productReference = 4B32DCDF0958052A0078710F /* rawTranspose */;
			productType = "com.apple.product-type.tool";
		};
		4B32DCE10958052A0078710F /* ReadWrite */ = {
			isa = PBXNativeTarget;
			buildConfigurationList = BA4A469009D8C3CA000B0808 /* Build configuration list for PBXNativeTarget "ReadWrite" */;
			buildPhases = (
				4B32DCE20958052A0078710F /* Headers */,
				4B32DCE30958052A0078710F /* Sources */,
			);
			buildRules = (
			);
			buildSettings = {
				GCC_WARN_FOUR_CHARACTER_CONSTANTS = NO;
				GCC_WARN_UNKNOWN_PRAGMAS = NO;
				INSTALL_PATH = /usr/local/bin;
				OTHER_CFLAGS = "";
				OTHER_LDFLAGS = (
					"-framework",
					libMusicXML,
				);
				OTHER_REZFLAGS = "";
				PRODUCT_NAME = ReadWrite;
				SECTORDER_FLAGS = "";
				WARNING_CFLAGS = "-Wmost";
			};
			dependencies = (
			);
			name = ReadWrite;
			productName = ReadWrite;
			productReference = 4B32DCE50958052A0078710F /* ReadWrite */;
			productType = "com.apple.product-type.tool";
		};
/* End PBXNativeTarget section */

/* Begin PBXProject section */
		0867D690FE84028FC02AAC07 /* Project object */ = {
			isa = PBXProject;
			buildConfigurationList = BA4A469809D8C3CA000B0808 /* Build configuration list for PBXProject "libMusicXML" */;
			buildSettings = {
			};
			buildStyles = (
				4F0BB7EC011F40E904CA0E50 /* Development */,
				4F0BB7ED011F40E904CA0E50 /* Deployment */,
			);
			hasScannedForEncodings = 1;
			mainGroup = 0867D691FE84028FC02AAC07 /* libMusicXML */;
			productRefGroup = 034768DDFF38A45A11DB9C8B /* Products */;
			projectDirPath = "";
			targets = (
				4B32DCE80958059E0078710F /* All */,
				4B32DB6A095804D20078710F /* LibMusicXML */,
				4B32DCCF095805290078710F /* musicXML2guido */,
				4B32DCD50958052A0078710F /* randomMusic */,
				4B32DCDB0958052A0078710F /* rawTranspose */,
				4B32DCE10958052A0078710F /* ReadWrite */,
			);
		};
/* End PBXProject section */

/* Begin PBXResourcesBuildPhase section */
		4B32DBA7095804D20078710F /* Resources */ = {
			isa = PBXResourcesBuildPhase;
			buildActionMask = 2147483647;
			files = (
				4B32DBA8095804D20078710F /* InfoPlist.strings in Resources */,
			);
			runOnlyForDeploymentPostprocessing = 0;
		};
/* End PBXResourcesBuildPhase section */

/* Begin PBXRezBuildPhase section */
		4B32DBDE095804D20078710F /* Rez */ = {
			isa = PBXRezBuildPhase;
			buildActionMask = 2147483647;
			files = (
			);
			runOnlyForDeploymentPostprocessing = 0;
		};
/* End PBXRezBuildPhase section */

/* Begin PBXSourcesBuildPhase section */
		4B32DBA9095804D20078710F /* Sources */ = {
			isa = PBXSourcesBuildPhase;
			buildActionMask = 2147483647;
			files = (
				4B32DBAA095804D20078710F /* common.cpp in Sources */,
				4B32DBAB095804D20078710F /* conversions.cpp in Sources */,
				4B32DBAC095804D20078710F /* TAttributes.cpp in Sources */,
				4B32DBAD095804D20078710F /* TBackupForward.cpp in Sources */,
				4B32DBAE095804D20078710F /* TBarline.cpp in Sources */,
				4B32DBAF095804D20078710F /* TChord.cpp in Sources */,
				4B32DBB0095804D20078710F /* TClef.cpp in Sources */,
				4B32DBB1095804D20078710F /* TDirection.cpp in Sources */,
				4B32DBB2095804D20078710F /* TIdentification.cpp in Sources */,
				4B32DBB3095804D20078710F /* TKey.cpp in Sources */,
				4B32DBB4095804D20078710F /* TMeasure.cpp in Sources */,
				4B32DBB5095804D20078710F /* TMidiDevice.cpp in Sources */,
				4B32DBB6095804D20078710F /* TMidiInstrument.cpp in Sources */,
				4B32DBB7095804D20078710F /* TNotation.cpp in Sources */,
				4B32DBB8095804D20078710F /* TNote.cpp in Sources */,
				4B32DBB9095804D20078710F /* TPart.cpp in Sources */,
				4B32DBBA095804D20078710F /* TPartGroup.cpp in Sources */,
				4B32DBBB095804D20078710F /* TPartList.cpp in Sources */,
				4B32DBBC095804D20078710F /* TPitch.cpp in Sources */,
				4B32DBBD095804D20078710F /* TRational.cpp in Sources */,
				4B32DBBE095804D20078710F /* TRoutedVisitor.cpp in Sources */,
				4B32DBBF095804D20078710F /* TScore.cpp in Sources */,
				4B32DBC0095804D20078710F /* TScoreHeader.cpp in Sources */,
				4B32DBC1095804D20078710F /* TScoreInstrument.cpp in Sources */,
				4B32DBC2095804D20078710F /* TScorePart.cpp in Sources */,
				4B32DBC3095804D20078710F /* TScorePartwise.cpp in Sources */,
				4B32DBC4095804D20078710F /* TScoreTimewise.cpp in Sources */,
				4B32DBC5095804D20078710F /* TSound.cpp in Sources */,
				4B32DBC6095804D20078710F /* TTimeModification.cpp in Sources */,
				4B32DBC7095804D20078710F /* TTimeSign.cpp in Sources */,
				4B32DBC8095804D20078710F /* TTranspose.cpp in Sources */,
				4B32DBC9095804D20078710F /* TWork.cpp in Sources */,
				4B32DBCA095804D20078710F /* xml.cpp in Sources */,
				4B32DBCB095804D20078710F /* guido.cpp in Sources */,
				4B32DBCC095804D20078710F /* IMusicXMLVisitor.cpp in Sources */,
				4B32DBCD095804D20078710F /* IMusicXMLReader.cpp in Sources */,
				4B32DBCE095804D20078710F /* smartpointer.cpp in Sources */,
				4B32DBCF095804D20078710F /* TMusicXMLFile.cpp in Sources */,
				4B32DBD0095804D20078710F /* TXML2GuidoVisitor.cpp in Sources */,
				4B32DBD1095804D20078710F /* TRolledVisitor.cpp in Sources */,
				4B32DBD2095804D20078710F /* TScanVisitor.cpp in Sources */,
				4B32DBD3095804D20078710F /* TUnrolledVisitor.cpp in Sources */,
				4B32DBD4095804D20078710F /* TMidiContextVisitor.cpp in Sources */,
				4B32DBD5095804D20078710F /* TOrnaments.cpp in Sources */,
				4B32DBD6095804D20078710F /* TTechnical.cpp in Sources */,
				4B32DBD7095804D20078710F /* TArpeggiate.cpp in Sources */,
				4B32DBD8095804D20078710F /* TFiguredBass.cpp in Sources */,
				4B32DBD9095804D20078710F /* TMeasureStyle.cpp in Sources */,
				4B32DBDA095804D20078710F /* TStaffDetails.cpp in Sources */,
				4B32DBDB095804D20078710F /* TOtherDirections.cpp in Sources */,
				4B32DBDC095804D20078710F /* THarmony.cpp in Sources */,
				D332BF9509D2AC4C00AC1357 /* Iexpat.cpp in Sources */,
				D332BFFB09D2B36E00AC1357 /* xmllex.cpp in Sources */,
				D332BFFC09D2B36E00AC1357 /* xmlparse.cpp in Sources */,
			);
			runOnlyForDeploymentPostprocessing = 0;
		};
		4B32DCD1095805290078710F /* Sources */ = {
			isa = PBXSourcesBuildPhase;
			buildActionMask = 2147483647;
			files = (
				4B32DCD2095805290078710F /* MusicXML2Guido.cpp in Sources */,
			);
			runOnlyForDeploymentPostprocessing = 0;
		};
		4B32DCD70958052A0078710F /* Sources */ = {
			isa = PBXSourcesBuildPhase;
			buildActionMask = 2147483647;
			files = (
				4B32DCD80958052A0078710F /* RandomMusic.cpp in Sources */,
			);
			runOnlyForDeploymentPostprocessing = 0;
		};
		4B32DCDD0958052A0078710F /* Sources */ = {
			isa = PBXSourcesBuildPhase;
			buildActionMask = 2147483647;
			files = (
				4B32DCDE0958052A0078710F /* RawTranspose.cpp in Sources */,
			);
			runOnlyForDeploymentPostprocessing = 0;
		};
		4B32DCE30958052A0078710F /* Sources */ = {
			isa = PBXSourcesBuildPhase;
			buildActionMask = 2147483647;
			files = (
				4B32DCE40958052A0078710F /* ReadWrite.cpp in Sources */,
			);
			runOnlyForDeploymentPostprocessing = 0;
		};
/* End PBXSourcesBuildPhase section */

/* Begin PBXTargetDependency section */
		4B32DCEA095805BC0078710F /* PBXTargetDependency */ = {
			isa = PBXTargetDependency;
			target = 4B32DB6A095804D20078710F /* LibMusicXML */;
			targetProxy = 4B32DCE9095805BC0078710F /* PBXContainerItemProxy */;
		};
		4B32DCEC095805BC0078710F /* PBXTargetDependency */ = {
			isa = PBXTargetDependency;
			target = 4B32DCCF095805290078710F /* musicXML2guido */;
			targetProxy = 4B32DCEB095805BC0078710F /* PBXContainerItemProxy */;
		};
		4B32DCEE095805BC0078710F /* PBXTargetDependency */ = {
			isa = PBXTargetDependency;
			target = 4B32DCD50958052A0078710F /* randomMusic */;
			targetProxy = 4B32DCED095805BC0078710F /* PBXContainerItemProxy */;
		};
		4B32DCF0095805BC0078710F /* PBXTargetDependency */ = {
			isa = PBXTargetDependency;
			target = 4B32DCDB0958052A0078710F /* rawTranspose */;
			targetProxy = 4B32DCEF095805BC0078710F /* PBXContainerItemProxy */;
		};
		4B32DCF2095805BC0078710F /* PBXTargetDependency */ = {
			isa = PBXTargetDependency;
			target = 4B32DCE10958052A0078710F /* ReadWrite */;
			targetProxy = 4B32DCF1095805BC0078710F /* PBXContainerItemProxy */;
		};
/* End PBXTargetDependency section */

/* Begin PBXVariantGroup section */
		089C1666FE841158C02AAC07 /* InfoPlist.strings */ = {
			isa = PBXVariantGroup;
			children = (
				089C1667FE841158C02AAC07 /* English */,
			);
			name = InfoPlist.strings;
			sourceTree = "<group>";
		};
/* End PBXVariantGroup section */

/* Begin XCBuildConfiguration section */
		BA4A468109D8C3C9000B0808 /* Development */ = {
			isa = XCBuildConfiguration;
			buildSettings = {
				COPY_PHASE_STRIP = NO;
				DYLIB_COMPATIBILITY_VERSION = 1;
				DYLIB_CURRENT_VERSION = 1;
				FRAMEWORK_SEARCH_PATHS = "";
				FRAMEWORK_VERSION = A;
				GCC_DYNAMIC_NO_PIC = NO;
				GCC_ENABLE_FIX_AND_CONTINUE = YES;
				GCC_GENERATE_DEBUGGING_SYMBOLS = YES;
				GCC_OPTIMIZATION_LEVEL = 0;
				HEADER_SEARCH_PATHS = /opt/local/include;
				INFOPLIST_FILE = "Info-libMusicXML.plist";
				INSTALL_PATH = "$(HOME)/Library/Frameworks";
				LIBRARY_SEARCH_PATHS = /opt/local/lib;
				OPTIMIZATION_CFLAGS = "-O0";
				OTHER_CFLAGS = "";
				OTHER_LDFLAGS = "-lexpat";
				PRODUCT_NAME = libMusicXML;
				SECTORDER_FLAGS = "";
				WARNING_CFLAGS = (
					"-Wmost",
					"-Wno-four-char-constants",
					"-Wno-unknown-pragmas",
				);
				WRAPPER_EXTENSION = framework;
				ZERO_LINK = YES;
			};
			name = Development;
		};
		BA4A468209D8C3C9000B0808 /* Deployment */ = {
			isa = XCBuildConfiguration;
			buildSettings = {
				COPY_PHASE_STRIP = YES;
				DYLIB_COMPATIBILITY_VERSION = 1;
				DYLIB_CURRENT_VERSION = 1;
				FRAMEWORK_SEARCH_PATHS = "";
				FRAMEWORK_VERSION = A;
				GCC_ENABLE_FIX_AND_CONTINUE = NO;
				GCC_GENERATE_DEBUGGING_SYMBOLS = NO;
				GCC_MODEL_TUNING = "";
				HEADER_SEARCH_PATHS = /opt/local/include;
				INFOPLIST_FILE = "Info-libMusicXML.plist";
				INSTALL_PATH = "$(HOME)/Library/Frameworks";
				LIBRARY_SEARCH_PATHS = /opt/local/lib;
				OTHER_CFLAGS = "";
				OTHER_LDFLAGS = "-lexpat";
				PRODUCT_NAME = libMusicXML;
				SECTORDER_FLAGS = "";
				WARNING_CFLAGS = (
					"-Wmost",
					"-Wno-four-char-constants",
					"-Wno-unknown-pragmas",
				);
				WRAPPER_EXTENSION = framework;
				ZERO_LINK = NO;
			};
			name = Deployment;
		};
		BA4A468309D8C3C9000B0808 /* Default */ = {
			isa = XCBuildConfiguration;
			buildSettings = {
				DYLIB_COMPATIBILITY_VERSION = 1;
				DYLIB_CURRENT_VERSION = 1;
				FRAMEWORK_SEARCH_PATHS = "";
				FRAMEWORK_VERSION = A;
				HEADER_SEARCH_PATHS = /opt/local/include;
				INFOPLIST_FILE = "Info-libMusicXML.plist";
				INSTALL_PATH = "$(HOME)/Library/Frameworks";
				LIBRARY_SEARCH_PATHS = /opt/local/lib;
				OTHER_CFLAGS = "";
				OTHER_LDFLAGS = "-lexpat";
				PRODUCT_NAME = libMusicXML;
				SECTORDER_FLAGS = "";
				WARNING_CFLAGS = (
					"-Wmost",
					"-Wno-four-char-constants",
					"-Wno-unknown-pragmas",
				);
				WRAPPER_EXTENSION = framework;
			};
			name = Default;
		};
		BA4A468509D8C3CA000B0808 /* Development */ = {
			isa = XCBuildConfiguration;
			buildSettings = {
				COPY_PHASE_STRIP = NO;
				GCC_DYNAMIC_NO_PIC = NO;
				GCC_ENABLE_FIX_AND_CONTINUE = YES;
				GCC_GENERATE_DEBUGGING_SYMBOLS = YES;
				GCC_OPTIMIZATION_LEVEL = 0;
				GCC_WARN_FOUR_CHARACTER_CONSTANTS = NO;
				GCC_WARN_UNKNOWN_PRAGMAS = NO;
				INSTALL_PATH = /usr/local/bin;
				OPTIMIZATION_CFLAGS = "-O0";
				OTHER_CFLAGS = "";
				OTHER_LDFLAGS = (
					"-framework",
					libMusicXML,
				);
				OTHER_REZFLAGS = "";
				PRODUCT_NAME = musicXML2guido;
				SECTORDER_FLAGS = "";
				WARNING_CFLAGS = "-Wmost";
				ZERO_LINK = YES;
			};
			name = Development;
		};
		BA4A468609D8C3CA000B0808 /* Deployment */ = {
			isa = XCBuildConfiguration;
			buildSettings = {
				COPY_PHASE_STRIP = YES;
				GCC_ENABLE_FIX_AND_CONTINUE = NO;
				GCC_GENERATE_DEBUGGING_SYMBOLS = NO;
				GCC_MODEL_TUNING = "";
				GCC_WARN_FOUR_CHARACTER_CONSTANTS = NO;
				GCC_WARN_UNKNOWN_PRAGMAS = NO;
				INSTALL_PATH = /usr/local/bin;
				OTHER_CFLAGS = "";
				OTHER_LDFLAGS = (
					"-framework",
					libMusicXML,
				);
				OTHER_REZFLAGS = "";
				PRODUCT_NAME = musicXML2guido;
				SECTORDER_FLAGS = "";
				WARNING_CFLAGS = "-Wmost";
				ZERO_LINK = NO;
			};
			name = Deployment;
		};
		BA4A468709D8C3CA000B0808 /* Default */ = {
			isa = XCBuildConfiguration;
			buildSettings = {
				GCC_WARN_FOUR_CHARACTER_CONSTANTS = NO;
				GCC_WARN_UNKNOWN_PRAGMAS = NO;
				INSTALL_PATH = /usr/local/bin;
				OTHER_CFLAGS = "";
				OTHER_LDFLAGS = (
					"-framework",
					libMusicXML,
				);
				OTHER_REZFLAGS = "";
				PRODUCT_NAME = musicXML2guido;
				SECTORDER_FLAGS = "";
				WARNING_CFLAGS = "-Wmost";
				ZERO_LINK = NO;
			};
			name = Default;
		};
		BA4A468909D8C3CA000B0808 /* Development */ = {
			isa = XCBuildConfiguration;
			buildSettings = {
				COPY_PHASE_STRIP = NO;
				GCC_DYNAMIC_NO_PIC = NO;
				GCC_ENABLE_FIX_AND_CONTINUE = YES;
				GCC_GENERATE_DEBUGGING_SYMBOLS = YES;
				GCC_OPTIMIZATION_LEVEL = 0;
				GCC_WARN_FOUR_CHARACTER_CONSTANTS = NO;
				GCC_WARN_UNKNOWN_PRAGMAS = NO;
				INSTALL_PATH = /usr/local/bin;
				OPTIMIZATION_CFLAGS = "-O0";
				OTHER_CFLAGS = "";
				OTHER_LDFLAGS = (
					"-framework",
					libMusicXML,
				);
				OTHER_REZFLAGS = "";
				PRODUCT_NAME = randomMusic;
				SECTORDER_FLAGS = "";
				WARNING_CFLAGS = "-Wmost";
				ZERO_LINK = YES;
			};
			name = Development;
		};
		BA4A468A09D8C3CA000B0808 /* Deployment */ = {
			isa = XCBuildConfiguration;
			buildSettings = {
				COPY_PHASE_STRIP = YES;
				GCC_ENABLE_FIX_AND_CONTINUE = NO;
				GCC_GENERATE_DEBUGGING_SYMBOLS = NO;
				GCC_MODEL_TUNING = "";
				GCC_WARN_FOUR_CHARACTER_CONSTANTS = NO;
				GCC_WARN_UNKNOWN_PRAGMAS = NO;
				INSTALL_PATH = /usr/local/bin;
				OTHER_CFLAGS = "";
				OTHER_LDFLAGS = (
					"-framework",
					libMusicXML,
				);
				OTHER_REZFLAGS = "";
				PRODUCT_NAME = randomMusic;
				SECTORDER_FLAGS = "";
				WARNING_CFLAGS = "-Wmost";
				ZERO_LINK = NO;
			};
			name = Deployment;
		};
		BA4A468B09D8C3CA000B0808 /* Default */ = {
			isa = XCBuildConfiguration;
			buildSettings = {
				GCC_WARN_FOUR_CHARACTER_CONSTANTS = NO;
				GCC_WARN_UNKNOWN_PRAGMAS = NO;
				INSTALL_PATH = /usr/local/bin;
				OTHER_CFLAGS = "";
				OTHER_LDFLAGS = (
					"-framework",
					libMusicXML,
				);
				OTHER_REZFLAGS = "";
				PRODUCT_NAME = randomMusic;
				SECTORDER_FLAGS = "";
				WARNING_CFLAGS = "-Wmost";
				ZERO_LINK = NO;
			};
			name = Default;
		};
		BA4A468D09D8C3CA000B0808 /* Development */ = {
			isa = XCBuildConfiguration;
			buildSettings = {
				COPY_PHASE_STRIP = NO;
				GCC_DYNAMIC_NO_PIC = NO;
				GCC_ENABLE_FIX_AND_CONTINUE = YES;
				GCC_GENERATE_DEBUGGING_SYMBOLS = YES;
				GCC_OPTIMIZATION_LEVEL = 0;
				GCC_WARN_FOUR_CHARACTER_CONSTANTS = NO;
				GCC_WARN_UNKNOWN_PRAGMAS = NO;
				INSTALL_PATH = /usr/local/bin;
				OPTIMIZATION_CFLAGS = "-O0";
				OTHER_CFLAGS = "";
				OTHER_LDFLAGS = (
					"-framework",
					libMusicXML,
				);
				OTHER_REZFLAGS = "";
				PRODUCT_NAME = rawTranspose;
				SECTORDER_FLAGS = "";
				WARNING_CFLAGS = "-Wmost";
				ZERO_LINK = YES;
			};
			name = Development;
		};
		BA4A468E09D8C3CA000B0808 /* Deployment */ = {
			isa = XCBuildConfiguration;
			buildSettings = {
				COPY_PHASE_STRIP = YES;
				GCC_ENABLE_FIX_AND_CONTINUE = NO;
				GCC_GENERATE_DEBUGGING_SYMBOLS = NO;
				GCC_MODEL_TUNING = "";
				GCC_WARN_FOUR_CHARACTER_CONSTANTS = NO;
				GCC_WARN_UNKNOWN_PRAGMAS = NO;
				INSTALL_PATH = /usr/local/bin;
				OTHER_CFLAGS = "";
				OTHER_LDFLAGS = (
					"-framework",
					libMusicXML,
				);
				OTHER_REZFLAGS = "";
				PRODUCT_NAME = rawTranspose;
				SECTORDER_FLAGS = "";
				WARNING_CFLAGS = "-Wmost";
				ZERO_LINK = NO;
			};
			name = Deployment;
		};
		BA4A468F09D8C3CA000B0808 /* Default */ = {
			isa = XCBuildConfiguration;
			buildSettings = {
				GCC_WARN_FOUR_CHARACTER_CONSTANTS = NO;
				GCC_WARN_UNKNOWN_PRAGMAS = NO;
				INSTALL_PATH = /usr/local/bin;
				OTHER_CFLAGS = "";
				OTHER_LDFLAGS = (
					"-framework",
					libMusicXML,
				);
				OTHER_REZFLAGS = "";
				PRODUCT_NAME = rawTranspose;
				SECTORDER_FLAGS = "";
				WARNING_CFLAGS = "-Wmost";
			};
			name = Default;
		};
		BA4A469109D8C3CA000B0808 /* Development */ = {
			isa = XCBuildConfiguration;
			buildSettings = {
				COPY_PHASE_STRIP = NO;
				GCC_DYNAMIC_NO_PIC = NO;
				GCC_ENABLE_FIX_AND_CONTINUE = YES;
				GCC_GENERATE_DEBUGGING_SYMBOLS = YES;
				GCC_OPTIMIZATION_LEVEL = 0;
				GCC_WARN_FOUR_CHARACTER_CONSTANTS = NO;
				GCC_WARN_UNKNOWN_PRAGMAS = NO;
				INSTALL_PATH = /usr/local/bin;
				OPTIMIZATION_CFLAGS = "-O0";
				OTHER_CFLAGS = "";
				OTHER_LDFLAGS = (
					"-framework",
					libMusicXML,
				);
				OTHER_REZFLAGS = "";
				PRODUCT_NAME = ReadWrite;
				SECTORDER_FLAGS = "";
				WARNING_CFLAGS = "-Wmost";
				ZERO_LINK = YES;
			};
			name = Development;
		};
		BA4A469209D8C3CA000B0808 /* Deployment */ = {
			isa = XCBuildConfiguration;
			buildSettings = {
				COPY_PHASE_STRIP = YES;
				GCC_ENABLE_FIX_AND_CONTINUE = NO;
				GCC_GENERATE_DEBUGGING_SYMBOLS = NO;
				GCC_MODEL_TUNING = "";
				GCC_WARN_FOUR_CHARACTER_CONSTANTS = NO;
				GCC_WARN_UNKNOWN_PRAGMAS = NO;
				INSTALL_PATH = /usr/local/bin;
				OTHER_CFLAGS = "";
				OTHER_LDFLAGS = (
					"-framework",
					libMusicXML,
				);
				OTHER_REZFLAGS = "";
				PRODUCT_NAME = ReadWrite;
				SECTORDER_FLAGS = "";
				WARNING_CFLAGS = "-Wmost";
				ZERO_LINK = NO;
			};
			name = Deployment;
		};
		BA4A469309D8C3CA000B0808 /* Default */ = {
			isa = XCBuildConfiguration;
			buildSettings = {
				GCC_WARN_FOUR_CHARACTER_CONSTANTS = NO;
				GCC_WARN_UNKNOWN_PRAGMAS = NO;
				INSTALL_PATH = /usr/local/bin;
				OTHER_CFLAGS = "";
				OTHER_LDFLAGS = (
					"-framework",
					libMusicXML,
				);
				OTHER_REZFLAGS = "";
				PRODUCT_NAME = ReadWrite;
				SECTORDER_FLAGS = "";
				WARNING_CFLAGS = "-Wmost";
			};
			name = Default;
		};
		BA4A469509D8C3CA000B0808 /* Development */ = {
			isa = XCBuildConfiguration;
			buildSettings = {
				COPY_PHASE_STRIP = NO;
				GCC_DYNAMIC_NO_PIC = NO;
				GCC_ENABLE_FIX_AND_CONTINUE = YES;
				GCC_GENERATE_DEBUGGING_SYMBOLS = YES;
				GCC_OPTIMIZATION_LEVEL = 0;
				OPTIMIZATION_CFLAGS = "-O0";
				OTHER_CFLAGS = "";
				OTHER_LDFLAGS = "";
				OTHER_REZFLAGS = "";
				PRODUCT_NAME = All;
				SECTORDER_FLAGS = "";
				WARNING_CFLAGS = (
					"-Wmost",
					"-Wno-four-char-constants",
					"-Wno-unknown-pragmas",
				);
				ZERO_LINK = YES;
			};
			name = Development;
		};
		BA4A469609D8C3CA000B0808 /* Deployment */ = {
			isa = XCBuildConfiguration;
			buildSettings = {
				COPY_PHASE_STRIP = YES;
				GCC_ENABLE_FIX_AND_CONTINUE = NO;
				GCC_GENERATE_DEBUGGING_SYMBOLS = NO;
				GCC_MODEL_TUNING = "";
				OTHER_CFLAGS = "";
				OTHER_LDFLAGS = "";
				OTHER_REZFLAGS = "";
				PRODUCT_NAME = All;
				SECTORDER_FLAGS = "";
				WARNING_CFLAGS = (
					"-Wmost",
					"-Wno-four-char-constants",
					"-Wno-unknown-pragmas",
				);
				ZERO_LINK = NO;
			};
			name = Deployment;
		};
		BA4A469709D8C3CA000B0808 /* Default */ = {
			isa = XCBuildConfiguration;
			buildSettings = {
				OTHER_CFLAGS = "";
				OTHER_LDFLAGS = "";
				OTHER_REZFLAGS = "";
				PRODUCT_NAME = All;
				SECTORDER_FLAGS = "";
				WARNING_CFLAGS = (
					"-Wmost",
					"-Wno-four-char-constants",
					"-Wno-unknown-pragmas",
				);
			};
			name = Default;
		};
		BA4A469909D8C3CA000B0808 /* Development */ = {
			isa = XCBuildConfiguration;
			buildSettings = {
			};
			name = Development;
		};
		BA4A469A09D8C3CA000B0808 /* Deployment */ = {
			isa = XCBuildConfiguration;
			buildSettings = {
			};
			name = Deployment;
		};
		BA4A469B09D8C3CA000B0808 /* Default */ = {
			isa = XCBuildConfiguration;
			buildSettings = {
			};
			name = Default;
		};
/* End XCBuildConfiguration section */

/* Begin XCConfigurationList section */
		BA4A468009D8C3C9000B0808 /* Build configuration list for PBXNativeTarget "LibMusicXML" */ = {
			isa = XCConfigurationList;
			buildConfigurations = (
				BA4A468109D8C3C9000B0808 /* Development */,
				BA4A468209D8C3C9000B0808 /* Deployment */,
				BA4A468309D8C3C9000B0808 /* Default */,
			);
			defaultConfigurationIsVisible = 0;
			defaultConfigurationName = Default;
		};
		BA4A468409D8C3CA000B0808 /* Build configuration list for PBXNativeTarget "musicXML2guido" */ = {
			isa = XCConfigurationList;
			buildConfigurations = (
				BA4A468509D8C3CA000B0808 /* Development */,
				BA4A468609D8C3CA000B0808 /* Deployment */,
				BA4A468709D8C3CA000B0808 /* Default */,
			);
			defaultConfigurationIsVisible = 0;
			defaultConfigurationName = Default;
		};
		BA4A468809D8C3CA000B0808 /* Build configuration list for PBXNativeTarget "randomMusic" */ = {
			isa = XCConfigurationList;
			buildConfigurations = (
				BA4A468909D8C3CA000B0808 /* Development */,
				BA4A468A09D8C3CA000B0808 /* Deployment */,
				BA4A468B09D8C3CA000B0808 /* Default */,
			);
			defaultConfigurationIsVisible = 0;
			defaultConfigurationName = Default;
		};
		BA4A468C09D8C3CA000B0808 /* Build configuration list for PBXNativeTarget "rawTranspose" */ = {
			isa = XCConfigurationList;
			buildConfigurations = (
				BA4A468D09D8C3CA000B0808 /* Development */,
				BA4A468E09D8C3CA000B0808 /* Deployment */,
				BA4A468F09D8C3CA000B0808 /* Default */,
			);
			defaultConfigurationIsVisible = 0;
			defaultConfigurationName = Default;
		};
		BA4A469009D8C3CA000B0808 /* Build configuration list for PBXNativeTarget "ReadWrite" */ = {
			isa = XCConfigurationList;
			buildConfigurations = (
				BA4A469109D8C3CA000B0808 /* Development */,
				BA4A469209D8C3CA000B0808 /* Deployment */,
				BA4A469309D8C3CA000B0808 /* Default */,
			);
			defaultConfigurationIsVisible = 0;
			defaultConfigurationName = Default;
		};
		BA4A469409D8C3CA000B0808 /* Build configuration list for PBXAggregateTarget "All" */ = {
			isa = XCConfigurationList;
			buildConfigurations = (
				BA4A469509D8C3CA000B0808 /* Development */,
				BA4A469609D8C3CA000B0808 /* Deployment */,
				BA4A469709D8C3CA000B0808 /* Default */,
			);
			defaultConfigurationIsVisible = 0;
			defaultConfigurationName = Default;
		};
		BA4A469809D8C3CA000B0808 /* Build configuration list for PBXProject "libMusicXML" */ = {
			isa = XCConfigurationList;
			buildConfigurations = (
				BA4A469909D8C3CA000B0808 /* Development */,
				BA4A469A09D8C3CA000B0808 /* Deployment */,
				BA4A469B09D8C3CA000B0808 /* Default */,
			);
			defaultConfigurationIsVisible = 0;
			defaultConfigurationName = Default;
		};
/* End XCConfigurationList section */
	};
	rootObject = 0867D690FE84028FC02AAC07 /* Project object */;
}
