// !$*UTF8*$!
{
	archiveVersion = 1;
	classes = {
	};
	objectVersion = 46;
	objects = {

/* Begin PBXBuildFile section */
		8DD76F650486A84900D96B5E /* xml2imusant_main.cpp in Sources */ = {isa = PBXBuildFile; fileRef = 08FB7796FE84155DC02AAC07 /* xml2imusant_main.cpp */; settings = {ATTRIBUTES = (); }; };
		8DD76F6A0486A84900D96B5E /* imusant.1 in CopyFiles */ = {isa = PBXBuildFile; fileRef = C6859E8B029090EE04C91782 /* imusant.1 */; };
		965208660A4CDA6F006AFD81 /* imusantcat_main.cpp in Sources */ = {isa = PBXBuildFile; fileRef = 965208650A4CDA6F006AFD81 /* imusantcat_main.cpp */; };
		965208D80A4CDF9D006AFD81 /* IMUSANT_barline.cpp in Sources */ = {isa = PBXBuildFile; fileRef = 96A61E890A45073A005E4CBF /* IMUSANT_barline.cpp */; };
		965208D90A4CDF9E006AFD81 /* IMUSANT_chord.cpp in Sources */ = {isa = PBXBuildFile; fileRef = BAFC777F0A22939500A4FACD /* IMUSANT_chord.cpp */; };
		965208DA0A4CDF9F006AFD81 /* IMUSANT_comment.cpp in Sources */ = {isa = PBXBuildFile; fileRef = BAFC77A10A22963B00A4FACD /* IMUSANT_comment.cpp */; };
		965208DB0A4CDFA0006AFD81 /* IMUSANT_conversions.cpp in Sources */ = {isa = PBXBuildFile; fileRef = BAAF8D4E0A3E35FE00E5157F /* IMUSANT_conversions.cpp */; };
		965208DC0A4CDFA1006AFD81 /* IMUSANT_element.cpp in Sources */ = {isa = PBXBuildFile; fileRef = BAAB1A4409D0B32800673D3D /* IMUSANT_element.cpp */; };
		965208DD0A4CDFA1006AFD81 /* IMUSANT_measure.cpp in Sources */ = {isa = PBXBuildFile; fileRef = BAFC77870A22944800A4FACD /* IMUSANT_measure.cpp */; };
		965208DE0A4CDFA2006AFD81 /* IMUSANT_note.cpp in Sources */ = {isa = PBXBuildFile; fileRef = BAFC77350A228FDB00A4FACD /* IMUSANT_note.cpp */; };
		965208DF0A4CDFA2006AFD81 /* IMUSANT_part.cpp in Sources */ = {isa = PBXBuildFile; fileRef = BAFC778F0A22949700A4FACD /* IMUSANT_part.cpp */; };
		965208E00A4CDFA3006AFD81 /* IMUSANT_partlist.cpp in Sources */ = {isa = PBXBuildFile; fileRef = BAFC77950A22952100A4FACD /* IMUSANT_partlist.cpp */; };
		965208E10A4CDFA4006AFD81 /* IMUSANT_score.cpp in Sources */ = {isa = PBXBuildFile; fileRef = BAFC779B0A22956E00A4FACD /* IMUSANT_score.cpp */; };
		965208E20A4CDFA4006AFD81 /* IMUSANT_types.cpp in Sources */ = {isa = PBXBuildFile; fileRef = BA670D200A10049A0072CE20 /* IMUSANT_types.cpp */; };
		965208E30A4CDFA5006AFD81 /* IMUSANT_visitor.cpp in Sources */ = {isa = PBXBuildFile; fileRef = BAAB1A2F09D0B26700673D3D /* IMUSANT_visitor.cpp */; };
		965208E40A4CDFA6006AFD81 /* IMUSANT_XMLFile.cpp in Sources */ = {isa = PBXBuildFile; fileRef = BAD4055C0A36589900634B37 /* IMUSANT_XMLFile.cpp */; };
		965208E50A4CDFA6006AFD81 /* IMUSANT_XMLReader.cpp in Sources */ = {isa = PBXBuildFile; fileRef = 968641230A325C6D0031AC4A /* IMUSANT_XMLReader.cpp */; };
		965208E60A4CDFA7006AFD81 /* IMUSANT_XMLVisitor.cpp in Sources */ = {isa = PBXBuildFile; fileRef = BADC73A00A2BE239004F76BD /* IMUSANT_XMLVisitor.cpp */; };
		965208E70A4CDFA9006AFD81 /* TXML2IMUSANTVisitor.cpp in Sources */ = {isa = PBXBuildFile; fileRef = BA4A463709D8B116000B0808 /* TXML2IMUSANTVisitor.cpp */; };
		965209860A4D1C94006AFD81 /* IMUSANT_collectionvisitor.cpp in Sources */ = {isa = PBXBuildFile; fileRef = 965209850A4D1C94006AFD81 /* IMUSANT_collectionvisitor.cpp */; };
		9652098B0A4D1CBE006AFD81 /* IMUSANT_interval.cpp in Sources */ = {isa = PBXBuildFile; fileRef = 9652098A0A4D1CBE006AFD81 /* IMUSANT_interval.cpp */; };
		965209900A4D1CD8006AFD81 /* IMUSANT_record.cpp in Sources */ = {isa = PBXBuildFile; fileRef = 9652098F0A4D1CD8006AFD81 /* IMUSANT_record.cpp */; };
		965209A60A4D1E8B006AFD81 /* IMUSANT_interval_vector.cpp in Sources */ = {isa = PBXBuildFile; fileRef = 965209A50A4D1E8B006AFD81 /* IMUSANT_interval_vector.cpp */; };
		965209AB0A4D1F37006AFD81 /* IMUSANT_ivec_collection.cpp in Sources */ = {isa = PBXBuildFile; fileRef = 965209AA0A4D1F37006AFD81 /* IMUSANT_ivec_collection.cpp */; };
		9668FFB71A8B077000C8F5A6 /* CATSMAT_cp_matrix.cpp in Sources */ = {isa = PBXBuildFile; fileRef = 969E27A71A79EFDA00B173DA /* CATSMAT_cp_matrix.cpp */; };
		968641240A325C6D0031AC4A /* IMUSANT_XMLReader.h in CopyFiles */ = {isa = PBXBuildFile; fileRef = 968641220A325C6D0031AC4A /* IMUSANT_XMLReader.h */; };
		968641250A325C6D0031AC4A /* IMUSANT_XMLReader.cpp in Sources */ = {isa = PBXBuildFile; fileRef = 968641230A325C6D0031AC4A /* IMUSANT_XMLReader.cpp */; };
		96A61E8A0A45073A005E4CBF /* IMUSANT_barline.h in CopyFiles */ = {isa = PBXBuildFile; fileRef = 96A61E880A45073A005E4CBF /* IMUSANT_barline.h */; };
		96A61E8B0A45073A005E4CBF /* IMUSANT_barline.cpp in Sources */ = {isa = PBXBuildFile; fileRef = 96A61E890A45073A005E4CBF /* IMUSANT_barline.cpp */; };
		96A71CC81A91632F0021C86A /* libboost_filesystem.dylib in Frameworks */ = {isa = PBXBuildFile; fileRef = 96A71CC71A91632F0021C86A /* libboost_filesystem.dylib */; };
		96A71CC91A91632F0021C86A /* libboost_filesystem.dylib in Frameworks */ = {isa = PBXBuildFile; fileRef = 96A71CC71A91632F0021C86A /* libboost_filesystem.dylib */; };
		BA4462690A9196520033DB86 /* IMUSANT_contour_symbol.cpp in Sources */ = {isa = PBXBuildFile; fileRef = BA4462680A9196520033DB86 /* IMUSANT_contour_symbol.cpp */; };
		BA4A463809D8B116000B0808 /* TXML2IMUSANTVisitor.h in CopyFiles */ = {isa = PBXBuildFile; fileRef = BA4A463609D8B115000B0808 /* TXML2IMUSANTVisitor.h */; };
		BA4A463909D8B116000B0808 /* TXML2IMUSANTVisitor.cpp in Sources */ = {isa = PBXBuildFile; fileRef = BA4A463709D8B116000B0808 /* TXML2IMUSANTVisitor.cpp */; };
		BA4F185A0A50C58900CB7438 /* IMUSANT_rvec_collection.cpp in Sources */ = {isa = PBXBuildFile; fileRef = BA4F18590A50C58900CB7438 /* IMUSANT_rvec_collection.cpp */; };
		BA670D210A10049A0072CE20 /* IMUSANT_types.h in CopyFiles */ = {isa = PBXBuildFile; fileRef = BA670D1F0A10049A0072CE20 /* IMUSANT_types.h */; };
		BA670D220A10049A0072CE20 /* IMUSANT_types.cpp in Sources */ = {isa = PBXBuildFile; fileRef = BA670D200A10049A0072CE20 /* IMUSANT_types.cpp */; };
		BA697EFE0AA4FBD7002DC3B2 /* IMUSANT_pitch.cpp in Sources */ = {isa = PBXBuildFile; fileRef = BA697EFD0AA4FBD7002DC3B2 /* IMUSANT_pitch.cpp */; };
		BA697F7E0AA500E4002DC3B2 /* IMUSANT_duration.cpp in Sources */ = {isa = PBXBuildFile; fileRef = BA697F7D0AA500E4002DC3B2 /* IMUSANT_duration.cpp */; };
		BA697F7F0AA500E4002DC3B2 /* IMUSANT_duration.h in CopyFiles */ = {isa = PBXBuildFile; fileRef = BA697F7C0AA500E4002DC3B2 /* IMUSANT_duration.h */; };
		BA697F800AA500E4002DC3B2 /* IMUSANT_duration.cpp in Sources */ = {isa = PBXBuildFile; fileRef = BA697F7D0AA500E4002DC3B2 /* IMUSANT_duration.cpp */; };
		BA697F810AA500F6002DC3B2 /* IMUSANT_pitch.h in CopyFiles */ = {isa = PBXBuildFile; fileRef = BA697EFC0AA4FBD7002DC3B2 /* IMUSANT_pitch.h */; };
		BA697F820AA500FE002DC3B2 /* IMUSANT_pitch.cpp in Sources */ = {isa = PBXBuildFile; fileRef = BA697EFD0AA4FBD7002DC3B2 /* IMUSANT_pitch.cpp */; };
		BA697FAE0AA50A60002DC3B2 /* IMUSANT_key.h in CopyFiles */ = {isa = PBXBuildFile; fileRef = BA697FAC0AA50A60002DC3B2 /* IMUSANT_key.h */; };
		BA697FAF0AA50A60002DC3B2 /* IMUSANT_key.cpp in Sources */ = {isa = PBXBuildFile; fileRef = BA697FAD0AA50A60002DC3B2 /* IMUSANT_key.cpp */; };
		BA697FB00AA50A60002DC3B2 /* IMUSANT_key.cpp in Sources */ = {isa = PBXBuildFile; fileRef = BA697FAD0AA50A60002DC3B2 /* IMUSANT_key.cpp */; };
		BAAB1A3009D0B26700673D3D /* IMUSANT_visitor.h in CopyFiles */ = {isa = PBXBuildFile; fileRef = BAAB1A2E09D0B26700673D3D /* IMUSANT_visitor.h */; };
		BAAB1A3109D0B26700673D3D /* IMUSANT_visitor.cpp in Sources */ = {isa = PBXBuildFile; fileRef = BAAB1A2F09D0B26700673D3D /* IMUSANT_visitor.cpp */; };
		BAAB1A4509D0B32800673D3D /* IMUSANT_element.h in CopyFiles */ = {isa = PBXBuildFile; fileRef = BAAB1A4309D0B32800673D3D /* IMUSANT_element.h */; };
		BAAB1A4609D0B32800673D3D /* IMUSANT_element.cpp in Sources */ = {isa = PBXBuildFile; fileRef = BAAB1A4409D0B32800673D3D /* IMUSANT_element.cpp */; };
		BAAF8D4F0A3E35FE00E5157F /* IMUSANT_conversions.h in CopyFiles */ = {isa = PBXBuildFile; fileRef = BAAF8D4D0A3E35FE00E5157F /* IMUSANT_conversions.h */; };
		BAAF8D500A3E35FE00E5157F /* IMUSANT_conversions.cpp in Sources */ = {isa = PBXBuildFile; fileRef = BAAF8D4E0A3E35FE00E5157F /* IMUSANT_conversions.cpp */; };
		BAC604930A76F8F8000C1DF9 /* IMUSANT_processing.cpp in Sources */ = {isa = PBXBuildFile; fileRef = BAC604920A76F8F8000C1DF9 /* IMUSANT_processing.cpp */; };
		BAD4055D0A36589A00634B37 /* IMUSANT_XMLFile.h in CopyFiles */ = {isa = PBXBuildFile; fileRef = BAD4055B0A36589900634B37 /* IMUSANT_XMLFile.h */; };
		BAD4055E0A36589A00634B37 /* IMUSANT_XMLFile.cpp in Sources */ = {isa = PBXBuildFile; fileRef = BAD4055C0A36589900634B37 /* IMUSANT_XMLFile.cpp */; };
		BADC73A10A2BE239004F76BD /* IMUSANT_XMLVisitor.h in CopyFiles */ = {isa = PBXBuildFile; fileRef = BADC739F0A2BE239004F76BD /* IMUSANT_XMLVisitor.h */; };
		BADC73A20A2BE239004F76BD /* IMUSANT_XMLVisitor.cpp in Sources */ = {isa = PBXBuildFile; fileRef = BADC73A00A2BE239004F76BD /* IMUSANT_XMLVisitor.cpp */; };
		BAFC77360A228FDB00A4FACD /* IMUSANT_note.h in CopyFiles */ = {isa = PBXBuildFile; fileRef = BAFC77340A228FDB00A4FACD /* IMUSANT_note.h */; };
		BAFC77370A228FDB00A4FACD /* IMUSANT_note.cpp in Sources */ = {isa = PBXBuildFile; fileRef = BAFC77350A228FDB00A4FACD /* IMUSANT_note.cpp */; };
		BAFC77800A22939500A4FACD /* IMUSANT_chord.h in CopyFiles */ = {isa = PBXBuildFile; fileRef = BAFC777E0A22939500A4FACD /* IMUSANT_chord.h */; };
		BAFC77810A22939500A4FACD /* IMUSANT_chord.cpp in Sources */ = {isa = PBXBuildFile; fileRef = BAFC777F0A22939500A4FACD /* IMUSANT_chord.cpp */; };
		BAFC77880A22944800A4FACD /* IMUSANT_measure.h in CopyFiles */ = {isa = PBXBuildFile; fileRef = BAFC77860A22944800A4FACD /* IMUSANT_measure.h */; };
		BAFC77890A22944800A4FACD /* IMUSANT_measure.cpp in Sources */ = {isa = PBXBuildFile; fileRef = BAFC77870A22944800A4FACD /* IMUSANT_measure.cpp */; };
		BAFC77900A22949700A4FACD /* IMUSANT_part.h in CopyFiles */ = {isa = PBXBuildFile; fileRef = BAFC778E0A22949700A4FACD /* IMUSANT_part.h */; };
		BAFC77910A22949700A4FACD /* IMUSANT_part.cpp in Sources */ = {isa = PBXBuildFile; fileRef = BAFC778F0A22949700A4FACD /* IMUSANT_part.cpp */; };
		BAFC77960A22952100A4FACD /* IMUSANT_partlist.h in CopyFiles */ = {isa = PBXBuildFile; fileRef = BAFC77940A22952100A4FACD /* IMUSANT_partlist.h */; };
		BAFC77970A22952100A4FACD /* IMUSANT_partlist.cpp in Sources */ = {isa = PBXBuildFile; fileRef = BAFC77950A22952100A4FACD /* IMUSANT_partlist.cpp */; };
		BAFC779C0A22956E00A4FACD /* IMUSANT_score.h in CopyFiles */ = {isa = PBXBuildFile; fileRef = BAFC779A0A22956E00A4FACD /* IMUSANT_score.h */; };
		BAFC779D0A22956E00A4FACD /* IMUSANT_score.cpp in Sources */ = {isa = PBXBuildFile; fileRef = BAFC779B0A22956E00A4FACD /* IMUSANT_score.cpp */; };
		BAFC77A20A22963B00A4FACD /* IMUSANT_comment.h in CopyFiles */ = {isa = PBXBuildFile; fileRef = BAFC77A00A22963B00A4FACD /* IMUSANT_comment.h */; };
		BAFC77A30A22963B00A4FACD /* IMUSANT_comment.cpp in Sources */ = {isa = PBXBuildFile; fileRef = BAFC77A10A22963B00A4FACD /* IMUSANT_comment.cpp */; };
/* End PBXBuildFile section */

/* Begin PBXCopyFilesBuildPhase section */
		8DD76F690486A84900D96B5E /* CopyFiles */ = {
			isa = PBXCopyFilesBuildPhase;
			buildActionMask = 8;
			dstPath = /usr/share/man/man1/;
			dstSubfolderSpec = 0;
			files = (
				8DD76F6A0486A84900D96B5E /* imusant.1 in CopyFiles */,
				BAAB1A3009D0B26700673D3D /* IMUSANT_visitor.h in CopyFiles */,
				BAAB1A4509D0B32800673D3D /* IMUSANT_element.h in CopyFiles */,
				BA4A463809D8B116000B0808 /* TXML2IMUSANTVisitor.h in CopyFiles */,
				BA670D210A10049A0072CE20 /* IMUSANT_types.h in CopyFiles */,
				BAFC77360A228FDB00A4FACD /* IMUSANT_note.h in CopyFiles */,
				BAFC77800A22939500A4FACD /* IMUSANT_chord.h in CopyFiles */,
				BAFC77880A22944800A4FACD /* IMUSANT_measure.h in CopyFiles */,
				BAFC77900A22949700A4FACD /* IMUSANT_part.h in CopyFiles */,
				BAFC77960A22952100A4FACD /* IMUSANT_partlist.h in CopyFiles */,
				BAFC779C0A22956E00A4FACD /* IMUSANT_score.h in CopyFiles */,
				BAFC77A20A22963B00A4FACD /* IMUSANT_comment.h in CopyFiles */,
				BADC73A10A2BE239004F76BD /* IMUSANT_XMLVisitor.h in CopyFiles */,
				968641240A325C6D0031AC4A /* IMUSANT_XMLReader.h in CopyFiles */,
				BAD4055D0A36589A00634B37 /* IMUSANT_XMLFile.h in CopyFiles */,
				BAAF8D4F0A3E35FE00E5157F /* IMUSANT_conversions.h in CopyFiles */,
				96A61E8A0A45073A005E4CBF /* IMUSANT_barline.h in CopyFiles */,
				BA697F7F0AA500E4002DC3B2 /* IMUSANT_duration.h in CopyFiles */,
				BA697F810AA500F6002DC3B2 /* IMUSANT_pitch.h in CopyFiles */,
				BA697FAE0AA50A60002DC3B2 /* IMUSANT_key.h in CopyFiles */,
			);
			runOnlyForDeploymentPostprocessing = 1;
		};
/* End PBXCopyFilesBuildPhase section */

/* Begin PBXFileReference section */
		08FB7796FE84155DC02AAC07 /* xml2imusant_main.cpp */ = {isa = PBXFileReference; fileEncoding = 4; lastKnownFileType = sourcecode.cpp.cpp; path = xml2imusant_main.cpp; sourceTree = "<group>"; };
		8DD76F6C0486A84900D96B5E /* MusicXML2imusant */ = {isa = PBXFileReference; explicitFileType = "compiled.mach-o.executable"; includeInIndex = 0; path = MusicXML2imusant; sourceTree = BUILT_PRODUCTS_DIR; };
		965208650A4CDA6F006AFD81 /* imusantcat_main.cpp */ = {isa = PBXFileReference; fileEncoding = 4; lastKnownFileType = sourcecode.cpp.cpp; path = imusantcat_main.cpp; sourceTree = "<group>"; };
		965209840A4D1C94006AFD81 /* IMUSANT_collectionvisitor.h */ = {isa = PBXFileReference; fileEncoding = 4; lastKnownFileType = sourcecode.c.h; name = IMUSANT_collectionvisitor.h; path = imusantcat/src/IMUSANT_collectionvisitor.h; sourceTree = "<group>"; };
		965209850A4D1C94006AFD81 /* IMUSANT_collectionvisitor.cpp */ = {isa = PBXFileReference; fileEncoding = 4; lastKnownFileType = sourcecode.cpp.cpp; name = IMUSANT_collectionvisitor.cpp; path = imusantcat/src/IMUSANT_collectionvisitor.cpp; sourceTree = "<group>"; };
		965209890A4D1CBE006AFD81 /* IMUSANT_interval.h */ = {isa = PBXFileReference; fileEncoding = 4; lastKnownFileType = sourcecode.c.h; name = IMUSANT_interval.h; path = imusantcat/src/IMUSANT_interval.h; sourceTree = "<group>"; };
		9652098A0A4D1CBE006AFD81 /* IMUSANT_interval.cpp */ = {isa = PBXFileReference; fileEncoding = 4; lastKnownFileType = sourcecode.cpp.cpp; name = IMUSANT_interval.cpp; path = imusantcat/src/IMUSANT_interval.cpp; sourceTree = "<group>"; };
		9652098E0A4D1CD8006AFD81 /* IMUSANT_record.h */ = {isa = PBXFileReference; fileEncoding = 4; lastKnownFileType = sourcecode.c.h; name = IMUSANT_record.h; path = imusantcat/src/IMUSANT_record.h; sourceTree = "<group>"; };
		9652098F0A4D1CD8006AFD81 /* IMUSANT_record.cpp */ = {isa = PBXFileReference; fileEncoding = 4; lastKnownFileType = sourcecode.cpp.cpp; name = IMUSANT_record.cpp; path = imusantcat/src/IMUSANT_record.cpp; sourceTree = "<group>"; };
		965209A40A4D1E8B006AFD81 /* IMUSANT_interval_vector.h */ = {isa = PBXFileReference; fileEncoding = 4; lastKnownFileType = sourcecode.c.h; name = IMUSANT_interval_vector.h; path = imusantcat/src/IMUSANT_interval_vector.h; sourceTree = "<group>"; };
		965209A50A4D1E8B006AFD81 /* IMUSANT_interval_vector.cpp */ = {isa = PBXFileReference; fileEncoding = 4; lastKnownFileType = sourcecode.cpp.cpp; name = IMUSANT_interval_vector.cpp; path = imusantcat/src/IMUSANT_interval_vector.cpp; sourceTree = "<group>"; };
		965209A90A4D1F37006AFD81 /* IMUSANT_ivec_collection.h */ = {isa = PBXFileReference; fileEncoding = 4; lastKnownFileType = sourcecode.c.h; name = IMUSANT_ivec_collection.h; path = imusantcat/src/IMUSANT_ivec_collection.h; sourceTree = "<group>"; };
		965209AA0A4D1F37006AFD81 /* IMUSANT_ivec_collection.cpp */ = {isa = PBXFileReference; fileEncoding = 4; lastKnownFileType = sourcecode.cpp.cpp; name = IMUSANT_ivec_collection.cpp; path = imusantcat/src/IMUSANT_ivec_collection.cpp; sourceTree = "<group>"; };
		968641220A325C6D0031AC4A /* IMUSANT_XMLReader.h */ = {isa = PBXFileReference; fileEncoding = 4; lastKnownFileType = sourcecode.c.h; path = IMUSANT_XMLReader.h; sourceTree = "<group>"; };
		968641230A325C6D0031AC4A /* IMUSANT_XMLReader.cpp */ = {isa = PBXFileReference; fileEncoding = 4; lastKnownFileType = sourcecode.cpp.cpp; path = IMUSANT_XMLReader.cpp; sourceTree = "<group>"; };
		969E27A71A79EFDA00B173DA /* CATSMAT_cp_matrix.cpp */ = {isa = PBXFileReference; fileEncoding = 4; lastKnownFileType = sourcecode.cpp.cpp; name = CATSMAT_cp_matrix.cpp; path = catsmat/CATSMAT_cp_matrix.cpp; sourceTree = "<group>"; };
		969E27A81A79EFDA00B173DA /* CATSMAT_cp_matrix.h */ = {isa = PBXFileReference; fileEncoding = 4; lastKnownFileType = sourcecode.c.h; name = CATSMAT_cp_matrix.h; path = catsmat/CATSMAT_cp_matrix.h; sourceTree = "<group>"; };
		96A61E880A45073A005E4CBF /* IMUSANT_barline.h */ = {isa = PBXFileReference; fileEncoding = 4; lastKnownFileType = sourcecode.c.h; name = IMUSANT_barline.h; path = ../src/IMUSANT_barline.h; sourceTree = "<group>"; };
		96A61E890A45073A005E4CBF /* IMUSANT_barline.cpp */ = {isa = PBXFileReference; fileEncoding = 4; lastKnownFileType = sourcecode.cpp.cpp; path = IMUSANT_barline.cpp; sourceTree = "<group>"; };
		96A620CE0A458DE3005E4CBF /* imusantcat */ = {isa = PBXFileReference; explicitFileType = "compiled.mach-o.executable"; includeInIndex = 0; path = imusantcat; sourceTree = BUILT_PRODUCTS_DIR; };
		96A71C831A9160CB0021C86A /* bimap.h */ = {isa = PBXFileReference; fileEncoding = 4; lastKnownFileType = sourcecode.c.h; path = bimap.h; sourceTree = "<group>"; };
		96A71C841A9160CB0021C86A /* common.h */ = {isa = PBXFileReference; fileEncoding = 4; lastKnownFileType = sourcecode.c.h; path = common.h; sourceTree = "<group>"; };
		96A71C851A9160CB0021C86A /* conversions.h */ = {isa = PBXFileReference; fileEncoding = 4; lastKnownFileType = sourcecode.c.h; path = conversions.h; sourceTree = "<group>"; };
		96A71C861A9160CB0021C86A /* exports.h */ = {isa = PBXFileReference; fileEncoding = 4; lastKnownFileType = sourcecode.c.h; path = exports.h; sourceTree = "<group>"; };
		96A71C871A9160CB0021C86A /* guido.h */ = {isa = PBXFileReference; fileEncoding = 4; lastKnownFileType = sourcecode.c.h; path = guido.h; sourceTree = "<group>"; };
		96A71C881A9160CB0021C86A /* guidovisitor.h */ = {isa = PBXFileReference; fileEncoding = 4; lastKnownFileType = sourcecode.c.h; path = guidovisitor.h; sourceTree = "<group>"; };
		96A71C891A9160CB0021C86A /* LibMusicXML.h */ = {isa = PBXFileReference; fileEncoding = 4; lastKnownFileType = sourcecode.c.h; path = LibMusicXML.h; sourceTree = "<group>"; };
		96A71C8A1A9160CB0021C86A /* smartclasses.h */ = {isa = PBXFileReference; fileEncoding = 4; lastKnownFileType = sourcecode.c.h; path = smartclasses.h; sourceTree = "<group>"; };
		96A71C8B1A9160CB0021C86A /* smartpointer.h */ = {isa = PBXFileReference; fileEncoding = 4; lastKnownFileType = sourcecode.c.h; path = smartpointer.h; sourceTree = "<group>"; };
		96A71C8C1A9160CB0021C86A /* TArpeggiate.h */ = {isa = PBXFileReference; fileEncoding = 4; lastKnownFileType = sourcecode.c.h; path = TArpeggiate.h; sourceTree = "<group>"; };
		96A71C8D1A9160CB0021C86A /* TAttributes.h */ = {isa = PBXFileReference; fileEncoding = 4; lastKnownFileType = sourcecode.c.h; path = TAttributes.h; sourceTree = "<group>"; };
		96A71C8E1A9160CB0021C86A /* TBackupForward.h */ = {isa = PBXFileReference; fileEncoding = 4; lastKnownFileType = sourcecode.c.h; path = TBackupForward.h; sourceTree = "<group>"; };
		96A71C8F1A9160CB0021C86A /* TBarline.h */ = {isa = PBXFileReference; fileEncoding = 4; lastKnownFileType = sourcecode.c.h; path = TBarline.h; sourceTree = "<group>"; };
		96A71C901A9160CB0021C86A /* TChord.h */ = {isa = PBXFileReference; fileEncoding = 4; lastKnownFileType = sourcecode.c.h; path = TChord.h; sourceTree = "<group>"; };
		96A71C911A9160CB0021C86A /* TClef.h */ = {isa = PBXFileReference; fileEncoding = 4; lastKnownFileType = sourcecode.c.h; path = TClef.h; sourceTree = "<group>"; };
		96A71C921A9160CB0021C86A /* TDirection.h */ = {isa = PBXFileReference; fileEncoding = 4; lastKnownFileType = sourcecode.c.h; path = TDirection.h; sourceTree = "<group>"; };
		96A71C931A9160CB0021C86A /* TFiguredBass.h */ = {isa = PBXFileReference; fileEncoding = 4; lastKnownFileType = sourcecode.c.h; path = TFiguredBass.h; sourceTree = "<group>"; };
		96A71C941A9160CB0021C86A /* THarmony.h */ = {isa = PBXFileReference; fileEncoding = 4; lastKnownFileType = sourcecode.c.h; path = THarmony.h; sourceTree = "<group>"; };
		96A71C951A9160CB0021C86A /* TIdentification.h */ = {isa = PBXFileReference; fileEncoding = 4; lastKnownFileType = sourcecode.c.h; path = TIdentification.h; sourceTree = "<group>"; };
		96A71C961A9160CB0021C86A /* TKey.h */ = {isa = PBXFileReference; fileEncoding = 4; lastKnownFileType = sourcecode.c.h; path = TKey.h; sourceTree = "<group>"; };
		96A71C971A9160CB0021C86A /* TMeasure.h */ = {isa = PBXFileReference; fileEncoding = 4; lastKnownFileType = sourcecode.c.h; path = TMeasure.h; sourceTree = "<group>"; };
		96A71C981A9160CB0021C86A /* TMeasureStyle.h */ = {isa = PBXFileReference; fileEncoding = 4; lastKnownFileType = sourcecode.c.h; path = TMeasureStyle.h; sourceTree = "<group>"; };
		96A71C991A9160CB0021C86A /* TMidiContextVisitor.h */ = {isa = PBXFileReference; fileEncoding = 4; lastKnownFileType = sourcecode.c.h; path = TMidiContextVisitor.h; sourceTree = "<group>"; };
		96A71C9A1A9160CB0021C86A /* TMidiDevice.h */ = {isa = PBXFileReference; fileEncoding = 4; lastKnownFileType = sourcecode.c.h; path = TMidiDevice.h; sourceTree = "<group>"; };
		96A71C9B1A9160CB0021C86A /* TMidiInstrument.h */ = {isa = PBXFileReference; fileEncoding = 4; lastKnownFileType = sourcecode.c.h; path = TMidiInstrument.h; sourceTree = "<group>"; };
		96A71C9C1A9160CB0021C86A /* TMusicXMLFile.h */ = {isa = PBXFileReference; fileEncoding = 4; lastKnownFileType = sourcecode.c.h; path = TMusicXMLFile.h; sourceTree = "<group>"; };
		96A71C9D1A9160CB0021C86A /* TNodeVisitor.h */ = {isa = PBXFileReference; fileEncoding = 4; lastKnownFileType = sourcecode.c.h; path = TNodeVisitor.h; sourceTree = "<group>"; };
		96A71C9E1A9160CB0021C86A /* TNotation.h */ = {isa = PBXFileReference; fileEncoding = 4; lastKnownFileType = sourcecode.c.h; path = TNotation.h; sourceTree = "<group>"; };
		96A71C9F1A9160CB0021C86A /* TNote.h */ = {isa = PBXFileReference; fileEncoding = 4; lastKnownFileType = sourcecode.c.h; path = TNote.h; sourceTree = "<group>"; };
		96A71CA01A9160CB0021C86A /* TOrnaments.h */ = {isa = PBXFileReference; fileEncoding = 4; lastKnownFileType = sourcecode.c.h; path = TOrnaments.h; sourceTree = "<group>"; };
		96A71CA11A9160CB0021C86A /* TOtherDirections.h */ = {isa = PBXFileReference; fileEncoding = 4; lastKnownFileType = sourcecode.c.h; path = TOtherDirections.h; sourceTree = "<group>"; };
		96A71CA21A9160CB0021C86A /* TPart.h */ = {isa = PBXFileReference; fileEncoding = 4; lastKnownFileType = sourcecode.c.h; path = TPart.h; sourceTree = "<group>"; };
		96A71CA31A9160CB0021C86A /* TPartGroup.h */ = {isa = PBXFileReference; fileEncoding = 4; lastKnownFileType = sourcecode.c.h; path = TPartGroup.h; sourceTree = "<group>"; };
		96A71CA41A9160CB0021C86A /* TPartList.h */ = {isa = PBXFileReference; fileEncoding = 4; lastKnownFileType = sourcecode.c.h; path = TPartList.h; sourceTree = "<group>"; };
		96A71CA51A9160CB0021C86A /* TPitch.h */ = {isa = PBXFileReference; fileEncoding = 4; lastKnownFileType = sourcecode.c.h; path = TPitch.h; sourceTree = "<group>"; };
		96A71CA61A9160CB0021C86A /* TRational.h */ = {isa = PBXFileReference; fileEncoding = 4; lastKnownFileType = sourcecode.c.h; path = TRational.h; sourceTree = "<group>"; };
		96A71CA71A9160CB0021C86A /* TRolledVisitor.h */ = {isa = PBXFileReference; fileEncoding = 4; lastKnownFileType = sourcecode.c.h; path = TRolledVisitor.h; sourceTree = "<group>"; };
		96A71CA81A9160CB0021C86A /* TRoutedVisitor.h */ = {isa = PBXFileReference; fileEncoding = 4; lastKnownFileType = sourcecode.c.h; path = TRoutedVisitor.h; sourceTree = "<group>"; };
		96A71CA91A9160CB0021C86A /* TScanVisitor.h */ = {isa = PBXFileReference; fileEncoding = 4; lastKnownFileType = sourcecode.c.h; path = TScanVisitor.h; sourceTree = "<group>"; };
		96A71CAA1A9160CB0021C86A /* TScore.h */ = {isa = PBXFileReference; fileEncoding = 4; lastKnownFileType = sourcecode.c.h; path = TScore.h; sourceTree = "<group>"; };
		96A71CAB1A9160CB0021C86A /* TScoreHeader.h */ = {isa = PBXFileReference; fileEncoding = 4; lastKnownFileType = sourcecode.c.h; path = TScoreHeader.h; sourceTree = "<group>"; };
		96A71CAC1A9160CB0021C86A /* TScoreInstrument.h */ = {isa = PBXFileReference; fileEncoding = 4; lastKnownFileType = sourcecode.c.h; path = TScoreInstrument.h; sourceTree = "<group>"; };
		96A71CAD1A9160CB0021C86A /* TScorePart.h */ = {isa = PBXFileReference; fileEncoding = 4; lastKnownFileType = sourcecode.c.h; path = TScorePart.h; sourceTree = "<group>"; };
		96A71CAE1A9160CB0021C86A /* TScorePartwise.h */ = {isa = PBXFileReference; fileEncoding = 4; lastKnownFileType = sourcecode.c.h; path = TScorePartwise.h; sourceTree = "<group>"; };
		96A71CAF1A9160CB0021C86A /* TScoreTimewise.h */ = {isa = PBXFileReference; fileEncoding = 4; lastKnownFileType = sourcecode.c.h; path = TScoreTimewise.h; sourceTree = "<group>"; };
		96A71CB01A9160CB0021C86A /* TScoreVisitor.h */ = {isa = PBXFileReference; fileEncoding = 4; lastKnownFileType = sourcecode.c.h; path = TScoreVisitor.h; sourceTree = "<group>"; };
		96A71CB11A9160CB0021C86A /* TSound.h */ = {isa = PBXFileReference; fileEncoding = 4; lastKnownFileType = sourcecode.c.h; path = TSound.h; sourceTree = "<group>"; };
		96A71CB21A9160CB0021C86A /* TStaffDetails.h */ = {isa = PBXFileReference; fileEncoding = 4; lastKnownFileType = sourcecode.c.h; path = TStaffDetails.h; sourceTree = "<group>"; };
		96A71CB31A9160CB0021C86A /* TTechnical.h */ = {isa = PBXFileReference; fileEncoding = 4; lastKnownFileType = sourcecode.c.h; path = TTechnical.h; sourceTree = "<group>"; };
		96A71CB41A9160CB0021C86A /* TTimeModification.h */ = {isa = PBXFileReference; fileEncoding = 4; lastKnownFileType = sourcecode.c.h; path = TTimeModification.h; sourceTree = "<group>"; };
		96A71CB51A9160CB0021C86A /* TTimeSign.h */ = {isa = PBXFileReference; fileEncoding = 4; lastKnownFileType = sourcecode.c.h; path = TTimeSign.h; sourceTree = "<group>"; };
		96A71CB61A9160CB0021C86A /* TTranspose.h */ = {isa = PBXFileReference; fileEncoding = 4; lastKnownFileType = sourcecode.c.h; path = TTranspose.h; sourceTree = "<group>"; };
		96A71CB71A9160CB0021C86A /* TUnrolledVisitor.h */ = {isa = PBXFileReference; fileEncoding = 4; lastKnownFileType = sourcecode.c.h; path = TUnrolledVisitor.h; sourceTree = "<group>"; };
		96A71CB81A9160CB0021C86A /* TWork.h */ = {isa = PBXFileReference; fileEncoding = 4; lastKnownFileType = sourcecode.c.h; path = TWork.h; sourceTree = "<group>"; };
		96A71CB91A9160CB0021C86A /* TXML2GuidoVisitor.h */ = {isa = PBXFileReference; fileEncoding = 4; lastKnownFileType = sourcecode.c.h; path = TXML2GuidoVisitor.h; sourceTree = "<group>"; };
		96A71CBA1A9160CB0021C86A /* UTools.h */ = {isa = PBXFileReference; fileEncoding = 4; lastKnownFileType = sourcecode.c.h; path = UTools.h; sourceTree = "<group>"; };
		96A71CBB1A9160CB0021C86A /* xml.h */ = {isa = PBXFileReference; fileEncoding = 4; lastKnownFileType = sourcecode.c.h; path = xml.h; sourceTree = "<group>"; };
		96A71CBC1A9160CB0021C86A /* core.xcodeproj */ = {isa = PBXFileReference; lastKnownFileType = "wrapper.pb-project"; name = core.xcodeproj; path = "libMusicXML-1.00-src/src/core/core.xcodeproj"; sourceTree = SOURCE_ROOT; };
		96A71CBF1A9160CB0021C86A /* visitors.xcodeproj */ = {isa = PBXFileReference; lastKnownFileType = "wrapper.pb-project"; name = visitors.xcodeproj; path = "libMusicXML-1.00-src/src/visitors/visitors.xcodeproj"; sourceTree = SOURCE_ROOT; };
		96A71CC71A91632F0021C86A /* libboost_filesystem.dylib */ = {isa = PBXFileReference; lastKnownFileType = "compiled.mach-o.dylib"; name = libboost_filesystem.dylib; path = ../../../../../../usr/local/lib/libboost_filesystem.dylib; sourceTree = "<group>"; };
		96A71CCA1A916F7D0021C86A /* libstdc++.6.0.9.dylib */ = {isa = PBXFileReference; lastKnownFileType = "compiled.mach-o.dylib"; name = "libstdc++.6.0.9.dylib"; path = "usr/lib/libstdc++.6.0.9.dylib"; sourceTree = SDKROOT; };
		BA4462600A918B3F0033DB86 /* repeats.h */ = {isa = PBXFileReference; fileEncoding = 30; lastKnownFileType = sourcecode.c.h; name = repeats.h; path = "Suffix tree/repeats.h"; sourceTree = "<group>"; };
		BA4462670A9196520033DB86 /* IMUSANT_contour_symbol.h */ = {isa = PBXFileReference; fileEncoding = 30; lastKnownFileType = sourcecode.c.h; name = IMUSANT_contour_symbol.h; path = imusantcat/src/IMUSANT_contour_symbol.h; sourceTree = "<group>"; };
		BA4462680A9196520033DB86 /* IMUSANT_contour_symbol.cpp */ = {isa = PBXFileReference; fileEncoding = 30; lastKnownFileType = sourcecode.cpp.cpp; name = IMUSANT_contour_symbol.cpp; path = imusantcat/src/IMUSANT_contour_symbol.cpp; sourceTree = "<group>"; };
		BA4A463609D8B115000B0808 /* TXML2IMUSANTVisitor.h */ = {isa = PBXFileReference; fileEncoding = 4; lastKnownFileType = sourcecode.c.h; path = TXML2IMUSANTVisitor.h; sourceTree = "<group>"; };
		BA4A463709D8B116000B0808 /* TXML2IMUSANTVisitor.cpp */ = {isa = PBXFileReference; fileEncoding = 4; lastKnownFileType = sourcecode.cpp.cpp; path = TXML2IMUSANTVisitor.cpp; sourceTree = "<group>"; };
		BA4F18580A50C58900CB7438 /* IMUSANT_rvec_collection.h */ = {isa = PBXFileReference; fileEncoding = 4; lastKnownFileType = sourcecode.c.h; name = IMUSANT_rvec_collection.h; path = imusantcat/src/IMUSANT_rvec_collection.h; sourceTree = "<group>"; };
		BA4F18590A50C58900CB7438 /* IMUSANT_rvec_collection.cpp */ = {isa = PBXFileReference; fileEncoding = 4; lastKnownFileType = sourcecode.cpp.cpp; name = IMUSANT_rvec_collection.cpp; path = imusantcat/src/IMUSANT_rvec_collection.cpp; sourceTree = "<group>"; };
		BA670D1F0A10049A0072CE20 /* IMUSANT_types.h */ = {isa = PBXFileReference; fileEncoding = 4; lastKnownFileType = sourcecode.c.h; path = IMUSANT_types.h; sourceTree = "<group>"; };
		BA670D200A10049A0072CE20 /* IMUSANT_types.cpp */ = {isa = PBXFileReference; fileEncoding = 4; lastKnownFileType = sourcecode.cpp.cpp; path = IMUSANT_types.cpp; sourceTree = "<group>"; };
		BA697EFC0AA4FBD7002DC3B2 /* IMUSANT_pitch.h */ = {isa = PBXFileReference; fileEncoding = 4; lastKnownFileType = sourcecode.c.h; name = IMUSANT_pitch.h; path = ../src/IMUSANT_pitch.h; sourceTree = "<group>"; };
		BA697EFD0AA4FBD7002DC3B2 /* IMUSANT_pitch.cpp */ = {isa = PBXFileReference; fileEncoding = 4; lastKnownFileType = sourcecode.cpp.cpp; path = IMUSANT_pitch.cpp; sourceTree = "<group>"; };
		BA697F7C0AA500E4002DC3B2 /* IMUSANT_duration.h */ = {isa = PBXFileReference; fileEncoding = 4; lastKnownFileType = sourcecode.c.h; name = IMUSANT_duration.h; path = ../src/IMUSANT_duration.h; sourceTree = "<group>"; };
		BA697F7D0AA500E4002DC3B2 /* IMUSANT_duration.cpp */ = {isa = PBXFileReference; fileEncoding = 4; lastKnownFileType = sourcecode.cpp.cpp; path = IMUSANT_duration.cpp; sourceTree = "<group>"; };
		BA697FAC0AA50A60002DC3B2 /* IMUSANT_key.h */ = {isa = PBXFileReference; fileEncoding = 4; lastKnownFileType = sourcecode.c.h; name = IMUSANT_key.h; path = ../src/IMUSANT_key.h; sourceTree = "<group>"; };
		BA697FAD0AA50A60002DC3B2 /* IMUSANT_key.cpp */ = {isa = PBXFileReference; fileEncoding = 4; lastKnownFileType = sourcecode.cpp.cpp; path = IMUSANT_key.cpp; sourceTree = "<group>"; };
		BA71926E0A59F57000CAA1D9 /* search.h */ = {isa = PBXFileReference; fileEncoding = 30; lastKnownFileType = sourcecode.c.h; name = search.h; path = imusantcat/inc/search.h; sourceTree = "<group>"; };
		BA990E0B0A5A173F008918F0 /* iterator.h */ = {isa = PBXFileReference; fileEncoding = 30; lastKnownFileType = sourcecode.c.h; name = iterator.h; path = "Suffix tree/iterator.h"; sourceTree = "<group>"; };
		BA990E0C0A5A173F008918F0 /* suffixtree_inter.h */ = {isa = PBXFileReference; fileEncoding = 30; lastKnownFileType = sourcecode.c.h; name = suffixtree_inter.h; path = "Suffix tree/suffixtree_inter.h"; sourceTree = "<group>"; };
		BA990E0D0A5A173F008918F0 /* suffixtree.h */ = {isa = PBXFileReference; fileEncoding = 30; lastKnownFileType = sourcecode.c.h; name = suffixtree.h; path = "Suffix tree/suffixtree.h"; sourceTree = "<group>"; };
		BA990E0F0A5A173F008918F0 /* suffixtree_impl.h */ = {isa = PBXFileReference; fileEncoding = 30; lastKnownFileType = sourcecode.c.h; name = suffixtree_impl.h; path = "Suffix tree/suffixtree_impl.h"; sourceTree = "<group>"; };
		BAAB1A2E09D0B26700673D3D /* IMUSANT_visitor.h */ = {isa = PBXFileReference; fileEncoding = 4; lastKnownFileType = sourcecode.c.h; path = IMUSANT_visitor.h; sourceTree = "<group>"; };
		BAAB1A2F09D0B26700673D3D /* IMUSANT_visitor.cpp */ = {isa = PBXFileReference; fileEncoding = 4; lastKnownFileType = sourcecode.cpp.cpp; path = IMUSANT_visitor.cpp; sourceTree = "<group>"; };
		BAAB1A4309D0B32800673D3D /* IMUSANT_element.h */ = {isa = PBXFileReference; fileEncoding = 4; lastKnownFileType = sourcecode.c.h; path = IMUSANT_element.h; sourceTree = "<group>"; };
		BAAB1A4409D0B32800673D3D /* IMUSANT_element.cpp */ = {isa = PBXFileReference; fileEncoding = 4; lastKnownFileType = sourcecode.cpp.cpp; path = IMUSANT_element.cpp; sourceTree = "<group>"; };
		BAAF8D4D0A3E35FE00E5157F /* IMUSANT_conversions.h */ = {isa = PBXFileReference; fileEncoding = 4; lastKnownFileType = sourcecode.c.h; path = IMUSANT_conversions.h; sourceTree = "<group>"; };
		BAAF8D4E0A3E35FE00E5157F /* IMUSANT_conversions.cpp */ = {isa = PBXFileReference; fileEncoding = 4; lastKnownFileType = sourcecode.cpp.cpp; path = IMUSANT_conversions.cpp; sourceTree = "<group>"; };
		BAC604910A76F8F8000C1DF9 /* IMUSANT_processing.h */ = {isa = PBXFileReference; fileEncoding = 4; lastKnownFileType = sourcecode.c.h; name = IMUSANT_processing.h; path = imusantcat/inc/IMUSANT_processing.h; sourceTree = "<group>"; };
		BAC604920A76F8F8000C1DF9 /* IMUSANT_processing.cpp */ = {isa = PBXFileReference; fileEncoding = 4; lastKnownFileType = sourcecode.cpp.cpp; name = IMUSANT_processing.cpp; path = imusantcat/src/IMUSANT_processing.cpp; sourceTree = "<group>"; };
		BAD4055B0A36589900634B37 /* IMUSANT_XMLFile.h */ = {isa = PBXFileReference; fileEncoding = 4; lastKnownFileType = sourcecode.c.h; path = IMUSANT_XMLFile.h; sourceTree = "<group>"; };
		BAD4055C0A36589900634B37 /* IMUSANT_XMLFile.cpp */ = {isa = PBXFileReference; fileEncoding = 4; lastKnownFileType = sourcecode.cpp.cpp; path = IMUSANT_XMLFile.cpp; sourceTree = "<group>"; };
		BADC739F0A2BE239004F76BD /* IMUSANT_XMLVisitor.h */ = {isa = PBXFileReference; fileEncoding = 4; lastKnownFileType = sourcecode.c.h; path = IMUSANT_XMLVisitor.h; sourceTree = "<group>"; };
		BADC73A00A2BE239004F76BD /* IMUSANT_XMLVisitor.cpp */ = {isa = PBXFileReference; fileEncoding = 4; lastKnownFileType = sourcecode.cpp.cpp; path = IMUSANT_XMLVisitor.cpp; sourceTree = "<group>"; };
		BAF1F3D50A9C15D30065AECF /* compare.h */ = {isa = PBXFileReference; fileEncoding = 30; lastKnownFileType = sourcecode.c.h; name = compare.h; path = mindiff/compare.h; sourceTree = "<group>"; };
		BAFC77340A228FDB00A4FACD /* IMUSANT_note.h */ = {isa = PBXFileReference; fileEncoding = 4; lastKnownFileType = sourcecode.c.h; path = IMUSANT_note.h; sourceTree = "<group>"; xcLanguageSpecificationIdentifier = xcode.lang.cpp; };
		BAFC77350A228FDB00A4FACD /* IMUSANT_note.cpp */ = {isa = PBXFileReference; fileEncoding = 4; lastKnownFileType = sourcecode.cpp.cpp; path = IMUSANT_note.cpp; sourceTree = "<group>"; };
		BAFC777E0A22939500A4FACD /* IMUSANT_chord.h */ = {isa = PBXFileReference; fileEncoding = 4; lastKnownFileType = sourcecode.c.h; path = IMUSANT_chord.h; sourceTree = "<group>"; };
		BAFC777F0A22939500A4FACD /* IMUSANT_chord.cpp */ = {isa = PBXFileReference; fileEncoding = 4; lastKnownFileType = sourcecode.cpp.cpp; path = IMUSANT_chord.cpp; sourceTree = "<group>"; };
		BAFC77860A22944800A4FACD /* IMUSANT_measure.h */ = {isa = PBXFileReference; fileEncoding = 4; lastKnownFileType = sourcecode.c.h; path = IMUSANT_measure.h; sourceTree = "<group>"; };
		BAFC77870A22944800A4FACD /* IMUSANT_measure.cpp */ = {isa = PBXFileReference; fileEncoding = 4; lastKnownFileType = sourcecode.cpp.cpp; path = IMUSANT_measure.cpp; sourceTree = "<group>"; };
		BAFC778E0A22949700A4FACD /* IMUSANT_part.h */ = {isa = PBXFileReference; fileEncoding = 4; lastKnownFileType = sourcecode.c.h; path = IMUSANT_part.h; sourceTree = "<group>"; };
		BAFC778F0A22949700A4FACD /* IMUSANT_part.cpp */ = {isa = PBXFileReference; fileEncoding = 4; lastKnownFileType = sourcecode.cpp.cpp; path = IMUSANT_part.cpp; sourceTree = "<group>"; };
		BAFC77940A22952100A4FACD /* IMUSANT_partlist.h */ = {isa = PBXFileReference; fileEncoding = 4; lastKnownFileType = sourcecode.c.h; path = IMUSANT_partlist.h; sourceTree = "<group>"; };
		BAFC77950A22952100A4FACD /* IMUSANT_partlist.cpp */ = {isa = PBXFileReference; fileEncoding = 4; lastKnownFileType = sourcecode.cpp.cpp; path = IMUSANT_partlist.cpp; sourceTree = "<group>"; };
		BAFC779A0A22956E00A4FACD /* IMUSANT_score.h */ = {isa = PBXFileReference; fileEncoding = 4; lastKnownFileType = sourcecode.c.h; path = IMUSANT_score.h; sourceTree = "<group>"; };
		BAFC779B0A22956E00A4FACD /* IMUSANT_score.cpp */ = {isa = PBXFileReference; fileEncoding = 4; lastKnownFileType = sourcecode.cpp.cpp; path = IMUSANT_score.cpp; sourceTree = "<group>"; };
		BAFC77A00A22963B00A4FACD /* IMUSANT_comment.h */ = {isa = PBXFileReference; fileEncoding = 4; lastKnownFileType = sourcecode.c.h; path = IMUSANT_comment.h; sourceTree = "<group>"; };
		BAFC77A10A22963B00A4FACD /* IMUSANT_comment.cpp */ = {isa = PBXFileReference; fileEncoding = 4; lastKnownFileType = sourcecode.cpp.cpp; path = IMUSANT_comment.cpp; sourceTree = "<group>"; };
		C6859E8B029090EE04C91782 /* imusant.1 */ = {isa = PBXFileReference; lastKnownFileType = text.man; path = imusant.1; sourceTree = "<group>"; };
/* End PBXFileReference section */

/* Begin PBXFrameworksBuildPhase section */
		8DD76F660486A84900D96B5E /* Frameworks */ = {
			isa = PBXFrameworksBuildPhase;
			buildActionMask = 2147483647;
			files = (
				96A71CC81A91632F0021C86A /* libboost_filesystem.dylib in Frameworks */,
			);
			runOnlyForDeploymentPostprocessing = 0;
		};
		96A620CC0A458DE3005E4CBF /* Frameworks */ = {
			isa = PBXFrameworksBuildPhase;
			buildActionMask = 2147483647;
			files = (
				96A71CC91A91632F0021C86A /* libboost_filesystem.dylib in Frameworks */,
			);
			runOnlyForDeploymentPostprocessing = 0;
		};
/* End PBXFrameworksBuildPhase section */

/* Begin PBXGroup section */
		08FB7794FE84155DC02AAC07 /* imusant */ = {
			isa = PBXGroup;
			children = (
				96A71CCA1A916F7D0021C86A /* libstdc++.6.0.9.dylib */,
				BA4A479509D8C5F2000B0808 /* libMusicXML-1.00-src */,
				08FB7795FE84155DC02AAC07 /* IMUSANT */,
				C6859E8C029090F304C91782 /* Documentation */,
				1AB674ADFE9D54B511CA2CBB /* Products */,
				96BC9F83133B09AF00A65384 /* External Frameworks and Libraries */,
			);
			name = imusant;
			sourceTree = "<group>";
		};
		08FB7795FE84155DC02AAC07 /* IMUSANT */ = {
			isa = PBXGroup;
			children = (
				965209690A4D189B006AFD81 /* Musicxml2imusant */,
				9652096C0A4D18BD006AFD81 /* imusantcat */,
			);
			name = IMUSANT;
			sourceTree = "<group>";
		};
		1AB674ADFE9D54B511CA2CBB /* Products */ = {
			isa = PBXGroup;
			children = (
				8DD76F6C0486A84900D96B5E /* MusicXML2imusant */,
				96A620CE0A458DE3005E4CBF /* imusantcat */,
			);
			name = Products;
			sourceTree = "<group>";
		};
		965209690A4D189B006AFD81 /* Musicxml2imusant */ = {
			isa = PBXGroup;
			children = (
				08FB7796FE84155DC02AAC07 /* xml2imusant_main.cpp */,
				BA8A84730A23C3FB0081D4BB /* inc */,
				BA8A84760A23C41D0081D4BB /* src */,
			);
			name = Musicxml2imusant;
			sourceTree = "<group>";
		};
		9652096C0A4D18BD006AFD81 /* imusantcat */ = {
			isa = PBXGroup;
			children = (
				965208650A4CDA6F006AFD81 /* imusantcat_main.cpp */,
				BAC604630A76E935000C1DF9 /* Suffix and search */,
				965209770A4D190A006AFD81 /* inc */,
				9652096F0A4D18E5006AFD81 /* src */,
			);
			name = imusantcat;
			sourceTree = "<group>";
		};
		9652096F0A4D18E5006AFD81 /* src */ = {
			isa = PBXGroup;
			children = (
				9652098A0A4D1CBE006AFD81 /* IMUSANT_interval.cpp */,
				BA4462680A9196520033DB86 /* IMUSANT_contour_symbol.cpp */,
				9652098F0A4D1CD8006AFD81 /* IMUSANT_record.cpp */,
				969E27A71A79EFDA00B173DA /* CATSMAT_cp_matrix.cpp */,
				965209A50A4D1E8B006AFD81 /* IMUSANT_interval_vector.cpp */,
				965209AA0A4D1F37006AFD81 /* IMUSANT_ivec_collection.cpp */,
				BA4F18590A50C58900CB7438 /* IMUSANT_rvec_collection.cpp */,
				965209850A4D1C94006AFD81 /* IMUSANT_collectionvisitor.cpp */,
				BAC604920A76F8F8000C1DF9 /* IMUSANT_processing.cpp */,
			);
			name = src;
			sourceTree = "<group>";
		};
		965209770A4D190A006AFD81 /* inc */ = {
			isa = PBXGroup;
			children = (
				965209890A4D1CBE006AFD81 /* IMUSANT_interval.h */,
				BA4462670A9196520033DB86 /* IMUSANT_contour_symbol.h */,
				9652098E0A4D1CD8006AFD81 /* IMUSANT_record.h */,
				969E27A81A79EFDA00B173DA /* CATSMAT_cp_matrix.h */,
				965209A40A4D1E8B006AFD81 /* IMUSANT_interval_vector.h */,
				965209A90A4D1F37006AFD81 /* IMUSANT_ivec_collection.h */,
				BA4F18580A50C58900CB7438 /* IMUSANT_rvec_collection.h */,
				965209840A4D1C94006AFD81 /* IMUSANT_collectionvisitor.h */,
				BAC604910A76F8F8000C1DF9 /* IMUSANT_processing.h */,
			);
			name = inc;
			sourceTree = "<group>";
		};
		96A71C821A9160CB0021C86A /* include */ = {
			isa = PBXGroup;
			children = (
				96A71C831A9160CB0021C86A /* bimap.h */,
				96A71C841A9160CB0021C86A /* common.h */,
				96A71C851A9160CB0021C86A /* conversions.h */,
				96A71C861A9160CB0021C86A /* exports.h */,
				96A71C871A9160CB0021C86A /* guido.h */,
				96A71C881A9160CB0021C86A /* guidovisitor.h */,
				96A71C891A9160CB0021C86A /* LibMusicXML.h */,
				96A71C8A1A9160CB0021C86A /* smartclasses.h */,
				96A71C8B1A9160CB0021C86A /* smartpointer.h */,
				96A71C8C1A9160CB0021C86A /* TArpeggiate.h */,
				96A71C8D1A9160CB0021C86A /* TAttributes.h */,
				96A71C8E1A9160CB0021C86A /* TBackupForward.h */,
				96A71C8F1A9160CB0021C86A /* TBarline.h */,
				96A71C901A9160CB0021C86A /* TChord.h */,
				96A71C911A9160CB0021C86A /* TClef.h */,
				96A71C921A9160CB0021C86A /* TDirection.h */,
				96A71C931A9160CB0021C86A /* TFiguredBass.h */,
				96A71C941A9160CB0021C86A /* THarmony.h */,
				96A71C951A9160CB0021C86A /* TIdentification.h */,
				96A71C961A9160CB0021C86A /* TKey.h */,
				96A71C971A9160CB0021C86A /* TMeasure.h */,
				96A71C981A9160CB0021C86A /* TMeasureStyle.h */,
				96A71C991A9160CB0021C86A /* TMidiContextVisitor.h */,
				96A71C9A1A9160CB0021C86A /* TMidiDevice.h */,
				96A71C9B1A9160CB0021C86A /* TMidiInstrument.h */,
				96A71C9C1A9160CB0021C86A /* TMusicXMLFile.h */,
				96A71C9D1A9160CB0021C86A /* TNodeVisitor.h */,
				96A71C9E1A9160CB0021C86A /* TNotation.h */,
				96A71C9F1A9160CB0021C86A /* TNote.h */,
				96A71CA01A9160CB0021C86A /* TOrnaments.h */,
				96A71CA11A9160CB0021C86A /* TOtherDirections.h */,
				96A71CA21A9160CB0021C86A /* TPart.h */,
				96A71CA31A9160CB0021C86A /* TPartGroup.h */,
				96A71CA41A9160CB0021C86A /* TPartList.h */,
				96A71CA51A9160CB0021C86A /* TPitch.h */,
				96A71CA61A9160CB0021C86A /* TRational.h */,
				96A71CA71A9160CB0021C86A /* TRolledVisitor.h */,
				96A71CA81A9160CB0021C86A /* TRoutedVisitor.h */,
				96A71CA91A9160CB0021C86A /* TScanVisitor.h */,
				96A71CAA1A9160CB0021C86A /* TScore.h */,
				96A71CAB1A9160CB0021C86A /* TScoreHeader.h */,
				96A71CAC1A9160CB0021C86A /* TScoreInstrument.h */,
				96A71CAD1A9160CB0021C86A /* TScorePart.h */,
				96A71CAE1A9160CB0021C86A /* TScorePartwise.h */,
				96A71CAF1A9160CB0021C86A /* TScoreTimewise.h */,
				96A71CB01A9160CB0021C86A /* TScoreVisitor.h */,
				96A71CB11A9160CB0021C86A /* TSound.h */,
				96A71CB21A9160CB0021C86A /* TStaffDetails.h */,
				96A71CB31A9160CB0021C86A /* TTechnical.h */,
				96A71CB41A9160CB0021C86A /* TTimeModification.h */,
				96A71CB51A9160CB0021C86A /* TTimeSign.h */,
				96A71CB61A9160CB0021C86A /* TTranspose.h */,
				96A71CB71A9160CB0021C86A /* TUnrolledVisitor.h */,
				96A71CB81A9160CB0021C86A /* TWork.h */,
				96A71CB91A9160CB0021C86A /* TXML2GuidoVisitor.h */,
				96A71CBA1A9160CB0021C86A /* UTools.h */,
				96A71CBB1A9160CB0021C86A /* xml.h */,
			);
			name = include;
			path = "libMusicXML-1.00-src/src/include";
			sourceTree = SOURCE_ROOT;
		};
		96A71CBD1A9160CB0021C86A /* Products */ = {
			isa = PBXGroup;
			children = (
			);
			name = Products;
			sourceTree = "<group>";
		};
		96A71CC01A9160CB0021C86A /* Products */ = {
			isa = PBXGroup;
			children = (
			);
			name = Products;
			sourceTree = "<group>";
		};
		96BC9F83133B09AF00A65384 /* External Frameworks and Libraries */ = {
			isa = PBXGroup;
			children = (
				96A71CC71A91632F0021C86A /* libboost_filesystem.dylib */,
			);
			name = "External Frameworks and Libraries";
			sourceTree = SOURCE_ROOT;
		};
		BA4A479509D8C5F2000B0808 /* libMusicXML-1.00-src */ = {
			isa = PBXGroup;
			children = (
				96A71C821A9160CB0021C86A /* include */,
				96A71CBC1A9160CB0021C86A /* core.xcodeproj */,
				96A71CBF1A9160CB0021C86A /* visitors.xcodeproj */,
			);
			name = "libMusicXML-1.00-src";
			path = "../libMusicXML-1.00-src";
			sourceTree = "<group>";
		};
		BA8A84730A23C3FB0081D4BB /* inc */ = {
			isa = PBXGroup;
			children = (
				BAAF8D4D0A3E35FE00E5157F /* IMUSANT_conversions.h */,
				BA670D1F0A10049A0072CE20 /* IMUSANT_types.h */,
				BA697EFC0AA4FBD7002DC3B2 /* IMUSANT_pitch.h */,
				BA697F7C0AA500E4002DC3B2 /* IMUSANT_duration.h */,
				BA697FAC0AA50A60002DC3B2 /* IMUSANT_key.h */,
				BAAB1A4309D0B32800673D3D /* IMUSANT_element.h */,
				BAFC77340A228FDB00A4FACD /* IMUSANT_note.h */,
				BAFC777E0A22939500A4FACD /* IMUSANT_chord.h */,
				BAFC77A00A22963B00A4FACD /* IMUSANT_comment.h */,
				96A61E880A45073A005E4CBF /* IMUSANT_barline.h */,
				BAFC77860A22944800A4FACD /* IMUSANT_measure.h */,
				BAFC778E0A22949700A4FACD /* IMUSANT_part.h */,
				BAFC77940A22952100A4FACD /* IMUSANT_partlist.h */,
				BAFC779A0A22956E00A4FACD /* IMUSANT_score.h */,
				BAAB1A2E09D0B26700673D3D /* IMUSANT_visitor.h */,
				BA4A463609D8B115000B0808 /* TXML2IMUSANTVisitor.h */,
				BADC739F0A2BE239004F76BD /* IMUSANT_XMLVisitor.h */,
				968641220A325C6D0031AC4A /* IMUSANT_XMLReader.h */,
				BAD4055B0A36589900634B37 /* IMUSANT_XMLFile.h */,
			);
			path = inc;
			sourceTree = "<group>";
		};
		BA8A84760A23C41D0081D4BB /* src */ = {
			isa = PBXGroup;
			children = (
				BAAF8D4E0A3E35FE00E5157F /* IMUSANT_conversions.cpp */,
				BA670D200A10049A0072CE20 /* IMUSANT_types.cpp */,
				BA697EFD0AA4FBD7002DC3B2 /* IMUSANT_pitch.cpp */,
				BA697F7D0AA500E4002DC3B2 /* IMUSANT_duration.cpp */,
				BA697FAD0AA50A60002DC3B2 /* IMUSANT_key.cpp */,
				BAAB1A4409D0B32800673D3D /* IMUSANT_element.cpp */,
				BAFC77350A228FDB00A4FACD /* IMUSANT_note.cpp */,
				96A61E890A45073A005E4CBF /* IMUSANT_barline.cpp */,
				BAFC777F0A22939500A4FACD /* IMUSANT_chord.cpp */,
				BAFC77A10A22963B00A4FACD /* IMUSANT_comment.cpp */,
				BAFC77870A22944800A4FACD /* IMUSANT_measure.cpp */,
				BAFC778F0A22949700A4FACD /* IMUSANT_part.cpp */,
				BAFC77950A22952100A4FACD /* IMUSANT_partlist.cpp */,
				BAFC779B0A22956E00A4FACD /* IMUSANT_score.cpp */,
				BAAB1A2F09D0B26700673D3D /* IMUSANT_visitor.cpp */,
				BA4A463709D8B116000B0808 /* TXML2IMUSANTVisitor.cpp */,
				BADC73A00A2BE239004F76BD /* IMUSANT_XMLVisitor.cpp */,
				968641230A325C6D0031AC4A /* IMUSANT_XMLReader.cpp */,
				BAD4055C0A36589900634B37 /* IMUSANT_XMLFile.cpp */,
			);
			path = src;
			sourceTree = "<group>";
		};
		BAC604630A76E935000C1DF9 /* Suffix and search */ = {
			isa = PBXGroup;
			children = (
				BA990E0B0A5A173F008918F0 /* iterator.h */,
				BA990E0C0A5A173F008918F0 /* suffixtree_inter.h */,
				BA990E0D0A5A173F008918F0 /* suffixtree.h */,
				BA990E0F0A5A173F008918F0 /* suffixtree_impl.h */,
				BA71926E0A59F57000CAA1D9 /* search.h */,
				BA4462600A918B3F0033DB86 /* repeats.h */,
				BAF1F3D50A9C15D30065AECF /* compare.h */,
			);
			name = "Suffix and search";
			sourceTree = "<group>";
		};
		C6859E8C029090F304C91782 /* Documentation */ = {
			isa = PBXGroup;
			children = (
				C6859E8B029090EE04C91782 /* imusant.1 */,
			);
			name = Documentation;
			sourceTree = "<group>";
		};
/* End PBXGroup section */

/* Begin PBXNativeTarget section */
		8DD76F620486A84900D96B5E /* MusicXML2imusant */ = {
			isa = PBXNativeTarget;
			buildConfigurationList = 1DEB923108733DC60010E9CD /* Build configuration list for PBXNativeTarget "MusicXML2imusant" */;
			buildPhases = (
				8DD76F640486A84900D96B5E /* Sources */,
				8DD76F660486A84900D96B5E /* Frameworks */,
				8DD76F690486A84900D96B5E /* CopyFiles */,
			);
			buildRules = (
			);
			dependencies = (
			);
			name = MusicXML2imusant;
			productInstallPath = "$(HOME)/bin";
			productName = imusant;
			productReference = 8DD76F6C0486A84900D96B5E /* MusicXML2imusant */;
			productType = "com.apple.product-type.tool";
		};
		96A620CD0A458DE3005E4CBF /* imusantcat */ = {
			isa = PBXNativeTarget;
			buildConfigurationList = 96A620D20A458E02005E4CBF /* Build configuration list for PBXNativeTarget "imusantcat" */;
			buildPhases = (
				96A620CB0A458DE3005E4CBF /* Sources */,
				96A620CC0A458DE3005E4CBF /* Frameworks */,
			);
			buildRules = (
			);
			dependencies = (
			);
			name = imusantcat;
			productName = imusantcat;
			productReference = 96A620CE0A458DE3005E4CBF /* imusantcat */;
			productType = "com.apple.product-type.tool";
		};
/* End PBXNativeTarget section */

/* Begin PBXProject section */
		08FB7793FE84155DC02AAC07 /* Project object */ = {
			isa = PBXProject;
			attributes = {
				LastUpgradeCheck = 0610;
			};
			buildConfigurationList = 1DEB923508733DC60010E9CD /* Build configuration list for PBXProject "imusant" */;
			compatibilityVersion = "Xcode 3.2";
			developmentRegion = English;
			hasScannedForEncodings = 1;
			knownRegions = (
				English,
				Japanese,
				French,
				German,
			);
			mainGroup = 08FB7794FE84155DC02AAC07 /* imusant */;
			projectDirPath = "";
			projectReferences = (
				{
					ProductGroup = 96A71CBD1A9160CB0021C86A /* Products */;
					ProjectRef = 96A71CBC1A9160CB0021C86A /* core.xcodeproj */;
				},
				{
					ProductGroup = 96A71CC01A9160CB0021C86A /* Products */;
					ProjectRef = 96A71CBF1A9160CB0021C86A /* visitors.xcodeproj */;
				},
			);
			projectRoot = "";
			targets = (
				8DD76F620486A84900D96B5E /* MusicXML2imusant */,
				96A620CD0A458DE3005E4CBF /* imusantcat */,
			);
		};
/* End PBXProject section */

/* Begin PBXSourcesBuildPhase section */
		8DD76F640486A84900D96B5E /* Sources */ = {
			isa = PBXSourcesBuildPhase;
			buildActionMask = 2147483647;
			files = (
				8DD76F650486A84900D96B5E /* xml2imusant_main.cpp in Sources */,
				BAAB1A3109D0B26700673D3D /* IMUSANT_visitor.cpp in Sources */,
				BAAB1A4609D0B32800673D3D /* IMUSANT_element.cpp in Sources */,
				BA4A463909D8B116000B0808 /* TXML2IMUSANTVisitor.cpp in Sources */,
				BA670D220A10049A0072CE20 /* IMUSANT_types.cpp in Sources */,
				BAFC77370A228FDB00A4FACD /* IMUSANT_note.cpp in Sources */,
				BAFC77810A22939500A4FACD /* IMUSANT_chord.cpp in Sources */,
				BAFC77890A22944800A4FACD /* IMUSANT_measure.cpp in Sources */,
				BAFC77910A22949700A4FACD /* IMUSANT_part.cpp in Sources */,
				BAFC77970A22952100A4FACD /* IMUSANT_partlist.cpp in Sources */,
				BAFC779D0A22956E00A4FACD /* IMUSANT_score.cpp in Sources */,
				BAFC77A30A22963B00A4FACD /* IMUSANT_comment.cpp in Sources */,
				BADC73A20A2BE239004F76BD /* IMUSANT_XMLVisitor.cpp in Sources */,
				968641250A325C6D0031AC4A /* IMUSANT_XMLReader.cpp in Sources */,
				BAD4055E0A36589A00634B37 /* IMUSANT_XMLFile.cpp in Sources */,
				BAAF8D500A3E35FE00E5157F /* IMUSANT_conversions.cpp in Sources */,
				96A61E8B0A45073A005E4CBF /* IMUSANT_barline.cpp in Sources */,
				BA697F800AA500E4002DC3B2 /* IMUSANT_duration.cpp in Sources */,
				BA697F820AA500FE002DC3B2 /* IMUSANT_pitch.cpp in Sources */,
				BA697FAF0AA50A60002DC3B2 /* IMUSANT_key.cpp in Sources */,
			);
			runOnlyForDeploymentPostprocessing = 0;
		};
		96A620CB0A458DE3005E4CBF /* Sources */ = {
			isa = PBXSourcesBuildPhase;
			buildActionMask = 2147483647;
			files = (
				965208660A4CDA6F006AFD81 /* imusantcat_main.cpp in Sources */,
				965208D80A4CDF9D006AFD81 /* IMUSANT_barline.cpp in Sources */,
				965208D90A4CDF9E006AFD81 /* IMUSANT_chord.cpp in Sources */,
				965208DA0A4CDF9F006AFD81 /* IMUSANT_comment.cpp in Sources */,
				965208DB0A4CDFA0006AFD81 /* IMUSANT_conversions.cpp in Sources */,
				965208DC0A4CDFA1006AFD81 /* IMUSANT_element.cpp in Sources */,
				965208DD0A4CDFA1006AFD81 /* IMUSANT_measure.cpp in Sources */,
				965208DE0A4CDFA2006AFD81 /* IMUSANT_note.cpp in Sources */,
				965208DF0A4CDFA2006AFD81 /* IMUSANT_part.cpp in Sources */,
				965208E00A4CDFA3006AFD81 /* IMUSANT_partlist.cpp in Sources */,
				9668FFB71A8B077000C8F5A6 /* CATSMAT_cp_matrix.cpp in Sources */,
				965208E10A4CDFA4006AFD81 /* IMUSANT_score.cpp in Sources */,
				965208E20A4CDFA4006AFD81 /* IMUSANT_types.cpp in Sources */,
				965208E30A4CDFA5006AFD81 /* IMUSANT_visitor.cpp in Sources */,
				965208E40A4CDFA6006AFD81 /* IMUSANT_XMLFile.cpp in Sources */,
				965208E50A4CDFA6006AFD81 /* IMUSANT_XMLReader.cpp in Sources */,
				965208E60A4CDFA7006AFD81 /* IMUSANT_XMLVisitor.cpp in Sources */,
				965208E70A4CDFA9006AFD81 /* TXML2IMUSANTVisitor.cpp in Sources */,
				965209860A4D1C94006AFD81 /* IMUSANT_collectionvisitor.cpp in Sources */,
				9652098B0A4D1CBE006AFD81 /* IMUSANT_interval.cpp in Sources */,
				965209900A4D1CD8006AFD81 /* IMUSANT_record.cpp in Sources */,
				965209A60A4D1E8B006AFD81 /* IMUSANT_interval_vector.cpp in Sources */,
				965209AB0A4D1F37006AFD81 /* IMUSANT_ivec_collection.cpp in Sources */,
				BA4F185A0A50C58900CB7438 /* IMUSANT_rvec_collection.cpp in Sources */,
				BAC604930A76F8F8000C1DF9 /* IMUSANT_processing.cpp in Sources */,
				BA4462690A9196520033DB86 /* IMUSANT_contour_symbol.cpp in Sources */,
				BA697EFE0AA4FBD7002DC3B2 /* IMUSANT_pitch.cpp in Sources */,
				BA697F7E0AA500E4002DC3B2 /* IMUSANT_duration.cpp in Sources */,
				BA697FB00AA50A60002DC3B2 /* IMUSANT_key.cpp in Sources */,
			);
			runOnlyForDeploymentPostprocessing = 0;
		};
/* End PBXSourcesBuildPhase section */

/* Begin XCBuildConfiguration section */
		1DEB923208733DC60010E9CD /* Debug */ = {
			isa = XCBuildConfiguration;
			buildSettings = {
				ALWAYS_SEARCH_USER_PATHS = YES;
				CLANG_CXX_LANGUAGE_STANDARD = "gnu++98";
				CLANG_CXX_LIBRARY = "compiler-default";
				COPY_PHASE_STRIP = NO;
				FRAMEWORK_SEARCH_PATHS = "";
				GCC_DYNAMIC_NO_PIC = NO;
				GCC_INPUT_FILETYPE = sourcecode.cpp.cpp;
				GCC_MODEL_TUNING = G5;
				GCC_OPTIMIZATION_LEVEL = 0;
				GCC_VERSION = com.apple.compilers.llvm.clang.1_0;
				HEADER_SEARCH_PATHS = "";
				INSTALL_PATH = "$(HOME)/bin";
				LIBRARY_SEARCH_PATHS = "";
				LIBRARY_SEARCH_PATHS_QUOTED_FOR_TARGET_1 = "\"/Users/Jason/Musicology/computer_analysis/boost_1_46_1/stage/lib\" \"usr/lib\"";
				"LIBRARY_SEARCH_PATHS_QUOTED_FOR_TARGET_1[arch=*]" = "\"/Users/Jason/Musicology/computer_analysis/boost_1_46_1/stage/lib\"";
				LIBRARY_SEARCH_PATHS_QUOTED_FOR_TARGET_2 = "\"/Users/Jason/Musicology/computer_analysis/boost_1_46_1/stage/lib\"";
				LIBRARY_SEARCH_PATHS_QUOTED_FOR_TARGET_3 = "\"/Users/Jason/Musicology/computer_analysis/boost_1_46_1/stage/lib\"";
				LINK_WITH_STANDARD_LIBRARIES = YES;
				PRODUCT_NAME = MusicXML2imusant;
				SDKROOT = macosx10.10;
				USER_HEADER_SEARCH_PATHS = "";
				ZERO_LINK = YES;
			};
			name = Debug;
		};
		1DEB923308733DC60010E9CD /* Release */ = {
			isa = XCBuildConfiguration;
			buildSettings = {
				ALWAYS_SEARCH_USER_PATHS = YES;
				CLANG_CXX_LANGUAGE_STANDARD = "gnu++98";
				CLANG_CXX_LIBRARY = "compiler-default";
				FRAMEWORK_SEARCH_PATHS = "";
				GCC_GENERATE_DEBUGGING_SYMBOLS = NO;
				GCC_MODEL_TUNING = G5;
				GCC_VERSION = com.apple.compilers.llvm.clang.1_0;
				HEADER_SEARCH_PATHS = "";
				INSTALL_PATH = "$(HOME)/bin";
				LIBRARY_SEARCH_PATHS = "";
				LIBRARY_SEARCH_PATHS_QUOTED_FOR_TARGET_1 = "\"/Users/Jason/Musicology/computer_analysis/boost_1_46_1/stage/lib\"/\"usr/lib";
				LIBRARY_SEARCH_PATHS_QUOTED_FOR_TARGET_2 = "\"/Users/Jason/Musicology/computer_analysis/boost_1_46_1/stage/lib\"";
				LIBRARY_SEARCH_PATHS_QUOTED_FOR_TARGET_3 = "\"/Users/Jason/Musicology/computer_analysis/boost_1_46_1/stage/lib\"";
				LINK_WITH_STANDARD_LIBRARIES = YES;
				PRODUCT_NAME = imusant;
				SDKROOT = macosx10.10;
				USER_HEADER_SEARCH_PATHS = "";
			};
			name = Release;
		};
		1DEB923608733DC60010E9CD /* Debug */ = {
			isa = XCBuildConfiguration;
			buildSettings = {
				ALWAYS_SEARCH_USER_PATHS = YES;
				GCC_MODEL_TUNING = "";
				GCC_VERSION = "";
				GCC_WARN_ABOUT_RETURN_TYPE = YES;
				GCC_WARN_UNUSED_VARIABLE = YES;
				HEADER_SEARCH_PATHS = "";
				LIBRARY_SEARCH_PATHS = "";
				ONLY_ACTIVE_ARCH = YES;
				USER_HEADER_SEARCH_PATHS = "$/usr/local/include/**";
				ZERO_LINK = YES;
			};
			name = Debug;
		};
		1DEB923708733DC60010E9CD /* Release */ = {
			isa = XCBuildConfiguration;
			buildSettings = {
				GCC_VERSION = "";
				GCC_WARN_ABOUT_RETURN_TYPE = YES;
				GCC_WARN_UNUSED_VARIABLE = YES;
				USER_HEADER_SEARCH_PATHS = "$/usr/local/include/**";
			};
			name = Release;
		};
		96A620D30A458E02005E4CBF /* Debug */ = {
			isa = XCBuildConfiguration;
			buildSettings = {
				ALWAYS_SEARCH_USER_PATHS = YES;
				CLANG_CXX_LIBRARY = "compiler-default";
				COPY_PHASE_STRIP = NO;
				FRAMEWORK_SEARCH_PATHS = "";
				GCC_DYNAMIC_NO_PIC = NO;
				GCC_GENERATE_DEBUGGING_SYMBOLS = YES;
				GCC_MODEL_TUNING = "";
				GCC_OPTIMIZATION_LEVEL = 1;
				GCC_VERSION = com.apple.compilers.llvm.clang.1_0;
				HEADER_SEARCH_PATHS = (
					"$(inherited)",
					/Applications/Xcode.app/Contents/Developer/Toolchains/XcodeDefault.xctoolchain/usr/include,
				);
				INSTALL_PATH = "$(HOME)/bin";
				LIBRARY_SEARCH_PATHS = (
					"$(LIBRARY_SEARCH_PATHS)",
					"$(SRCROOT)",
					"$(LIBRARY_SEARCH_PATHS_QUOTED_FOR_TARGET_1)",
					"$(LIBRARY_SEARCH_PATHS_QUOTED_FOR_TARGET_2)",
					"$(LIBRARY_SEARCH_PATHS_QUOTED_FOR_TARGET_3)",
					"$(PROJECT_DIR)",
				);
				LIBRARY_SEARCH_PATHS_QUOTED_FOR_TARGET_1 = "";
				LIBRARY_SEARCH_PATHS_QUOTED_FOR_TARGET_2 = "";
				LIBRARY_SEARCH_PATHS_QUOTED_FOR_TARGET_3 = "";
				PRODUCT_NAME = imusantcat;
				USER_HEADER_SEARCH_PATHS = "/usr/local/include/**";
				VALID_ARCHS = "i386 x86_64";
				ZERO_LINK = YES;
			};
			name = Debug;
		};
		96A620D40A458E02005E4CBF /* Release */ = {
			isa = XCBuildConfiguration;
			buildSettings = {
				ALWAYS_SEARCH_USER_PATHS = YES;
				CLANG_CXX_LIBRARY = "compiler-default";
				COPY_PHASE_STRIP = YES;
				FRAMEWORK_SEARCH_PATHS = "";
				GCC_GENERATE_DEBUGGING_SYMBOLS = NO;
				GCC_MODEL_TUNING = "";
				GCC_VERSION = com.apple.compilers.llvm.clang.1_0;
				HEADER_SEARCH_PATHS = (
					"$(inherited)",
					/Applications/Xcode.app/Contents/Developer/Toolchains/XcodeDefault.xctoolchain/usr/include,
				);
				INSTALL_PATH = "$(HOME)/bin";
				LIBRARY_SEARCH_PATHS = (
					"$(LIBRARY_SEARCH_PATHS)",
					"$(SRCROOT)",
					"$(LIBRARY_SEARCH_PATHS_QUOTED_FOR_TARGET_1)",
					"$(LIBRARY_SEARCH_PATHS_QUOTED_FOR_TARGET_2)",
					"$(LIBRARY_SEARCH_PATHS_QUOTED_FOR_TARGET_3)",
					"$(PROJECT_DIR)",
				);
				LIBRARY_SEARCH_PATHS_QUOTED_FOR_TARGET_1 = "";
				LIBRARY_SEARCH_PATHS_QUOTED_FOR_TARGET_2 = "";
				LIBRARY_SEARCH_PATHS_QUOTED_FOR_TARGET_3 = "";
				PRODUCT_NAME = imusantcat;
				USER_HEADER_SEARCH_PATHS = "/usr/local/include/**";
				ZERO_LINK = NO;
			};
			name = Release;
		};
/* End XCBuildConfiguration section */

/* Begin XCConfigurationList section */
		1DEB923108733DC60010E9CD /* Build configuration list for PBXNativeTarget "MusicXML2imusant" */ = {
			isa = XCConfigurationList;
			buildConfigurations = (
				1DEB923208733DC60010E9CD /* Debug */,
				1DEB923308733DC60010E9CD /* Release */,
			);
			defaultConfigurationIsVisible = 0;
			defaultConfigurationName = Release;
		};
		1DEB923508733DC60010E9CD /* Build configuration list for PBXProject "imusant" */ = {
			isa = XCConfigurationList;
			buildConfigurations = (
				1DEB923608733DC60010E9CD /* Debug */,
				1DEB923708733DC60010E9CD /* Release */,
			);
			defaultConfigurationIsVisible = 0;
			defaultConfigurationName = Release;
		};
		96A620D20A458E02005E4CBF /* Build configuration list for PBXNativeTarget "imusantcat" */ = {
			isa = XCConfigurationList;
			buildConfigurations = (
				96A620D30A458E02005E4CBF /* Debug */,
				96A620D40A458E02005E4CBF /* Release */,
			);
			defaultConfigurationIsVisible = 0;
			defaultConfigurationName = Release;
		};
/* End XCConfigurationList section */
	};
	rootObject = 08FB7793FE84155DC02AAC07 /* Project object */;
}
