// !$*UTF8*$!
{
	archiveVersion = 1;
	classes = {
	};
	objectVersion = 46;
	objects = {

/* Begin PBXFileReference section */
		96A71C781A9160CB0021C86A /* guido.cpp */ = {isa = PBXFileReference; lastKnownFileType = sourcecode.cpp.cpp; path = guido.cpp; sourceTree = "<group>"; };
		96A71C791A9160CB0021C86A /* Makefile */ = {isa = PBXFileReference; lastKnownFileType = sourcecode.make; path = Makefile; sourceTree = "<group>"; };
		96A71C7A1A9160CB0021C86A /* TMidiContextVisitor.cpp */ = {isa = PBXFileReference; lastKnownFileType = sourcecode.cpp.cpp; path = TMidiContextVisitor.cpp; sourceTree = "<group>"; };
		96A71C7B1A9160CB0021C86A /* TRolledVisitor.cpp */ = {isa = PBXFileReference; lastKnownFileType = sourcecode.cpp.cpp; path = TRolledVisitor.cpp; sourceTree = "<group>"; };
		96A71C7C1A9160CB0021C86A /* TScanVisitor.cpp */ = {isa = PBXFileReference; lastKnownFileType = sourcecode.cpp.cpp; path = TScanVisitor.cpp; sourceTree = "<group>"; };
		96A71C7D1A9160CB0021C86A /* TUnrolledVisitor.cpp */ = {isa = PBXFileReference; lastKnownFileType = sourcecode.cpp.cpp; path = TUnrolledVisitor.cpp; sourceTree = "<group>"; };
		96A71C7E1A9160CB0021C86A /* TXML2GuidoVisitor.cpp */ = {isa = PBXFileReference; lastKnownFileType = sourcecode.cpp.cpp; path = TXML2GuidoVisitor.cpp; sourceTree = "<group>"; };
/* End PBXFileReference section */

/* Begin PBXGroup section */
		96A71C721A9160CB0021C86A = {
			isa = PBXGroup;
			children = (
				96A71C781A9160CB0021C86A /* guido.cpp */,
				96A71C791A9160CB0021C86A /* Makefile */,
				96A71C7A1A9160CB0021C86A /* TMidiContextVisitor.cpp */,
				96A71C7B1A9160CB0021C86A /* TRolledVisitor.cpp */,
				96A71C7C1A9160CB0021C86A /* TScanVisitor.cpp */,
				96A71C7D1A9160CB0021C86A /* TUnrolledVisitor.cpp */,
				96A71C7E1A9160CB0021C86A /* TXML2GuidoVisitor.cpp */,
			);
			sourceTree = "<group>";
		};
/* End PBXGroup section */

/* Begin PBXLegacyTarget section */
		96A71C771A9160CB0021C86A /* visitors */ = {
			isa = PBXLegacyTarget;
			buildArgumentsString = "$(ACTION)";
			buildConfigurationList = 96A71C7F1A9160CB0021C86A /* Build configuration list for PBXLegacyTarget "visitors" */;
			buildPhases = (
			);
			buildToolPath = /usr/bin/make;
			buildWorkingDirectory = "/Users/Jason/Musicology/computer_analysis/CATSMAT/imusant old/libMusicXML-1.00-src/src/visitors";
			dependencies = (
			);
			name = visitors;
			passBuildSettingsInEnvironment = 1;
			productName = visitors;
		};
/* End PBXLegacyTarget section */

/* Begin PBXProject section */
		96A71C731A9160CB0021C86A /* Project object */ = {
			isa = PBXProject;
			attributes = {
			};
			buildConfigurationList = 96A71C761A9160CB0021C86A /* Build configuration list for PBXProject "visitors" */;
			compatibilityVersion = "Xcode 3.2";
			developmentRegion = English;
			hasScannedForEncodings = 0;
			knownRegions = (
				en,
			);
			mainGroup = 96A71C721A9160CB0021C86A;
			projectDirPath = "";
			projectRoot = "";
			targets = (
				96A71C771A9160CB0021C86A /* visitors */,
			);
		};
/* End PBXProject section */

/* Begin XCBuildConfiguration section */
		96A71C741A9160CB0021C86A /* Debug */ = {
			isa = XCBuildConfiguration;
			buildSettings = {
				ARCHS = "$(ARCHS_STANDARD_32_BIT)";
				COPY_PHASE_STRIP = NO;
				GCC_WARN_ABOUT_RETURN_TYPE = YES;
				GCC_WARN_UNUSED_VARIABLE = YES;
				ONLY_ACTIVE_ARCH = YES;
				SDKROOT = macosx10.6;
			};
			name = Debug;
		};
		96A71C751A9160CB0021C86A /* Release */ = {
			isa = XCBuildConfiguration;
			buildSettings = {
				ARCHS = "$(ARCHS_STANDARD_32_BIT)";
				COPY_PHASE_STRIP = YES;
				GCC_WARN_ABOUT_RETURN_TYPE = YES;
				GCC_WARN_UNUSED_VARIABLE = YES;
				SDKROOT = macosx10.6;
			};
			name = Release;
		};
		96A71C801A9160CB0021C86A /* Debug */ = {
			isa = XCBuildConfiguration;
			buildSettings = {
				COPY_PHASE_STRIP = NO;
				DEBUGGING_SYMBOLS = YES;
				GCC_DYNAMIC_NO_PIC = NO;
				GCC_ENABLE_FIX_AND_CONTINUE = YES;
				GCC_GENERATE_DEBUGGING_SYMBOLS = YES;
				GCC_OPTIMIZATION_LEVEL = 0;
				OTHER_CFLAGS = "";
				OTHER_LDFLAGS = "";
				PRODUCT_NAME = visitors;
			};
			name = Debug;
		};
		96A71C811A9160CB0021C86A /* Release */ = {
			isa = XCBuildConfiguration;
			buildSettings = {
				COPY_PHASE_STRIP = YES;
				DEBUG_INFORMATION_FORMAT = "dwarf-with-dsym";
				GCC_ENABLE_FIX_AND_CONTINUE = NO;
				OTHER_CFLAGS = "";
				OTHER_LDFLAGS = "";
				PRODUCT_NAME = visitors;
			};
			name = Release;
		};
/* End XCBuildConfiguration section */

/* Begin XCConfigurationList section */
		96A71C761A9160CB0021C86A /* Build configuration list for PBXProject "visitors" */ = {
			isa = XCConfigurationList;
			buildConfigurations = (
				96A71C741A9160CB0021C86A /* Debug */,
				96A71C751A9160CB0021C86A /* Release */,
			);
			defaultConfigurationIsVisible = 0;
			defaultConfigurationName = Release;
		};
		96A71C7F1A9160CB0021C86A /* Build configuration list for PBXLegacyTarget "visitors" */ = {
			isa = XCConfigurationList;
			buildConfigurations = (
				96A71C801A9160CB0021C86A /* Debug */,
				96A71C811A9160CB0021C86A /* Release */,
			);
			defaultConfigurationIsVisible = 0;
			defaultConfigurationName = Release;
		};
/* End XCConfigurationList section */
	};
	rootObject = 96A71C731A9160CB0021C86A /* Project object */;
}
